// !$*UTF8*$!
{
	archiveVersion = 1;
	classes = {
	};
	objectVersion = 46;
	objects = {

/* Begin PBXBuildFile section */
		19F66889190AA3AF00D2DE77 /* Cocoa.framework in Frameworks */ = {isa = PBXBuildFile; fileRef = 19F66888190AA3AF00D2DE77 /* Cocoa.framework */; };
		19F66893190AA3AF00D2DE77 /* InfoPlist.strings in Resources */ = {isa = PBXBuildFile; fileRef = 19F66891190AA3AF00D2DE77 /* InfoPlist.strings */; };
		19F66895190AA3AF00D2DE77 /* main.m in Sources */ = {isa = PBXBuildFile; fileRef = 19F66894190AA3AF00D2DE77 /* main.m */; };
		19F66899190AA3AF00D2DE77 /* Credits.rtf in Resources */ = {isa = PBXBuildFile; fileRef = 19F66897190AA3AF00D2DE77 /* Credits.rtf */; };
		19F6689C190AA3AF00D2DE77 /* AppDelegate.m in Sources */ = {isa = PBXBuildFile; fileRef = 19F6689B190AA3AF00D2DE77 /* AppDelegate.m */; };
		19F6689F190AA3AF00D2DE77 /* MainMenu.xib in Resources */ = {isa = PBXBuildFile; fileRef = 19F6689D190AA3AF00D2DE77 /* MainMenu.xib */; };
		19F668A1190AA3AF00D2DE77 /* Images.xcassets in Resources */ = {isa = PBXBuildFile; fileRef = 19F668A0190AA3AF00D2DE77 /* Images.xcassets */; };
		19F668A8190AA3AF00D2DE77 /* XCTest.framework in Frameworks */ = {isa = PBXBuildFile; fileRef = 19F668A7190AA3AF00D2DE77 /* XCTest.framework */; };
		19F668A9190AA3AF00D2DE77 /* Cocoa.framework in Frameworks */ = {isa = PBXBuildFile; fileRef = 19F66888190AA3AF00D2DE77 /* Cocoa.framework */; };
		19F668B1190AA3AF00D2DE77 /* InfoPlist.strings in Resources */ = {isa = PBXBuildFile; fileRef = 19F668AF190AA3AF00D2DE77 /* InfoPlist.strings */; };
		19F668B3190AA3B000D2DE77 /* SpectrogeddonOSXTests.m in Sources */ = {isa = PBXBuildFile; fileRef = 19F668B2190AA3B000D2DE77 /* SpectrogeddonOSXTests.m */; };
		19F66932190AA86C00D2DE77 /* AudioSource.m in Sources */ = {isa = PBXBuildFile; fileRef = 19F66918190AA86C00D2DE77 /* AudioSource.m */; };
		19F66933190AA86C00D2DE77 /* ColorMapSet.m in Sources */ = {isa = PBXBuildFile; fileRef = 19F6691A190AA86C00D2DE77 /* ColorMapSet.m */; };
		19F66934190AA86C00D2DE77 /* ColumnRenderer.m in Sources */ = {isa = PBXBuildFile; fileRef = 19F6691C190AA86C00D2DE77 /* ColumnRenderer.m */; };
		19F66937190AA86C00D2DE77 /* FastFourierTransform.m in Sources */ = {isa = PBXBuildFile; fileRef = 19F66920190AA86C00D2DE77 /* FastFourierTransform.m */; };
		19F6693A190AA86C00D2DE77 /* RendererUtils.m in Sources */ = {isa = PBXBuildFile; fileRef = 19F66927190AA86C00D2DE77 /* RendererUtils.m */; };
		19F6693B190AA86C00D2DE77 /* SampleBuffer.m in Sources */ = {isa = PBXBuildFile; fileRef = 19F66929190AA86C00D2DE77 /* SampleBuffer.m */; };
		19F6693C190AA86C00D2DE77 /* ScrollingRenderer.m in Sources */ = {isa = PBXBuildFile; fileRef = 19F6692B190AA86C00D2DE77 /* ScrollingRenderer.m */; };
		19F6693F190AA86C00D2DE77 /* SpectrumGenerator.m in Sources */ = {isa = PBXBuildFile; fileRef = 19F6692F190AA86C00D2DE77 /* SpectrumGenerator.m */; };
		19F66940190AA86C00D2DE77 /* TimeSequence.m in Sources */ = {isa = PBXBuildFile; fileRef = 19F66931190AA86C00D2DE77 /* TimeSequence.m */; };
		19F66945190AA8C400D2DE77 /* ColorMaps in Resources */ = {isa = PBXBuildFile; fileRef = 19F66944190AA8C400D2DE77 /* ColorMaps */; };
		19F66948190AA90000D2DE77 /* GLKit.framework in Frameworks */ = {isa = PBXBuildFile; fileRef = 19F66946190AA90000D2DE77 /* GLKit.framework */; };
		19F66949190AA90000D2DE77 /* OpenGL.framework in Frameworks */ = {isa = PBXBuildFile; fileRef = 19F66947190AA90000D2DE77 /* OpenGL.framework */; };
		19F6694B190AA91000D2DE77 /* AVFoundation.framework in Frameworks */ = {isa = PBXBuildFile; fileRef = 19F6694A190AA91000D2DE77 /* AVFoundation.framework */; };
		19F6694D190AA92300D2DE77 /* QuartzCore.framework in Frameworks */ = {isa = PBXBuildFile; fileRef = 19F6694C190AA92300D2DE77 /* QuartzCore.framework */; };
		19F66956190AB25F00D2DE77 /* GLRenderer.m in Sources */ = {isa = PBXBuildFile; fileRef = 19F66954190AB25F00D2DE77 /* GLRenderer.m */; };
		19F6695E190ABB8000D2DE77 /* CoreVideo.framework in Frameworks */ = {isa = PBXBuildFile; fileRef = 19F6695D190ABB8000D2DE77 /* CoreVideo.framework */; };
		19F66961190AC30400D2DE77 /* DesktopOpenGLView.m in Sources */ = {isa = PBXBuildFile; fileRef = 19F66960190AC30400D2DE77 /* DesktopOpenGLView.m */; };
		EEF830B9190AE26E00E8B2F2 /* ColumnShader.fsh in Resources */ = {isa = PBXBuildFile; fileRef = EEF830B5190AE26E00E8B2F2 /* ColumnShader.fsh */; };
		EEF830BA190AE26E00E8B2F2 /* ColumnShader.vsh in Resources */ = {isa = PBXBuildFile; fileRef = EEF830B6190AE26E00E8B2F2 /* ColumnShader.vsh */; };
		EEF830BB190AE26E00E8B2F2 /* ScrollingShader.fsh in Resources */ = {isa = PBXBuildFile; fileRef = EEF830B7190AE26E00E8B2F2 /* ScrollingShader.fsh */; };
		EEF830BC190AE26E00E8B2F2 /* ScrollingShader.vsh in Resources */ = {isa = PBXBuildFile; fileRef = EEF830B8190AE26E00E8B2F2 /* ScrollingShader.vsh */; };
/* End PBXBuildFile section */

/* Begin PBXContainerItemProxy section */
		19F668AA190AA3AF00D2DE77 /* PBXContainerItemProxy */ = {
			isa = PBXContainerItemProxy;
			containerPortal = 19F6687D190AA3AF00D2DE77 /* Project object */;
			proxyType = 1;
			remoteGlobalIDString = 19F66884190AA3AF00D2DE77;
			remoteInfo = SpectrogeddonOSX;
		};
/* End PBXContainerItemProxy section */

/* Begin PBXFileReference section */
		19F66885190AA3AF00D2DE77 /* SpectrogeddonOSX.app */ = {isa = PBXFileReference; explicitFileType = wrapper.application; includeInIndex = 0; path = SpectrogeddonOSX.app; sourceTree = BUILT_PRODUCTS_DIR; };
		19F66888190AA3AF00D2DE77 /* Cocoa.framework */ = {isa = PBXFileReference; lastKnownFileType = wrapper.framework; name = Cocoa.framework; path = System/Library/Frameworks/Cocoa.framework; sourceTree = SDKROOT; };
		19F6688B190AA3AF00D2DE77 /* AppKit.framework */ = {isa = PBXFileReference; lastKnownFileType = wrapper.framework; name = AppKit.framework; path = System/Library/Frameworks/AppKit.framework; sourceTree = SDKROOT; };
		19F6688C190AA3AF00D2DE77 /* CoreData.framework */ = {isa = PBXFileReference; lastKnownFileType = wrapper.framework; name = CoreData.framework; path = System/Library/Frameworks/CoreData.framework; sourceTree = SDKROOT; };
		19F6688D190AA3AF00D2DE77 /* Foundation.framework */ = {isa = PBXFileReference; lastKnownFileType = wrapper.framework; name = Foundation.framework; path = System/Library/Frameworks/Foundation.framework; sourceTree = SDKROOT; };
		19F66890190AA3AF00D2DE77 /* SpectrogeddonOSX-Info.plist */ = {isa = PBXFileReference; lastKnownFileType = text.plist.xml; path = "SpectrogeddonOSX-Info.plist"; sourceTree = "<group>"; };
		19F66892190AA3AF00D2DE77 /* en */ = {isa = PBXFileReference; lastKnownFileType = text.plist.strings; name = en; path = en.lproj/InfoPlist.strings; sourceTree = "<group>"; };
		19F66894190AA3AF00D2DE77 /* main.m */ = {isa = PBXFileReference; lastKnownFileType = sourcecode.c.objc; path = main.m; sourceTree = "<group>"; };
		19F66896190AA3AF00D2DE77 /* SpectrogeddonOSX-Prefix.pch */ = {isa = PBXFileReference; lastKnownFileType = sourcecode.c.h; path = "SpectrogeddonOSX-Prefix.pch"; sourceTree = "<group>"; };
		19F66898190AA3AF00D2DE77 /* en */ = {isa = PBXFileReference; lastKnownFileType = text.rtf; name = en; path = en.lproj/Credits.rtf; sourceTree = "<group>"; };
		19F6689A190AA3AF00D2DE77 /* AppDelegate.h */ = {isa = PBXFileReference; lastKnownFileType = sourcecode.c.h; path = AppDelegate.h; sourceTree = "<group>"; };
		19F6689B190AA3AF00D2DE77 /* AppDelegate.m */ = {isa = PBXFileReference; lastKnownFileType = sourcecode.c.objc; path = AppDelegate.m; sourceTree = "<group>"; };
		19F6689E190AA3AF00D2DE77 /* Base */ = {isa = PBXFileReference; lastKnownFileType = file.xib; name = Base; path = Base.lproj/MainMenu.xib; sourceTree = "<group>"; };
		19F668A0190AA3AF00D2DE77 /* Images.xcassets */ = {isa = PBXFileReference; lastKnownFileType = folder.assetcatalog; path = Images.xcassets; sourceTree = "<group>"; };
		19F668A6190AA3AF00D2DE77 /* SpectrogeddonOSXTests.xctest */ = {isa = PBXFileReference; explicitFileType = wrapper.cfbundle; includeInIndex = 0; path = SpectrogeddonOSXTests.xctest; sourceTree = BUILT_PRODUCTS_DIR; };
		19F668A7190AA3AF00D2DE77 /* XCTest.framework */ = {isa = PBXFileReference; lastKnownFileType = wrapper.framework; name = XCTest.framework; path = Library/Frameworks/XCTest.framework; sourceTree = DEVELOPER_DIR; };
		19F668AE190AA3AF00D2DE77 /* SpectrogeddonOSXTests-Info.plist */ = {isa = PBXFileReference; lastKnownFileType = text.plist.xml; path = "SpectrogeddonOSXTests-Info.plist"; sourceTree = "<group>"; };
		19F668B0190AA3AF00D2DE77 /* en */ = {isa = PBXFileReference; lastKnownFileType = text.plist.strings; name = en; path = en.lproj/InfoPlist.strings; sourceTree = "<group>"; };
		19F668B2190AA3B000D2DE77 /* SpectrogeddonOSXTests.m */ = {isa = PBXFileReference; lastKnownFileType = sourcecode.c.objc; path = SpectrogeddonOSXTests.m; sourceTree = "<group>"; };
		19F66917190AA86C00D2DE77 /* AudioSource.h */ = {isa = PBXFileReference; fileEncoding = 4; lastKnownFileType = sourcecode.c.h; name = AudioSource.h; path = ../../CommonCode/AudioSource.h; sourceTree = "<group>"; };
		19F66918190AA86C00D2DE77 /* AudioSource.m */ = {isa = PBXFileReference; fileEncoding = 4; lastKnownFileType = sourcecode.c.objc; name = AudioSource.m; path = ../../CommonCode/AudioSource.m; sourceTree = "<group>"; };
		19F66919190AA86C00D2DE77 /* ColorMapSet.h */ = {isa = PBXFileReference; fileEncoding = 4; lastKnownFileType = sourcecode.c.h; name = ColorMapSet.h; path = ../../CommonCode/ColorMapSet.h; sourceTree = "<group>"; };
		19F6691A190AA86C00D2DE77 /* ColorMapSet.m */ = {isa = PBXFileReference; fileEncoding = 4; lastKnownFileType = sourcecode.c.objc; name = ColorMapSet.m; path = ../../CommonCode/ColorMapSet.m; sourceTree = "<group>"; };
		19F6691B190AA86C00D2DE77 /* ColumnRenderer.h */ = {isa = PBXFileReference; fileEncoding = 4; lastKnownFileType = sourcecode.c.h; name = ColumnRenderer.h; path = ../../CommonCode/ColumnRenderer.h; sourceTree = "<group>"; };
		19F6691C190AA86C00D2DE77 /* ColumnRenderer.m */ = {isa = PBXFileReference; fileEncoding = 4; lastKnownFileType = sourcecode.c.objc; name = ColumnRenderer.m; path = ../../CommonCode/ColumnRenderer.m; sourceTree = "<group>"; };
		19F6691F190AA86C00D2DE77 /* FastFourierTransform.h */ = {isa = PBXFileReference; fileEncoding = 4; lastKnownFileType = sourcecode.c.h; name = FastFourierTransform.h; path = ../../CommonCode/FastFourierTransform.h; sourceTree = "<group>"; };
		19F66920190AA86C00D2DE77 /* FastFourierTransform.m */ = {isa = PBXFileReference; fileEncoding = 4; lastKnownFileType = sourcecode.c.objc; name = FastFourierTransform.m; path = ../../CommonCode/FastFourierTransform.m; sourceTree = "<group>"; };
		19F66925190AA86C00D2DE77 /* RendererDefs.h */ = {isa = PBXFileReference; fileEncoding = 4; lastKnownFileType = sourcecode.c.h; name = RendererDefs.h; path = ../../CommonCode/RendererDefs.h; sourceTree = "<group>"; };
		19F66926190AA86C00D2DE77 /* RendererUtils.h */ = {isa = PBXFileReference; fileEncoding = 4; lastKnownFileType = sourcecode.c.h; name = RendererUtils.h; path = ../../CommonCode/RendererUtils.h; sourceTree = "<group>"; };
		19F66927190AA86C00D2DE77 /* RendererUtils.m */ = {isa = PBXFileReference; fileEncoding = 4; lastKnownFileType = sourcecode.c.objc; name = RendererUtils.m; path = ../../CommonCode/RendererUtils.m; sourceTree = "<group>"; };
		19F66928190AA86C00D2DE77 /* SampleBuffer.h */ = {isa = PBXFileReference; fileEncoding = 4; lastKnownFileType = sourcecode.c.h; name = SampleBuffer.h; path = ../../CommonCode/SampleBuffer.h; sourceTree = "<group>"; };
		19F66929190AA86C00D2DE77 /* SampleBuffer.m */ = {isa = PBXFileReference; fileEncoding = 4; lastKnownFileType = sourcecode.c.objc; name = SampleBuffer.m; path = ../../CommonCode/SampleBuffer.m; sourceTree = "<group>"; };
		19F6692A190AA86C00D2DE77 /* ScrollingRenderer.h */ = {isa = PBXFileReference; fileEncoding = 4; lastKnownFileType = sourcecode.c.h; name = ScrollingRenderer.h; path = ../../CommonCode/ScrollingRenderer.h; sourceTree = "<group>"; };
		19F6692B190AA86C00D2DE77 /* ScrollingRenderer.m */ = {isa = PBXFileReference; fileEncoding = 4; lastKnownFileType = sourcecode.c.objc; name = ScrollingRenderer.m; path = ../../CommonCode/ScrollingRenderer.m; sourceTree = "<group>"; };
		19F6692E190AA86C00D2DE77 /* SpectrumGenerator.h */ = {isa = PBXFileReference; fileEncoding = 4; lastKnownFileType = sourcecode.c.h; name = SpectrumGenerator.h; path = ../../CommonCode/SpectrumGenerator.h; sourceTree = "<group>"; };
		19F6692F190AA86C00D2DE77 /* SpectrumGenerator.m */ = {isa = PBXFileReference; fileEncoding = 4; lastKnownFileType = sourcecode.c.objc; name = SpectrumGenerator.m; path = ../../CommonCode/SpectrumGenerator.m; sourceTree = "<group>"; };
		19F66930190AA86C00D2DE77 /* TimeSequence.h */ = {isa = PBXFileReference; fileEncoding = 4; lastKnownFileType = sourcecode.c.h; name = TimeSequence.h; path = ../../CommonCode/TimeSequence.h; sourceTree = "<group>"; };
		19F66931190AA86C00D2DE77 /* TimeSequence.m */ = {isa = PBXFileReference; fileEncoding = 4; lastKnownFileType = sourcecode.c.objc; name = TimeSequence.m; path = ../../CommonCode/TimeSequence.m; sourceTree = "<group>"; };
		19F66944190AA8C400D2DE77 /* ColorMaps */ = {isa = PBXFileReference; lastKnownFileType = folder; name = ColorMaps; path = ../../CommonAssets/ColorMaps; sourceTree = "<group>"; };
		19F66946190AA90000D2DE77 /* GLKit.framework */ = {isa = PBXFileReference; lastKnownFileType = wrapper.framework; name = GLKit.framework; path = System/Library/Frameworks/GLKit.framework; sourceTree = SDKROOT; };
		19F66947190AA90000D2DE77 /* OpenGL.framework */ = {isa = PBXFileReference; lastKnownFileType = wrapper.framework; name = OpenGL.framework; path = System/Library/Frameworks/OpenGL.framework; sourceTree = SDKROOT; };
		19F6694A190AA91000D2DE77 /* AVFoundation.framework */ = {isa = PBXFileReference; lastKnownFileType = wrapper.framework; name = AVFoundation.framework; path = System/Library/Frameworks/AVFoundation.framework; sourceTree = SDKROOT; };
		19F6694C190AA92300D2DE77 /* QuartzCore.framework */ = {isa = PBXFileReference; lastKnownFileType = wrapper.framework; name = QuartzCore.framework; path = System/Library/Frameworks/QuartzCore.framework; sourceTree = SDKROOT; };
		19F66954190AB25F00D2DE77 /* GLRenderer.m */ = {isa = PBXFileReference; fileEncoding = 4; lastKnownFileType = sourcecode.c.objc; name = GLRenderer.m; path = ../../CommonCode/GLRenderer.m; sourceTree = "<group>"; };
		19F66955190AB25F00D2DE77 /* GLRenderer.h */ = {isa = PBXFileReference; fileEncoding = 4; lastKnownFileType = sourcecode.c.h; name = GLRenderer.h; path = ../../CommonCode/GLRenderer.h; sourceTree = "<group>"; };
		19F6695D190ABB8000D2DE77 /* CoreVideo.framework */ = {isa = PBXFileReference; lastKnownFileType = wrapper.framework; name = CoreVideo.framework; path = System/Library/Frameworks/CoreVideo.framework; sourceTree = SDKROOT; };
		19F6695F190AC30400D2DE77 /* DesktopOpenGLView.h */ = {isa = PBXFileReference; fileEncoding = 4; lastKnownFileType = sourcecode.c.h; path = DesktopOpenGLView.h; sourceTree = "<group>"; };
		19F66960190AC30400D2DE77 /* DesktopOpenGLView.m */ = {isa = PBXFileReference; fileEncoding = 4; lastKnownFileType = sourcecode.c.objc; path = DesktopOpenGLView.m; sourceTree = "<group>"; };
		EEF830B5190AE26E00E8B2F2 /* ColumnShader.fsh */ = {isa = PBXFileReference; fileEncoding = 4; lastKnownFileType = sourcecode.glsl; path = ColumnShader.fsh; sourceTree = "<group>"; };
		EEF830B6190AE26E00E8B2F2 /* ColumnShader.vsh */ = {isa = PBXFileReference; fileEncoding = 4; lastKnownFileType = sourcecode.glsl; path = ColumnShader.vsh; sourceTree = "<group>"; };
		EEF830B7190AE26E00E8B2F2 /* ScrollingShader.fsh */ = {isa = PBXFileReference; fileEncoding = 4; lastKnownFileType = sourcecode.glsl; path = ScrollingShader.fsh; sourceTree = "<group>"; };
		EEF830B8190AE26E00E8B2F2 /* ScrollingShader.vsh */ = {isa = PBXFileReference; fileEncoding = 4; lastKnownFileType = sourcecode.glsl; path = ScrollingShader.vsh; sourceTree = "<group>"; };
/* End PBXFileReference section */

/* Begin PBXFrameworksBuildPhase section */
		19F66882190AA3AF00D2DE77 /* Frameworks */ = {
			isa = PBXFrameworksBuildPhase;
			buildActionMask = 2147483647;
			files = (
				19F6695E190ABB8000D2DE77 /* CoreVideo.framework in Frameworks */,
				19F6694D190AA92300D2DE77 /* QuartzCore.framework in Frameworks */,
				19F6694B190AA91000D2DE77 /* AVFoundation.framework in Frameworks */,
				19F66948190AA90000D2DE77 /* GLKit.framework in Frameworks */,
				19F66949190AA90000D2DE77 /* OpenGL.framework in Frameworks */,
				19F66889190AA3AF00D2DE77 /* Cocoa.framework in Frameworks */,
			);
			runOnlyForDeploymentPostprocessing = 0;
		};
		19F668A3190AA3AF00D2DE77 /* Frameworks */ = {
			isa = PBXFrameworksBuildPhase;
			buildActionMask = 2147483647;
			files = (
				19F668A9190AA3AF00D2DE77 /* Cocoa.framework in Frameworks */,
				19F668A8190AA3AF00D2DE77 /* XCTest.framework in Frameworks */,
			);
			runOnlyForDeploymentPostprocessing = 0;
		};
/* End PBXFrameworksBuildPhase section */

/* Begin PBXGroup section */
		19F6687C190AA3AF00D2DE77 = {
			isa = PBXGroup;
			children = (
				19F6688E190AA3AF00D2DE77 /* SpectrogeddonOSX */,
				19F668AC190AA3AF00D2DE77 /* SpectrogeddonOSXTests */,
				19F66887190AA3AF00D2DE77 /* Frameworks */,
				19F66886190AA3AF00D2DE77 /* Products */,
			);
			sourceTree = "<group>";
		};
		19F66886190AA3AF00D2DE77 /* Products */ = {
			isa = PBXGroup;
			children = (
				19F66885190AA3AF00D2DE77 /* SpectrogeddonOSX.app */,
				19F668A6190AA3AF00D2DE77 /* SpectrogeddonOSXTests.xctest */,
			);
			name = Products;
			sourceTree = "<group>";
		};
		19F66887190AA3AF00D2DE77 /* Frameworks */ = {
			isa = PBXGroup;
			children = (
				19F6695D190ABB8000D2DE77 /* CoreVideo.framework */,
				19F6694C190AA92300D2DE77 /* QuartzCore.framework */,
				19F6694A190AA91000D2DE77 /* AVFoundation.framework */,
				19F66946190AA90000D2DE77 /* GLKit.framework */,
				19F66947190AA90000D2DE77 /* OpenGL.framework */,
				19F66888190AA3AF00D2DE77 /* Cocoa.framework */,
				19F668A7190AA3AF00D2DE77 /* XCTest.framework */,
				19F6688A190AA3AF00D2DE77 /* Other Frameworks */,
			);
			name = Frameworks;
			sourceTree = "<group>";
		};
		19F6688A190AA3AF00D2DE77 /* Other Frameworks */ = {
			isa = PBXGroup;
			children = (
				19F6688B190AA3AF00D2DE77 /* AppKit.framework */,
				19F6688C190AA3AF00D2DE77 /* CoreData.framework */,
				19F6688D190AA3AF00D2DE77 /* Foundation.framework */,
			);
			name = "Other Frameworks";
			sourceTree = "<group>";
		};
		19F6688E190AA3AF00D2DE77 /* SpectrogeddonOSX */ = {
			isa = PBXGroup;
			children = (
				19F6689A190AA3AF00D2DE77 /* AppDelegate.h */,
				19F6689B190AA3AF00D2DE77 /* AppDelegate.m */,
				19F66944190AA8C400D2DE77 /* ColorMaps */,
				19F668EA190AA70400D2DE77 /* CommonModel */,
				19F668A0190AA3AF00D2DE77 /* Images.xcassets */,
				19F6689D190AA3AF00D2DE77 /* MainMenu.xib */,
				19F6688F190AA3AF00D2DE77 /* Supporting Files */,
				EEF830B4190AE20F00E8B2F2 /* Views */,
			);
			path = SpectrogeddonOSX;
			sourceTree = "<group>";
		};
		19F6688F190AA3AF00D2DE77 /* Supporting Files */ = {
			isa = PBXGroup;
			children = (
				19F66890190AA3AF00D2DE77 /* SpectrogeddonOSX-Info.plist */,
				19F66891190AA3AF00D2DE77 /* InfoPlist.strings */,
				19F66894190AA3AF00D2DE77 /* main.m */,
				19F66896190AA3AF00D2DE77 /* SpectrogeddonOSX-Prefix.pch */,
				19F66897190AA3AF00D2DE77 /* Credits.rtf */,
			);
			name = "Supporting Files";
			sourceTree = "<group>";
		};
		19F668AC190AA3AF00D2DE77 /* SpectrogeddonOSXTests */ = {
			isa = PBXGroup;
			children = (
				19F668B2190AA3B000D2DE77 /* SpectrogeddonOSXTests.m */,
				19F668AD190AA3AF00D2DE77 /* Supporting Files */,
			);
			path = SpectrogeddonOSXTests;
			sourceTree = "<group>";
		};
		19F668AD190AA3AF00D2DE77 /* Supporting Files */ = {
			isa = PBXGroup;
			children = (
				19F668AE190AA3AF00D2DE77 /* SpectrogeddonOSXTests-Info.plist */,
				19F668AF190AA3AF00D2DE77 /* InfoPlist.strings */,
			);
			name = "Supporting Files";
			sourceTree = "<group>";
		};
		19F668EA190AA70400D2DE77 /* CommonModel */ = {
			isa = PBXGroup;
			children = (
				19F66943190AA89300D2DE77 /* Display */,
				19F66942190AA88300D2DE77 /* AudioProcessing */,
				19F66941190AA86F00D2DE77 /* AudioAcquisition */,
			);
			name = CommonModel;
			sourceTree = "<group>";
		};
		19F66941190AA86F00D2DE77 /* AudioAcquisition */ = {
			isa = PBXGroup;
			children = (
				19F66917190AA86C00D2DE77 /* AudioSource.h */,
				19F66918190AA86C00D2DE77 /* AudioSource.m */,
				19F66928190AA86C00D2DE77 /* SampleBuffer.h */,
				19F66929190AA86C00D2DE77 /* SampleBuffer.m */,
			);
			name = AudioAcquisition;
			sourceTree = "<group>";
		};
		19F66942190AA88300D2DE77 /* AudioProcessing */ = {
			isa = PBXGroup;
			children = (
				19F6691F190AA86C00D2DE77 /* FastFourierTransform.h */,
				19F66920190AA86C00D2DE77 /* FastFourierTransform.m */,
				19F6692E190AA86C00D2DE77 /* SpectrumGenerator.h */,
				19F6692F190AA86C00D2DE77 /* SpectrumGenerator.m */,
				19F66930190AA86C00D2DE77 /* TimeSequence.h */,
				19F66931190AA86C00D2DE77 /* TimeSequence.m */,
			);
			name = AudioProcessing;
			sourceTree = "<group>";
		};
		19F66943190AA89300D2DE77 /* Display */ = {
			isa = PBXGroup;
			children = (
				19F66919190AA86C00D2DE77 /* ColorMapSet.h */,
				19F6691A190AA86C00D2DE77 /* ColorMapSet.m */,
				19F6691B190AA86C00D2DE77 /* ColumnRenderer.h */,
				19F6691C190AA86C00D2DE77 /* ColumnRenderer.m */,
				19F66955190AB25F00D2DE77 /* GLRenderer.h */,
				19F66954190AB25F00D2DE77 /* GLRenderer.m */,
				19F66925190AA86C00D2DE77 /* RendererDefs.h */,
				19F66926190AA86C00D2DE77 /* RendererUtils.h */,
				19F66927190AA86C00D2DE77 /* RendererUtils.m */,
				19F6692A190AA86C00D2DE77 /* ScrollingRenderer.h */,
				19F6692B190AA86C00D2DE77 /* ScrollingRenderer.m */,
			);
			name = Display;
			sourceTree = "<group>";
		};
		EEF830B4190AE20F00E8B2F2 /* Views */ = {
			isa = PBXGroup;
			children = (
				EEF830B5190AE26E00E8B2F2 /* ColumnShader.fsh */,
				EEF830B6190AE26E00E8B2F2 /* ColumnShader.vsh */,
				EEF830B7190AE26E00E8B2F2 /* ScrollingShader.fsh */,
				EEF830B8190AE26E00E8B2F2 /* ScrollingShader.vsh */,
				19F6695F190AC30400D2DE77 /* DesktopOpenGLView.h */,
				19F66960190AC30400D2DE77 /* DesktopOpenGLView.m */,
			);
			name = Views;
			sourceTree = "<group>";
		};
/* End PBXGroup section */

/* Begin PBXNativeTarget section */
		19F66884190AA3AF00D2DE77 /* SpectrogeddonOSX */ = {
			isa = PBXNativeTarget;
			buildConfigurationList = 19F668B6190AA3B000D2DE77 /* Build configuration list for PBXNativeTarget "SpectrogeddonOSX" */;
			buildPhases = (
				19F66881190AA3AF00D2DE77 /* Sources */,
				19F66882190AA3AF00D2DE77 /* Frameworks */,
				19F66883190AA3AF00D2DE77 /* Resources */,
			);
			buildRules = (
			);
			dependencies = (
			);
			name = SpectrogeddonOSX;
			productName = SpectrogeddonOSX;
			productReference = 19F66885190AA3AF00D2DE77 /* SpectrogeddonOSX.app */;
			productType = "com.apple.product-type.application";
		};
		19F668A5190AA3AF00D2DE77 /* SpectrogeddonOSXTests */ = {
			isa = PBXNativeTarget;
			buildConfigurationList = 19F668B9190AA3B000D2DE77 /* Build configuration list for PBXNativeTarget "SpectrogeddonOSXTests" */;
			buildPhases = (
				19F668A2190AA3AF00D2DE77 /* Sources */,
				19F668A3190AA3AF00D2DE77 /* Frameworks */,
				19F668A4190AA3AF00D2DE77 /* Resources */,
			);
			buildRules = (
			);
			dependencies = (
				19F668AB190AA3AF00D2DE77 /* PBXTargetDependency */,
			);
			name = SpectrogeddonOSXTests;
			productName = SpectrogeddonOSXTests;
			productReference = 19F668A6190AA3AF00D2DE77 /* SpectrogeddonOSXTests.xctest */;
			productType = "com.apple.product-type.bundle.unit-test";
		};
/* End PBXNativeTarget section */

/* Begin PBXProject section */
		19F6687D190AA3AF00D2DE77 /* Project object */ = {
			isa = PBXProject;
			attributes = {
				LastUpgradeCheck = 0510;
				ORGANIZATIONNAME = Spectrogeddon;
				TargetAttributes = {
					19F668A5190AA3AF00D2DE77 = {
						TestTargetID = 19F66884190AA3AF00D2DE77;
					};
				};
			};
			buildConfigurationList = 19F66880190AA3AF00D2DE77 /* Build configuration list for PBXProject "SpectrogeddonOSX" */;
			compatibilityVersion = "Xcode 3.2";
			developmentRegion = English;
			hasScannedForEncodings = 0;
			knownRegions = (
				en,
				Base,
			);
			mainGroup = 19F6687C190AA3AF00D2DE77;
			productRefGroup = 19F66886190AA3AF00D2DE77 /* Products */;
			projectDirPath = "";
			projectRoot = "";
			targets = (
				19F66884190AA3AF00D2DE77 /* SpectrogeddonOSX */,
				19F668A5190AA3AF00D2DE77 /* SpectrogeddonOSXTests */,
			);
		};
/* End PBXProject section */

/* Begin PBXResourcesBuildPhase section */
		19F66883190AA3AF00D2DE77 /* Resources */ = {
			isa = PBXResourcesBuildPhase;
			buildActionMask = 2147483647;
			files = (
				19F66893190AA3AF00D2DE77 /* InfoPlist.strings in Resources */,
				19F668A1190AA3AF00D2DE77 /* Images.xcassets in Resources */,
				EEF830BC190AE26E00E8B2F2 /* ScrollingShader.vsh in Resources */,
				EEF830BB190AE26E00E8B2F2 /* ScrollingShader.fsh in Resources */,
				EEF830B9190AE26E00E8B2F2 /* ColumnShader.fsh in Resources */,
				19F66899190AA3AF00D2DE77 /* Credits.rtf in Resources */,
				19F66945190AA8C400D2DE77 /* ColorMaps in Resources */,
				19F6689F190AA3AF00D2DE77 /* MainMenu.xib in Resources */,
				EEF830BA190AE26E00E8B2F2 /* ColumnShader.vsh in Resources */,
			);
			runOnlyForDeploymentPostprocessing = 0;
		};
		19F668A4190AA3AF00D2DE77 /* Resources */ = {
			isa = PBXResourcesBuildPhase;
			buildActionMask = 2147483647;
			files = (
				19F668B1190AA3AF00D2DE77 /* InfoPlist.strings in Resources */,
			);
			runOnlyForDeploymentPostprocessing = 0;
		};
/* End PBXResourcesBuildPhase section */

/* Begin PBXSourcesBuildPhase section */
		19F66881190AA3AF00D2DE77 /* Sources */ = {
			isa = PBXSourcesBuildPhase;
			buildActionMask = 2147483647;
			files = (
				19F6689C190AA3AF00D2DE77 /* AppDelegate.m in Sources */,
				19F6693B190AA86C00D2DE77 /* SampleBuffer.m in Sources */,
				19F66933190AA86C00D2DE77 /* ColorMapSet.m in Sources */,
				19F66895190AA3AF00D2DE77 /* main.m in Sources */,
				19F66937190AA86C00D2DE77 /* FastFourierTransform.m in Sources */,
				19F66956190AB25F00D2DE77 /* GLRenderer.m in Sources */,
				19F66934190AA86C00D2DE77 /* ColumnRenderer.m in Sources */,
				19F6693A190AA86C00D2DE77 /* RendererUtils.m in Sources */,
				19F66940190AA86C00D2DE77 /* TimeSequence.m in Sources */,
				19F66932190AA86C00D2DE77 /* AudioSource.m in Sources */,
				19F6693F190AA86C00D2DE77 /* SpectrumGenerator.m in Sources */,
				19F6693C190AA86C00D2DE77 /* ScrollingRenderer.m in Sources */,
				19F66961190AC30400D2DE77 /* DesktopOpenGLView.m in Sources */,
			);
			runOnlyForDeploymentPostprocessing = 0;
		};
		19F668A2190AA3AF00D2DE77 /* Sources */ = {
			isa = PBXSourcesBuildPhase;
			buildActionMask = 2147483647;
			files = (
				19F668B3190AA3B000D2DE77 /* SpectrogeddonOSXTests.m in Sources */,
			);
			runOnlyForDeploymentPostprocessing = 0;
		};
/* End PBXSourcesBuildPhase section */

/* Begin PBXTargetDependency section */
		19F668AB190AA3AF00D2DE77 /* PBXTargetDependency */ = {
			isa = PBXTargetDependency;
			target = 19F66884190AA3AF00D2DE77 /* SpectrogeddonOSX */;
			targetProxy = 19F668AA190AA3AF00D2DE77 /* PBXContainerItemProxy */;
		};
/* End PBXTargetDependency section */

/* Begin PBXVariantGroup section */
		19F66891190AA3AF00D2DE77 /* InfoPlist.strings */ = {
			isa = PBXVariantGroup;
			children = (
				19F66892190AA3AF00D2DE77 /* en */,
			);
			name = InfoPlist.strings;
			sourceTree = "<group>";
		};
		19F66897190AA3AF00D2DE77 /* Credits.rtf */ = {
			isa = PBXVariantGroup;
			children = (
				19F66898190AA3AF00D2DE77 /* en */,
			);
			name = Credits.rtf;
			sourceTree = "<group>";
		};
		19F6689D190AA3AF00D2DE77 /* MainMenu.xib */ = {
			isa = PBXVariantGroup;
			children = (
				19F6689E190AA3AF00D2DE77 /* Base */,
			);
			name = MainMenu.xib;
			sourceTree = "<group>";
		};
		19F668AF190AA3AF00D2DE77 /* InfoPlist.strings */ = {
			isa = PBXVariantGroup;
			children = (
				19F668B0190AA3AF00D2DE77 /* en */,
			);
			name = InfoPlist.strings;
			sourceTree = "<group>";
		};
/* End PBXVariantGroup section */

/* Begin XCBuildConfiguration section */
		19F668B4190AA3B000D2DE77 /* Debug */ = {
			isa = XCBuildConfiguration;
			buildSettings = {
				ALWAYS_SEARCH_USER_PATHS = NO;
				CLANG_CXX_LANGUAGE_STANDARD = "gnu++0x";
				CLANG_CXX_LIBRARY = "libc++";
				CLANG_ENABLE_MODULES = YES;
				CLANG_ENABLE_OBJC_ARC = YES;
				CLANG_WARN_BOOL_CONVERSION = YES;
				CLANG_WARN_CONSTANT_CONVERSION = YES;
				CLANG_WARN_DIRECT_OBJC_ISA_USAGE = YES_ERROR;
				CLANG_WARN_EMPTY_BODY = YES;
				CLANG_WARN_ENUM_CONVERSION = YES;
				CLANG_WARN_INT_CONVERSION = YES;
				CLANG_WARN_OBJC_ROOT_CLASS = YES_ERROR;
				CLANG_WARN__DUPLICATE_METHOD_MATCH = YES;
				COPY_PHASE_STRIP = NO;
				GCC_C_LANGUAGE_STANDARD = gnu99;
				GCC_DYNAMIC_NO_PIC = NO;
				GCC_ENABLE_OBJC_EXCEPTIONS = YES;
				GCC_OPTIMIZATION_LEVEL = 0;
				GCC_PREPROCESSOR_DEFINITIONS = (
					"DEBUG=1",
					"$(inherited)",
				);
				GCC_SYMBOLS_PRIVATE_EXTERN = NO;
				GCC_WARN_64_TO_32_BIT_CONVERSION = YES;
				GCC_WARN_ABOUT_RETURN_TYPE = YES_ERROR;
				GCC_WARN_UNDECLARED_SELECTOR = YES;
				GCC_WARN_UNINITIALIZED_AUTOS = YES_AGGRESSIVE;
				GCC_WARN_UNUSED_FUNCTION = YES;
				GCC_WARN_UNUSED_VARIABLE = YES;
				MACOSX_DEPLOYMENT_TARGET = 10.8;
				ONLY_ACTIVE_ARCH = YES;
				SDKROOT = macosx;
			};
			name = Debug;
		};
		19F668B5190AA3B000D2DE77 /* Release */ = {
			isa = XCBuildConfiguration;
			buildSettings = {
				ALWAYS_SEARCH_USER_PATHS = NO;
				CLANG_CXX_LANGUAGE_STANDARD = "gnu++0x";
				CLANG_CXX_LIBRARY = "libc++";
				CLANG_ENABLE_MODULES = YES;
				CLANG_ENABLE_OBJC_ARC = YES;
				CLANG_WARN_BOOL_CONVERSION = YES;
				CLANG_WARN_CONSTANT_CONVERSION = YES;
				CLANG_WARN_DIRECT_OBJC_ISA_USAGE = YES_ERROR;
				CLANG_WARN_EMPTY_BODY = YES;
				CLANG_WARN_ENUM_CONVERSION = YES;
				CLANG_WARN_INT_CONVERSION = YES;
				CLANG_WARN_OBJC_ROOT_CLASS = YES_ERROR;
				CLANG_WARN__DUPLICATE_METHOD_MATCH = YES;
				COPY_PHASE_STRIP = YES;
				DEBUG_INFORMATION_FORMAT = "dwarf-with-dsym";
				ENABLE_NS_ASSERTIONS = NO;
				GCC_C_LANGUAGE_STANDARD = gnu99;
				GCC_ENABLE_OBJC_EXCEPTIONS = YES;
				GCC_WARN_64_TO_32_BIT_CONVERSION = YES;
				GCC_WARN_ABOUT_RETURN_TYPE = YES_ERROR;
				GCC_WARN_UNDECLARED_SELECTOR = YES;
				GCC_WARN_UNINITIALIZED_AUTOS = YES_AGGRESSIVE;
				GCC_WARN_UNUSED_FUNCTION = YES;
				GCC_WARN_UNUSED_VARIABLE = YES;
				MACOSX_DEPLOYMENT_TARGET = 10.8;
				SDKROOT = macosx;
			};
			name = Release;
		};
		19F668B7190AA3B000D2DE77 /* Debug */ = {
			isa = XCBuildConfiguration;
			buildSettings = {
				ASSETCATALOG_COMPILER_APPICON_NAME = AppIcon;
				COMBINE_HIDPI_IMAGES = YES;
				GCC_PRECOMPILE_PREFIX_HEADER = YES;
				GCC_PREFIX_HEADER = "SpectrogeddonOSX/SpectrogeddonOSX-Prefix.pch";
				INFOPLIST_FILE = "SpectrogeddonOSX/SpectrogeddonOSX-Info.plist";
				PRODUCT_NAME = "$(TARGET_NAME)";
				WRAPPER_EXTENSION = app;
			};
			name = Debug;
		};
		19F668B8190AA3B000D2DE77 /* Release */ = {
			isa = XCBuildConfiguration;
			buildSettings = {
				ASSETCATALOG_COMPILER_APPICON_NAME = AppIcon;
				COMBINE_HIDPI_IMAGES = YES;
				GCC_PRECOMPILE_PREFIX_HEADER = YES;
				GCC_PREFIX_HEADER = "SpectrogeddonOSX/SpectrogeddonOSX-Prefix.pch";
				INFOPLIST_FILE = "SpectrogeddonOSX/SpectrogeddonOSX-Info.plist";
				PRODUCT_NAME = "$(TARGET_NAME)";
				WRAPPER_EXTENSION = app;
			};
			name = Release;
		};
		19F668BA190AA3B000D2DE77 /* Debug */ = {
			isa = XCBuildConfiguration;
			buildSettings = {
				BUNDLE_LOADER = "$(BUILT_PRODUCTS_DIR)/SpectrogeddonOSX.app/Contents/MacOS/SpectrogeddonOSX";
				COMBINE_HIDPI_IMAGES = YES;
				FRAMEWORK_SEARCH_PATHS = (
					"$(DEVELOPER_FRAMEWORKS_DIR)",
					"$(inherited)",
				);
				GCC_PRECOMPILE_PREFIX_HEADER = YES;
				GCC_PREFIX_HEADER = "SpectrogeddonOSX/SpectrogeddonOSX-Prefix.pch";
				GCC_PREPROCESSOR_DEFINITIONS = (
					"DEBUG=1",
					"$(inherited)",
				);
				INFOPLIST_FILE = "SpectrogeddonOSXTests/SpectrogeddonOSXTests-Info.plist";
				PRODUCT_NAME = "$(TARGET_NAME)";
				TEST_HOST = "$(BUNDLE_LOADER)";
				WRAPPER_EXTENSION = xctest;
			};
			name = Debug;
		};
		19F668BB190AA3B000D2DE77 /* Release */ = {
			isa = XCBuildConfiguration;
			buildSettings = {
				BUNDLE_LOADER = "$(BUILT_PRODUCTS_DIR)/SpectrogeddonOSX.app/Contents/MacOS/SpectrogeddonOSX";
				COMBINE_HIDPI_IMAGES = YES;
				FRAMEWORK_SEARCH_PATHS = (
					"$(DEVELOPER_FRAMEWORKS_DIR)",
					"$(inherited)",
				);
				GCC_PRECOMPILE_PREFIX_HEADER = YES;
				GCC_PREFIX_HEADER = "SpectrogeddonOSX/SpectrogeddonOSX-Prefix.pch";
				INFOPLIST_FILE = "SpectrogeddonOSXTests/SpectrogeddonOSXTests-Info.plist";
				PRODUCT_NAME = "$(TARGET_NAME)";
				TEST_HOST = "$(BUNDLE_LOADER)";
				WRAPPER_EXTENSION = xctest;
			};
			name = Release;
		};
/* End XCBuildConfiguration section */

/* Begin XCConfigurationList section */
		19F66880190AA3AF00D2DE77 /* Build configuration list for PBXProject "SpectrogeddonOSX" */ = {
			isa = XCConfigurationList;
			buildConfigurations = (
				19F668B4190AA3B000D2DE77 /* Debug */,
				19F668B5190AA3B000D2DE77 /* Release */,
			);
			defaultConfigurationIsVisible = 0;
			defaultConfigurationName = Release;
		};
		19F668B6190AA3B000D2DE77 /* Build configuration list for PBXNativeTarget "SpectrogeddonOSX" */ = {
			isa = XCConfigurationList;
			buildConfigurations = (
				19F668B7190AA3B000D2DE77 /* Debug */,
				19F668B8190AA3B000D2DE77 /* Release */,
			);
			defaultConfigurationIsVisible = 0;
			defaultConfigurationName = Release;
		};
		19F668B9190AA3B000D2DE77 /* Build configuration list for PBXNativeTarget "SpectrogeddonOSXTests" */ = {
			isa = XCConfigurationList;
			buildConfigurations = (
				19F668BA190AA3B000D2DE77 /* Debug */,
				19F668BB190AA3B000D2DE77 /* Release */,
			);
			defaultConfigurationIsVisible = 0;
			defaultConfigurationName = Release;
		};
/* End XCConfigurationList section */
	};
	rootObject = 19F6687D190AA3AF00D2DE77 /* Project object */;
}
