// !$*UTF8*$!
{
	archiveVersion = 1;
	classes = {
	};
	objectVersion = 46;
	objects = {

/* Begin PBXBuildFile section */
		194EA9F0191B876E00FC152F /* DisplaySettings.m in Sources */ = {isa = PBXBuildFile; fileRef = 194EA9EE191B876E00FC152F /* DisplaySettings.m */; };
		194EA9F6191B9D3900FC152F /* ColorMap.m in Sources */ = {isa = PBXBuildFile; fileRef = 194EA9F5191B9D3900FC152F /* ColorMap.m */; };
		194EA9FD191BA2B200FC152F /* SettingsStore.m in Sources */ = {isa = PBXBuildFile; fileRef = 194EA9FC191BA2B200FC152F /* SettingsStore.m */; };
		19CEAC5619212CCD00AEA0AA /* RenderTexture.m in Sources */ = {isa = PBXBuildFile; fileRef = 19CEAC5519212CCD00AEA0AA /* RenderTexture.m */; };
		19F66889190AA3AF00D2DE77 /* Cocoa.framework in Frameworks */ = {isa = PBXBuildFile; fileRef = 19F66888190AA3AF00D2DE77 /* Cocoa.framework */; };
		19F66893190AA3AF00D2DE77 /* InfoPlist.strings in Resources */ = {isa = PBXBuildFile; fileRef = 19F66891190AA3AF00D2DE77 /* InfoPlist.strings */; };
		19F66899190AA3AF00D2DE77 /* Credits.rtf in Resources */ = {isa = PBXBuildFile; fileRef = 19F66897190AA3AF00D2DE77 /* Credits.rtf */; };
		19F6689F190AA3AF00D2DE77 /* MainMenu.xib in Resources */ = {isa = PBXBuildFile; fileRef = 19F6689D190AA3AF00D2DE77 /* MainMenu.xib */; };
		19F668A1190AA3AF00D2DE77 /* Images.xcassets in Resources */ = {isa = PBXBuildFile; fileRef = 19F668A0190AA3AF00D2DE77 /* Images.xcassets */; };
		19F668A8190AA3AF00D2DE77 /* XCTest.framework in Frameworks */ = {isa = PBXBuildFile; fileRef = 19F668A7190AA3AF00D2DE77 /* XCTest.framework */; };
		19F668A9190AA3AF00D2DE77 /* Cocoa.framework in Frameworks */ = {isa = PBXBuildFile; fileRef = 19F66888190AA3AF00D2DE77 /* Cocoa.framework */; };
		19F668B1190AA3AF00D2DE77 /* InfoPlist.strings in Resources */ = {isa = PBXBuildFile; fileRef = 19F668AF190AA3AF00D2DE77 /* InfoPlist.strings */; };
		19F668B3190AA3B000D2DE77 /* SpectrogeddonOSXTests.m in Sources */ = {isa = PBXBuildFile; fileRef = 19F668B2190AA3B000D2DE77 /* SpectrogeddonOSXTests.m */; };
		19F66933190AA86C00D2DE77 /* ColorMapSet.m in Sources */ = {isa = PBXBuildFile; fileRef = 19F6691A190AA86C00D2DE77 /* ColorMapSet.m */; };
		19F6693A190AA86C00D2DE77 /* RendererUtils.m in Sources */ = {isa = PBXBuildFile; fileRef = 19F66927190AA86C00D2DE77 /* RendererUtils.m */; };
		19F66945190AA8C400D2DE77 /* ColorMaps in Resources */ = {isa = PBXBuildFile; fileRef = 19F66944190AA8C400D2DE77 /* ColorMaps */; };
		19F66948190AA90000D2DE77 /* GLKit.framework in Frameworks */ = {isa = PBXBuildFile; fileRef = 19F66946190AA90000D2DE77 /* GLKit.framework */; };
		19F66949190AA90000D2DE77 /* OpenGL.framework in Frameworks */ = {isa = PBXBuildFile; fileRef = 19F66947190AA90000D2DE77 /* OpenGL.framework */; };
		19F6694B190AA91000D2DE77 /* AVFoundation.framework in Frameworks */ = {isa = PBXBuildFile; fileRef = 19F6694A190AA91000D2DE77 /* AVFoundation.framework */; };
		19F6694D190AA92300D2DE77 /* QuartzCore.framework in Frameworks */ = {isa = PBXBuildFile; fileRef = 19F6694C190AA92300D2DE77 /* QuartzCore.framework */; };
		19F6695E190ABB8000D2DE77 /* CoreVideo.framework in Frameworks */ = {isa = PBXBuildFile; fileRef = 19F6695D190ABB8000D2DE77 /* CoreVideo.framework */; };
		19F73F851923C415001E746D /* TexturedMeshShader.fsh in Resources */ = {isa = PBXBuildFile; fileRef = 19F73F831923C415001E746D /* TexturedMeshShader.fsh */; };
		19F73F861923C415001E746D /* TexturedMeshShader.vsh in Resources */ = {isa = PBXBuildFile; fileRef = 19F73F841923C415001E746D /* TexturedMeshShader.vsh */; };
		EE5972541D12EABB005EE551 /* LoggingUtilities.m in Sources */ = {isa = PBXBuildFile; fileRef = EE5972531D12EABB005EE551 /* LoggingUtilities.m */; };
		EE624A741A721E4800F4A232 /* NSArray+Functional.m in Sources */ = {isa = PBXBuildFile; fileRef = EE624A731A721E4800F4A232 /* NSArray+Functional.m */; };
		EE89046F228A06EB00E1E0D5 /* AppDelegate.swift in Sources */ = {isa = PBXBuildFile; fileRef = EE89046E228A06EB00E1E0D5 /* AppDelegate.swift */; };
		EE890471228B450300E1E0D5 /* DesktopOpenGLView.swift in Sources */ = {isa = PBXBuildFile; fileRef = EE890470228B450300E1E0D5 /* DesktopOpenGLView.swift */; };
		EE890475228BF65C00E1E0D5 /* SpectrumGenerator.swift in Sources */ = {isa = PBXBuildFile; fileRef = EE890474228BF65B00E1E0D5 /* SpectrumGenerator.swift */; };
		EE89047A228D4A1900E1E0D5 /* TimeSequence.m in Sources */ = {isa = PBXBuildFile; fileRef = 19F66931190AA86C00D2DE77 /* TimeSequence.m */; };
		EE89047C228D4A6100E1E0D5 /* FastFourierTransform.swift in Sources */ = {isa = PBXBuildFile; fileRef = EE89047B228D4A6100E1E0D5 /* FastFourierTransform.swift */; };
		EE890480228E084F00E1E0D5 /* AudioSource.swift in Sources */ = {isa = PBXBuildFile; fileRef = EE89047F228E084E00E1E0D5 /* AudioSource.swift */; };
		EE890484228F48A400E1E0D5 /* SampleBuffer.swift in Sources */ = {isa = PBXBuildFile; fileRef = EE890483228F48A400E1E0D5 /* SampleBuffer.swift */; };
		EE8904882290AA7F00E1E0D5 /* GLRenderer.swift in Sources */ = {isa = PBXBuildFile; fileRef = EE8904872290AA7F00E1E0D5 /* GLRenderer.swift */; };
		EE89048C2298759500E1E0D5 /* ColumnRenderer.swift in Sources */ = {isa = PBXBuildFile; fileRef = EE89048B2298759500E1E0D5 /* ColumnRenderer.swift */; };
		EE89048E2298883900E1E0D5 /* LinearScrollingRenderer.swift in Sources */ = {isa = PBXBuildFile; fileRef = EE89048D2298883900E1E0D5 /* LinearScrollingRenderer.swift */; };
		EE89049622988F8700E1E0D5 /* RadialScrollingRenderer.swift in Sources */ = {isa = PBXBuildFile; fileRef = EE89049522988F8700E1E0D5 /* RadialScrollingRenderer.swift */; };
		EEF7FE9719251F7A003241DF /* ShadedMesh.m in Sources */ = {isa = PBXBuildFile; fileRef = EEF7FE9519251F7A003241DF /* ShadedMesh.m */; };
/* End PBXBuildFile section */

/* Begin PBXContainerItemProxy section */
		19F668AA190AA3AF00D2DE77 /* PBXContainerItemProxy */ = {
			isa = PBXContainerItemProxy;
			containerPortal = 19F6687D190AA3AF00D2DE77 /* Project object */;
			proxyType = 1;
			remoteGlobalIDString = 19F66884190AA3AF00D2DE77;
			remoteInfo = SpectrogeddonOSX;
		};
/* End PBXContainerItemProxy section */

/* Begin PBXFileReference section */
		194EA9EE191B876E00FC152F /* DisplaySettings.m */ = {isa = PBXFileReference; fileEncoding = 4; lastKnownFileType = sourcecode.c.objc; name = DisplaySettings.m; path = ../../CommonCode/DisplaySettings.m; sourceTree = "<group>"; };
		194EA9EF191B876E00FC152F /* DisplaySettings.h */ = {isa = PBXFileReference; fileEncoding = 4; lastKnownFileType = sourcecode.c.h; name = DisplaySettings.h; path = ../../CommonCode/DisplaySettings.h; sourceTree = "<group>"; };
		194EA9F4191B9D3900FC152F /* ColorMap.h */ = {isa = PBXFileReference; fileEncoding = 4; lastKnownFileType = sourcecode.c.h; name = ColorMap.h; path = ../../CommonCode/ColorMap.h; sourceTree = "<group>"; };
		194EA9F5191B9D3900FC152F /* ColorMap.m */ = {isa = PBXFileReference; fileEncoding = 4; lastKnownFileType = sourcecode.c.objc; name = ColorMap.m; path = ../../CommonCode/ColorMap.m; sourceTree = "<group>"; };
		194EA9FB191BA2B200FC152F /* SettingsStore.h */ = {isa = PBXFileReference; fileEncoding = 4; lastKnownFileType = sourcecode.c.h; name = SettingsStore.h; path = ../../CommonCode/SettingsStore.h; sourceTree = "<group>"; };
		194EA9FC191BA2B200FC152F /* SettingsStore.m */ = {isa = PBXFileReference; fileEncoding = 4; lastKnownFileType = sourcecode.c.objc; name = SettingsStore.m; path = ../../CommonCode/SettingsStore.m; sourceTree = "<group>"; };
		19BEF367191119FF0013DD0A /* RendererTypes.h */ = {isa = PBXFileReference; fileEncoding = 4; lastKnownFileType = sourcecode.c.h; name = RendererTypes.h; path = ../../CommonCode/RendererTypes.h; sourceTree = "<group>"; };
		19CEAC5419212CCD00AEA0AA /* RenderTexture.h */ = {isa = PBXFileReference; fileEncoding = 4; lastKnownFileType = sourcecode.c.h; name = RenderTexture.h; path = ../../CommonCode/RenderTexture.h; sourceTree = "<group>"; };
		19CEAC5519212CCD00AEA0AA /* RenderTexture.m */ = {isa = PBXFileReference; fileEncoding = 4; lastKnownFileType = sourcecode.c.objc; name = RenderTexture.m; path = ../../CommonCode/RenderTexture.m; sourceTree = "<group>"; };
		19CEAC5B1922009700AEA0AA /* ScrollingRenderer.h */ = {isa = PBXFileReference; lastKnownFileType = sourcecode.c.h; name = ScrollingRenderer.h; path = ../../CommonCode/ScrollingRenderer.h; sourceTree = "<group>"; };
		19F66885190AA3AF00D2DE77 /* SpectrogeddonOSX.app */ = {isa = PBXFileReference; explicitFileType = wrapper.application; includeInIndex = 0; path = SpectrogeddonOSX.app; sourceTree = BUILT_PRODUCTS_DIR; };
		19F66888190AA3AF00D2DE77 /* Cocoa.framework */ = {isa = PBXFileReference; lastKnownFileType = wrapper.framework; name = Cocoa.framework; path = System/Library/Frameworks/Cocoa.framework; sourceTree = SDKROOT; };
		19F6688B190AA3AF00D2DE77 /* AppKit.framework */ = {isa = PBXFileReference; lastKnownFileType = wrapper.framework; name = AppKit.framework; path = System/Library/Frameworks/AppKit.framework; sourceTree = SDKROOT; };
		19F6688C190AA3AF00D2DE77 /* CoreData.framework */ = {isa = PBXFileReference; lastKnownFileType = wrapper.framework; name = CoreData.framework; path = System/Library/Frameworks/CoreData.framework; sourceTree = SDKROOT; };
		19F6688D190AA3AF00D2DE77 /* Foundation.framework */ = {isa = PBXFileReference; lastKnownFileType = wrapper.framework; name = Foundation.framework; path = System/Library/Frameworks/Foundation.framework; sourceTree = SDKROOT; };
		19F66890190AA3AF00D2DE77 /* SpectrogeddonOSX-Info.plist */ = {isa = PBXFileReference; lastKnownFileType = text.plist.xml; path = "SpectrogeddonOSX-Info.plist"; sourceTree = "<group>"; };
		19F66892190AA3AF00D2DE77 /* en */ = {isa = PBXFileReference; lastKnownFileType = text.plist.strings; name = en; path = en.lproj/InfoPlist.strings; sourceTree = "<group>"; };
		19F66898190AA3AF00D2DE77 /* en */ = {isa = PBXFileReference; lastKnownFileType = text.rtf; name = en; path = en.lproj/Credits.rtf; sourceTree = "<group>"; };
		19F6689E190AA3AF00D2DE77 /* Base */ = {isa = PBXFileReference; lastKnownFileType = file.xib; name = Base; path = Base.lproj/MainMenu.xib; sourceTree = "<group>"; };
		19F668A0190AA3AF00D2DE77 /* Images.xcassets */ = {isa = PBXFileReference; lastKnownFileType = folder.assetcatalog; path = Images.xcassets; sourceTree = "<group>"; };
		19F668A6190AA3AF00D2DE77 /* SpectrogeddonOSXTests.xctest */ = {isa = PBXFileReference; explicitFileType = wrapper.cfbundle; includeInIndex = 0; path = SpectrogeddonOSXTests.xctest; sourceTree = BUILT_PRODUCTS_DIR; };
		19F668A7190AA3AF00D2DE77 /* XCTest.framework */ = {isa = PBXFileReference; lastKnownFileType = wrapper.framework; name = XCTest.framework; path = Library/Frameworks/XCTest.framework; sourceTree = DEVELOPER_DIR; };
		19F668AE190AA3AF00D2DE77 /* SpectrogeddonOSXTests-Info.plist */ = {isa = PBXFileReference; lastKnownFileType = text.plist.xml; path = "SpectrogeddonOSXTests-Info.plist"; sourceTree = "<group>"; };
		19F668B0190AA3AF00D2DE77 /* en */ = {isa = PBXFileReference; lastKnownFileType = text.plist.strings; name = en; path = en.lproj/InfoPlist.strings; sourceTree = "<group>"; };
		19F668B2190AA3B000D2DE77 /* SpectrogeddonOSXTests.m */ = {isa = PBXFileReference; lastKnownFileType = sourcecode.c.objc; path = SpectrogeddonOSXTests.m; sourceTree = "<group>"; };
		19F66919190AA86C00D2DE77 /* ColorMapSet.h */ = {isa = PBXFileReference; fileEncoding = 4; lastKnownFileType = sourcecode.c.h; name = ColorMapSet.h; path = ../../CommonCode/ColorMapSet.h; sourceTree = "<group>"; };
		19F6691A190AA86C00D2DE77 /* ColorMapSet.m */ = {isa = PBXFileReference; fileEncoding = 4; lastKnownFileType = sourcecode.c.objc; name = ColorMapSet.m; path = ../../CommonCode/ColorMapSet.m; sourceTree = "<group>"; };
		19F66925190AA86C00D2DE77 /* RendererDefs.h */ = {isa = PBXFileReference; fileEncoding = 4; lastKnownFileType = sourcecode.c.h; name = RendererDefs.h; path = ../../CommonCode/RendererDefs.h; sourceTree = "<group>"; };
		19F66926190AA86C00D2DE77 /* RendererUtils.h */ = {isa = PBXFileReference; fileEncoding = 4; lastKnownFileType = sourcecode.c.h; name = RendererUtils.h; path = ../../CommonCode/RendererUtils.h; sourceTree = "<group>"; };
		19F66927190AA86C00D2DE77 /* RendererUtils.m */ = {isa = PBXFileReference; fileEncoding = 4; lastKnownFileType = sourcecode.c.objc; name = RendererUtils.m; path = ../../CommonCode/RendererUtils.m; sourceTree = "<group>"; };
		19F66930190AA86C00D2DE77 /* TimeSequence.h */ = {isa = PBXFileReference; fileEncoding = 4; lastKnownFileType = sourcecode.c.h; name = TimeSequence.h; path = ../../CommonCode/TimeSequence.h; sourceTree = "<group>"; };
		19F66931190AA86C00D2DE77 /* TimeSequence.m */ = {isa = PBXFileReference; fileEncoding = 4; lastKnownFileType = sourcecode.c.objc; name = TimeSequence.m; path = ../../CommonCode/TimeSequence.m; sourceTree = "<group>"; };
		19F66944190AA8C400D2DE77 /* ColorMaps */ = {isa = PBXFileReference; lastKnownFileType = folder; name = ColorMaps; path = ../../CommonAssets/ColorMaps; sourceTree = "<group>"; };
		19F66946190AA90000D2DE77 /* GLKit.framework */ = {isa = PBXFileReference; lastKnownFileType = wrapper.framework; name = GLKit.framework; path = System/Library/Frameworks/GLKit.framework; sourceTree = SDKROOT; };
		19F66947190AA90000D2DE77 /* OpenGL.framework */ = {isa = PBXFileReference; lastKnownFileType = wrapper.framework; name = OpenGL.framework; path = System/Library/Frameworks/OpenGL.framework; sourceTree = SDKROOT; };
		19F6694A190AA91000D2DE77 /* AVFoundation.framework */ = {isa = PBXFileReference; lastKnownFileType = wrapper.framework; name = AVFoundation.framework; path = System/Library/Frameworks/AVFoundation.framework; sourceTree = SDKROOT; };
		19F6694C190AA92300D2DE77 /* QuartzCore.framework */ = {isa = PBXFileReference; lastKnownFileType = wrapper.framework; name = QuartzCore.framework; path = System/Library/Frameworks/QuartzCore.framework; sourceTree = SDKROOT; };
		19F6695D190ABB8000D2DE77 /* CoreVideo.framework */ = {isa = PBXFileReference; lastKnownFileType = wrapper.framework; name = CoreVideo.framework; path = System/Library/Frameworks/CoreVideo.framework; sourceTree = SDKROOT; };
		19F73F831923C415001E746D /* TexturedMeshShader.fsh */ = {isa = PBXFileReference; fileEncoding = 4; lastKnownFileType = sourcecode.glsl; name = TexturedMeshShader.fsh; path = ../../CommonCode/TexturedMeshShader.fsh; sourceTree = "<group>"; };
		19F73F841923C415001E746D /* TexturedMeshShader.vsh */ = {isa = PBXFileReference; fileEncoding = 4; lastKnownFileType = sourcecode.glsl; name = TexturedMeshShader.vsh; path = ../../CommonCode/TexturedMeshShader.vsh; sourceTree = "<group>"; };
		EE5972521D12EABB005EE551 /* LoggingUtilities.h */ = {isa = PBXFileReference; fileEncoding = 4; lastKnownFileType = sourcecode.c.h; name = LoggingUtilities.h; path = ../../CommonCode/LoggingUtilities.h; sourceTree = "<group>"; };
		EE5972531D12EABB005EE551 /* LoggingUtilities.m */ = {isa = PBXFileReference; fileEncoding = 4; lastKnownFileType = sourcecode.c.objc; name = LoggingUtilities.m; path = ../../CommonCode/LoggingUtilities.m; sourceTree = "<group>"; };
		EE624A721A721E4800F4A232 /* NSArray+Functional.h */ = {isa = PBXFileReference; fileEncoding = 4; lastKnownFileType = sourcecode.c.h; name = "NSArray+Functional.h"; path = "../../CommonCode/NSArray+Functional.h"; sourceTree = "<group>"; };
		EE624A731A721E4800F4A232 /* NSArray+Functional.m */ = {isa = PBXFileReference; fileEncoding = 4; lastKnownFileType = sourcecode.c.objc; name = "NSArray+Functional.m"; path = "../../CommonCode/NSArray+Functional.m"; sourceTree = "<group>"; };
		EE89046D228A06EA00E1E0D5 /* SpectrogeddonOSX-Bridging-Header.h */ = {isa = PBXFileReference; lastKnownFileType = sourcecode.c.h; path = "SpectrogeddonOSX-Bridging-Header.h"; sourceTree = "<group>"; };
		EE89046E228A06EB00E1E0D5 /* AppDelegate.swift */ = {isa = PBXFileReference; lastKnownFileType = sourcecode.swift; path = AppDelegate.swift; sourceTree = "<group>"; };
		EE890470228B450300E1E0D5 /* DesktopOpenGLView.swift */ = {isa = PBXFileReference; lastKnownFileType = sourcecode.swift; path = DesktopOpenGLView.swift; sourceTree = "<group>"; };
		EE890474228BF65B00E1E0D5 /* SpectrumGenerator.swift */ = {isa = PBXFileReference; fileEncoding = 4; lastKnownFileType = sourcecode.swift; name = SpectrumGenerator.swift; path = ../../CommonCode/SpectrumGenerator.swift; sourceTree = "<group>"; };
		EE89047B228D4A6100E1E0D5 /* FastFourierTransform.swift */ = {isa = PBXFileReference; fileEncoding = 4; lastKnownFileType = sourcecode.swift; name = FastFourierTransform.swift; path = ../../CommonCode/FastFourierTransform.swift; sourceTree = "<group>"; };
		EE89047F228E084E00E1E0D5 /* AudioSource.swift */ = {isa = PBXFileReference; fileEncoding = 4; lastKnownFileType = sourcecode.swift; name = AudioSource.swift; path = ../../CommonCode/AudioSource.swift; sourceTree = "<group>"; };
		EE890483228F48A400E1E0D5 /* SampleBuffer.swift */ = {isa = PBXFileReference; fileEncoding = 4; lastKnownFileType = sourcecode.swift; name = SampleBuffer.swift; path = ../../CommonCode/SampleBuffer.swift; sourceTree = "<group>"; };
		EE8904872290AA7F00E1E0D5 /* GLRenderer.swift */ = {isa = PBXFileReference; lastKnownFileType = sourcecode.swift; name = GLRenderer.swift; path = ../../CommonCode/GLRenderer.swift; sourceTree = "<group>"; };
		EE89048B2298759500E1E0D5 /* ColumnRenderer.swift */ = {isa = PBXFileReference; lastKnownFileType = sourcecode.swift; name = ColumnRenderer.swift; path = ../../CommonCode/ColumnRenderer.swift; sourceTree = "<group>"; };
		EE89048D2298883900E1E0D5 /* LinearScrollingRenderer.swift */ = {isa = PBXFileReference; lastKnownFileType = sourcecode.swift; name = LinearScrollingRenderer.swift; path = ../../CommonCode/LinearScrollingRenderer.swift; sourceTree = "<group>"; };
		EE89049522988F8700E1E0D5 /* RadialScrollingRenderer.swift */ = {isa = PBXFileReference; lastKnownFileType = sourcecode.swift; name = RadialScrollingRenderer.swift; path = ../../CommonCode/RadialScrollingRenderer.swift; sourceTree = "<group>"; };
		EEF7FE9519251F7A003241DF /* ShadedMesh.m */ = {isa = PBXFileReference; fileEncoding = 4; lastKnownFileType = sourcecode.c.objc; name = ShadedMesh.m; path = ../../CommonCode/ShadedMesh.m; sourceTree = "<group>"; };
		EEF7FE9619251F7A003241DF /* ShadedMesh.h */ = {isa = PBXFileReference; fileEncoding = 4; lastKnownFileType = sourcecode.c.h; name = ShadedMesh.h; path = ../../CommonCode/ShadedMesh.h; sourceTree = "<group>"; };
/* End PBXFileReference section */

/* Begin PBXFrameworksBuildPhase section */
		19F66882190AA3AF00D2DE77 /* Frameworks */ = {
			isa = PBXFrameworksBuildPhase;
			buildActionMask = 2147483647;
			files = (
				19F6695E190ABB8000D2DE77 /* CoreVideo.framework in Frameworks */,
				19F6694D190AA92300D2DE77 /* QuartzCore.framework in Frameworks */,
				19F6694B190AA91000D2DE77 /* AVFoundation.framework in Frameworks */,
				19F66948190AA90000D2DE77 /* GLKit.framework in Frameworks */,
				19F66949190AA90000D2DE77 /* OpenGL.framework in Frameworks */,
				19F66889190AA3AF00D2DE77 /* Cocoa.framework in Frameworks */,
			);
			runOnlyForDeploymentPostprocessing = 0;
		};
		19F668A3190AA3AF00D2DE77 /* Frameworks */ = {
			isa = PBXFrameworksBuildPhase;
			buildActionMask = 2147483647;
			files = (
				19F668A9190AA3AF00D2DE77 /* Cocoa.framework in Frameworks */,
				19F668A8190AA3AF00D2DE77 /* XCTest.framework in Frameworks */,
			);
			runOnlyForDeploymentPostprocessing = 0;
		};
/* End PBXFrameworksBuildPhase section */

/* Begin PBXGroup section */
		194EA9FA191BA26500FC152F /* Settings */ = {
			isa = PBXGroup;
			children = (
				19F66919190AA86C00D2DE77 /* ColorMapSet.h */,
				19F6691A190AA86C00D2DE77 /* ColorMapSet.m */,
				194EA9EF191B876E00FC152F /* DisplaySettings.h */,
				194EA9EE191B876E00FC152F /* DisplaySettings.m */,
				194EA9FB191BA2B200FC152F /* SettingsStore.h */,
				194EA9FC191BA2B200FC152F /* SettingsStore.m */,
			);
			name = Settings;
			sourceTree = "<group>";
		};
		19CEAC6F19227D7800AEA0AA /* Shaders */ = {
			isa = PBXGroup;
			children = (
				19F73F831923C415001E746D /* TexturedMeshShader.fsh */,
				19F73F841923C415001E746D /* TexturedMeshShader.vsh */,
			);
			name = Shaders;
			sourceTree = "<group>";
		};
		19F6687C190AA3AF00D2DE77 = {
			isa = PBXGroup;
			children = (
				19F6688E190AA3AF00D2DE77 /* SpectrogeddonOSX */,
				19F668AC190AA3AF00D2DE77 /* SpectrogeddonOSXTests */,
				19F66887190AA3AF00D2DE77 /* Frameworks */,
				19F66886190AA3AF00D2DE77 /* Products */,
			);
			sourceTree = "<group>";
		};
		19F66886190AA3AF00D2DE77 /* Products */ = {
			isa = PBXGroup;
			children = (
				19F66885190AA3AF00D2DE77 /* SpectrogeddonOSX.app */,
				19F668A6190AA3AF00D2DE77 /* SpectrogeddonOSXTests.xctest */,
			);
			name = Products;
			sourceTree = "<group>";
		};
		19F66887190AA3AF00D2DE77 /* Frameworks */ = {
			isa = PBXGroup;
			children = (
				19F6695D190ABB8000D2DE77 /* CoreVideo.framework */,
				19F6694C190AA92300D2DE77 /* QuartzCore.framework */,
				19F6694A190AA91000D2DE77 /* AVFoundation.framework */,
				19F66946190AA90000D2DE77 /* GLKit.framework */,
				19F66947190AA90000D2DE77 /* OpenGL.framework */,
				19F66888190AA3AF00D2DE77 /* Cocoa.framework */,
				19F668A7190AA3AF00D2DE77 /* XCTest.framework */,
				19F6688A190AA3AF00D2DE77 /* Other Frameworks */,
			);
			name = Frameworks;
			sourceTree = "<group>";
		};
		19F6688A190AA3AF00D2DE77 /* Other Frameworks */ = {
			isa = PBXGroup;
			children = (
				19F6688B190AA3AF00D2DE77 /* AppKit.framework */,
				19F6688C190AA3AF00D2DE77 /* CoreData.framework */,
				19F6688D190AA3AF00D2DE77 /* Foundation.framework */,
			);
			name = "Other Frameworks";
			sourceTree = "<group>";
		};
		19F6688E190AA3AF00D2DE77 /* SpectrogeddonOSX */ = {
			isa = PBXGroup;
			children = (
				EE89046E228A06EB00E1E0D5 /* AppDelegate.swift */,
				19F66944190AA8C400D2DE77 /* ColorMaps */,
				19F668EA190AA70400D2DE77 /* CommonModel */,
				19F668A0190AA3AF00D2DE77 /* Images.xcassets */,
				19F6689D190AA3AF00D2DE77 /* MainMenu.xib */,
				19F6688F190AA3AF00D2DE77 /* Supporting Files */,
				EEF830B4190AE20F00E8B2F2 /* Views */,
			);
			path = SpectrogeddonOSX;
			sourceTree = "<group>";
		};
		19F6688F190AA3AF00D2DE77 /* Supporting Files */ = {
			isa = PBXGroup;
			children = (
				EE89046D228A06EA00E1E0D5 /* SpectrogeddonOSX-Bridging-Header.h */,
				19F66890190AA3AF00D2DE77 /* SpectrogeddonOSX-Info.plist */,
				19F66891190AA3AF00D2DE77 /* InfoPlist.strings */,
				19F66897190AA3AF00D2DE77 /* Credits.rtf */,
			);
			name = "Supporting Files";
			sourceTree = "<group>";
		};
		19F668AC190AA3AF00D2DE77 /* SpectrogeddonOSXTests */ = {
			isa = PBXGroup;
			children = (
				19F668B2190AA3B000D2DE77 /* SpectrogeddonOSXTests.m */,
				19F668AD190AA3AF00D2DE77 /* Supporting Files */,
			);
			path = SpectrogeddonOSXTests;
			sourceTree = "<group>";
		};
		19F668AD190AA3AF00D2DE77 /* Supporting Files */ = {
			isa = PBXGroup;
			children = (
				19F668AE190AA3AF00D2DE77 /* SpectrogeddonOSXTests-Info.plist */,
				19F668AF190AA3AF00D2DE77 /* InfoPlist.strings */,
			);
			name = "Supporting Files";
			sourceTree = "<group>";
		};
		19F668EA190AA70400D2DE77 /* CommonModel */ = {
			isa = PBXGroup;
			children = (
				19F66941190AA86F00D2DE77 /* AudioAcquisition */,
				19F66942190AA88300D2DE77 /* AudioProcessing */,
				19F66943190AA89300D2DE77 /* Display */,
				194EA9FA191BA26500FC152F /* Settings */,
				19CEAC6F19227D7800AEA0AA /* Shaders */,
				EE624A711A721E0600F4A232 /* Utilities */,
			);
			name = CommonModel;
			sourceTree = "<group>";
		};
		19F66941190AA86F00D2DE77 /* AudioAcquisition */ = {
			isa = PBXGroup;
			children = (
				EE890483228F48A400E1E0D5 /* SampleBuffer.swift */,
				EE89047F228E084E00E1E0D5 /* AudioSource.swift */,
			);
			name = AudioAcquisition;
			sourceTree = "<group>";
		};
		19F66942190AA88300D2DE77 /* AudioProcessing */ = {
			isa = PBXGroup;
			children = (
				EE89047B228D4A6100E1E0D5 /* FastFourierTransform.swift */,
				EE890474228BF65B00E1E0D5 /* SpectrumGenerator.swift */,
				19F66930190AA86C00D2DE77 /* TimeSequence.h */,
				19F66931190AA86C00D2DE77 /* TimeSequence.m */,
			);
			name = AudioProcessing;
			sourceTree = "<group>";
		};
		19F66943190AA89300D2DE77 /* Display */ = {
			isa = PBXGroup;
			children = (
				194EA9F4191B9D3900FC152F /* ColorMap.h */,
				194EA9F5191B9D3900FC152F /* ColorMap.m */,
				EE89048B2298759500E1E0D5 /* ColumnRenderer.swift */,
				EE8904872290AA7F00E1E0D5 /* GLRenderer.swift */,
				19CEAC5B1922009700AEA0AA /* ScrollingRenderer.h */,
				EE89048D2298883900E1E0D5 /* LinearScrollingRenderer.swift */,
				EE89049522988F8700E1E0D5 /* RadialScrollingRenderer.swift */,
				19F66925190AA86C00D2DE77 /* RendererDefs.h */,
				19BEF367191119FF0013DD0A /* RendererTypes.h */,
				19F66926190AA86C00D2DE77 /* RendererUtils.h */,
				19F66927190AA86C00D2DE77 /* RendererUtils.m */,
				19CEAC5419212CCD00AEA0AA /* RenderTexture.h */,
				19CEAC5519212CCD00AEA0AA /* RenderTexture.m */,
				EEF7FE9619251F7A003241DF /* ShadedMesh.h */,
				EEF7FE9519251F7A003241DF /* ShadedMesh.m */,
			);
			name = Display;
			sourceTree = "<group>";
		};
		EE624A711A721E0600F4A232 /* Utilities */ = {
			isa = PBXGroup;
			children = (
				EE5972521D12EABB005EE551 /* LoggingUtilities.h */,
				EE5972531D12EABB005EE551 /* LoggingUtilities.m */,
				EE624A721A721E4800F4A232 /* NSArray+Functional.h */,
				EE624A731A721E4800F4A232 /* NSArray+Functional.m */,
			);
			name = Utilities;
			sourceTree = "<group>";
		};
		EEF830B4190AE20F00E8B2F2 /* Views */ = {
			isa = PBXGroup;
			children = (
				EE890470228B450300E1E0D5 /* DesktopOpenGLView.swift */,
			);
			name = Views;
			sourceTree = "<group>";
		};
/* End PBXGroup section */

/* Begin PBXNativeTarget section */
		19F66884190AA3AF00D2DE77 /* SpectrogeddonOSX */ = {
			isa = PBXNativeTarget;
			buildConfigurationList = 19F668B6190AA3B000D2DE77 /* Build configuration list for PBXNativeTarget "SpectrogeddonOSX" */;
			buildPhases = (
				19F66881190AA3AF00D2DE77 /* Sources */,
				19F66882190AA3AF00D2DE77 /* Frameworks */,
				19F66883190AA3AF00D2DE77 /* Resources */,
			);
			buildRules = (
			);
			dependencies = (
			);
			name = SpectrogeddonOSX;
			productName = SpectrogeddonOSX;
			productReference = 19F66885190AA3AF00D2DE77 /* SpectrogeddonOSX.app */;
			productType = "com.apple.product-type.application";
		};
		19F668A5190AA3AF00D2DE77 /* SpectrogeddonOSXTests */ = {
			isa = PBXNativeTarget;
			buildConfigurationList = 19F668B9190AA3B000D2DE77 /* Build configuration list for PBXNativeTarget "SpectrogeddonOSXTests" */;
			buildPhases = (
				19F668A2190AA3AF00D2DE77 /* Sources */,
				19F668A3190AA3AF00D2DE77 /* Frameworks */,
				19F668A4190AA3AF00D2DE77 /* Resources */,
			);
			buildRules = (
			);
			dependencies = (
				19F668AB190AA3AF00D2DE77 /* PBXTargetDependency */,
			);
			name = SpectrogeddonOSXTests;
			productName = SpectrogeddonOSXTests;
			productReference = 19F668A6190AA3AF00D2DE77 /* SpectrogeddonOSXTests.xctest */;
			productType = "com.apple.product-type.bundle.unit-test";
		};
/* End PBXNativeTarget section */

/* Begin PBXProject section */
		19F6687D190AA3AF00D2DE77 /* Project object */ = {
			isa = PBXProject;
			attributes = {
				LastUpgradeCheck = 1020;
				ORGANIZATIONNAME = Spectrogeddon;
				TargetAttributes = {
					19F66884190AA3AF00D2DE77 = {
						LastSwiftMigration = 1020;
					};
					19F668A5190AA3AF00D2DE77 = {
						TestTargetID = 19F66884190AA3AF00D2DE77;
					};
				};
			};
			buildConfigurationList = 19F66880190AA3AF00D2DE77 /* Build configuration list for PBXProject "SpectrogeddonOSX" */;
			compatibilityVersion = "Xcode 3.2";
			developmentRegion = en;
			hasScannedForEncodings = 0;
			knownRegions = (
				en,
				Base,
			);
			mainGroup = 19F6687C190AA3AF00D2DE77;
			productRefGroup = 19F66886190AA3AF00D2DE77 /* Products */;
			projectDirPath = "";
			projectRoot = "";
			targets = (
				19F66884190AA3AF00D2DE77 /* SpectrogeddonOSX */,
				19F668A5190AA3AF00D2DE77 /* SpectrogeddonOSXTests */,
			);
		};
/* End PBXProject section */

/* Begin PBXResourcesBuildPhase section */
		19F66883190AA3AF00D2DE77 /* Resources */ = {
			isa = PBXResourcesBuildPhase;
			buildActionMask = 2147483647;
			files = (
				19F66893190AA3AF00D2DE77 /* InfoPlist.strings in Resources */,
				19F668A1190AA3AF00D2DE77 /* Images.xcassets in Resources */,
				19F66899190AA3AF00D2DE77 /* Credits.rtf in Resources */,
				19F73F861923C415001E746D /* TexturedMeshShader.vsh in Resources */,
				19F66945190AA8C400D2DE77 /* ColorMaps in Resources */,
				19F6689F190AA3AF00D2DE77 /* MainMenu.xib in Resources */,
				19F73F851923C415001E746D /* TexturedMeshShader.fsh in Resources */,
			);
			runOnlyForDeploymentPostprocessing = 0;
		};
		19F668A4190AA3AF00D2DE77 /* Resources */ = {
			isa = PBXResourcesBuildPhase;
			buildActionMask = 2147483647;
			files = (
				19F668B1190AA3AF00D2DE77 /* InfoPlist.strings in Resources */,
			);
			runOnlyForDeploymentPostprocessing = 0;
		};
/* End PBXResourcesBuildPhase section */

/* Begin PBXSourcesBuildPhase section */
		19F66881190AA3AF00D2DE77 /* Sources */ = {
			isa = PBXSourcesBuildPhase;
			buildActionMask = 2147483647;
			files = (
				EE89046F228A06EB00E1E0D5 /* AppDelegate.swift in Sources */,
				EE89048C2298759500E1E0D5 /* ColumnRenderer.swift in Sources */,
				EE624A741A721E4800F4A232 /* NSArray+Functional.m in Sources */,
				EE890475228BF65C00E1E0D5 /* SpectrumGenerator.swift in Sources */,
				19F66933190AA86C00D2DE77 /* ColorMapSet.m in Sources */,
				EE5972541D12EABB005EE551 /* LoggingUtilities.m in Sources */,
				EEF7FE9719251F7A003241DF /* ShadedMesh.m in Sources */,
				EE89047C228D4A6100E1E0D5 /* FastFourierTransform.swift in Sources */,
				EE89047A228D4A1900E1E0D5 /* TimeSequence.m in Sources */,
				EE89048E2298883900E1E0D5 /* LinearScrollingRenderer.swift in Sources */,
				19F6693A190AA86C00D2DE77 /* RendererUtils.m in Sources */,
				EE89049622988F8700E1E0D5 /* RadialScrollingRenderer.swift in Sources */,
				EE890471228B450300E1E0D5 /* DesktopOpenGLView.swift in Sources */,
				EE8904882290AA7F00E1E0D5 /* GLRenderer.swift in Sources */,
				EE890484228F48A400E1E0D5 /* SampleBuffer.swift in Sources */,
				19CEAC5619212CCD00AEA0AA /* RenderTexture.m in Sources */,
				194EA9FD191BA2B200FC152F /* SettingsStore.m in Sources */,
				194EA9F0191B876E00FC152F /* DisplaySettings.m in Sources */,
				194EA9F6191B9D3900FC152F /* ColorMap.m in Sources */,
				EE890480228E084F00E1E0D5 /* AudioSource.swift in Sources */,
			);
			runOnlyForDeploymentPostprocessing = 0;
		};
		19F668A2190AA3AF00D2DE77 /* Sources */ = {
			isa = PBXSourcesBuildPhase;
			buildActionMask = 2147483647;
			files = (
				19F668B3190AA3B000D2DE77 /* SpectrogeddonOSXTests.m in Sources */,
			);
			runOnlyForDeploymentPostprocessing = 0;
		};
/* End PBXSourcesBuildPhase section */

/* Begin PBXTargetDependency section */
		19F668AB190AA3AF00D2DE77 /* PBXTargetDependency */ = {
			isa = PBXTargetDependency;
			target = 19F66884190AA3AF00D2DE77 /* SpectrogeddonOSX */;
			targetProxy = 19F668AA190AA3AF00D2DE77 /* PBXContainerItemProxy */;
		};
/* End PBXTargetDependency section */

/* Begin PBXVariantGroup section */
		19F66891190AA3AF00D2DE77 /* InfoPlist.strings */ = {
			isa = PBXVariantGroup;
			children = (
				19F66892190AA3AF00D2DE77 /* en */,
			);
			name = InfoPlist.strings;
			sourceTree = "<group>";
		};
		19F66897190AA3AF00D2DE77 /* Credits.rtf */ = {
			isa = PBXVariantGroup;
			children = (
				19F66898190AA3AF00D2DE77 /* en */,
			);
			name = Credits.rtf;
			sourceTree = "<group>";
		};
		19F6689D190AA3AF00D2DE77 /* MainMenu.xib */ = {
			isa = PBXVariantGroup;
			children = (
				19F6689E190AA3AF00D2DE77 /* Base */,
			);
			name = MainMenu.xib;
			sourceTree = "<group>";
		};
		19F668AF190AA3AF00D2DE77 /* InfoPlist.strings */ = {
			isa = PBXVariantGroup;
			children = (
				19F668B0190AA3AF00D2DE77 /* en */,
			);
			name = InfoPlist.strings;
			sourceTree = "<group>";
		};
/* End PBXVariantGroup section */

/* Begin XCBuildConfiguration section */
		19F668B4190AA3B000D2DE77 /* Debug */ = {
			isa = XCBuildConfiguration;
			buildSettings = {
				ALWAYS_SEARCH_USER_PATHS = NO;
				CLANG_ANALYZER_LOCALIZABILITY_NONLOCALIZED = YES;
				CLANG_CXX_LANGUAGE_STANDARD = "gnu++0x";
				CLANG_CXX_LIBRARY = "libc++";
				CLANG_ENABLE_MODULES = YES;
				CLANG_ENABLE_OBJC_ARC = YES;
				CLANG_WARN_BLOCK_CAPTURE_AUTORELEASING = YES;
				CLANG_WARN_BOOL_CONVERSION = YES;
				CLANG_WARN_COMMA = YES;
				CLANG_WARN_CONSTANT_CONVERSION = YES;
				CLANG_WARN_DEPRECATED_OBJC_IMPLEMENTATIONS = YES;
				CLANG_WARN_DIRECT_OBJC_ISA_USAGE = YES_ERROR;
				CLANG_WARN_EMPTY_BODY = YES;
				CLANG_WARN_ENUM_CONVERSION = YES;
				CLANG_WARN_INFINITE_RECURSION = YES;
				CLANG_WARN_INT_CONVERSION = YES;
				CLANG_WARN_NON_LITERAL_NULL_CONVERSION = YES;
				CLANG_WARN_OBJC_IMPLICIT_RETAIN_SELF = YES;
				CLANG_WARN_OBJC_LITERAL_CONVERSION = YES;
				CLANG_WARN_OBJC_ROOT_CLASS = YES_ERROR;
				CLANG_WARN_RANGE_LOOP_ANALYSIS = YES;
				CLANG_WARN_STRICT_PROTOTYPES = YES;
				CLANG_WARN_SUSPICIOUS_MOVE = YES;
				CLANG_WARN_UNREACHABLE_CODE = YES;
				CLANG_WARN__DUPLICATE_METHOD_MATCH = YES;
				COPY_PHASE_STRIP = NO;
				ENABLE_STRICT_OBJC_MSGSEND = YES;
				ENABLE_TESTABILITY = YES;
				GCC_C_LANGUAGE_STANDARD = gnu99;
				GCC_DYNAMIC_NO_PIC = NO;
				GCC_ENABLE_OBJC_EXCEPTIONS = YES;
				GCC_NO_COMMON_BLOCKS = YES;
				GCC_OPTIMIZATION_LEVEL = 0;
				GCC_PREPROCESSOR_DEFINITIONS = (
					"DEBUG=1",
					"$(inherited)",
				);
				GCC_SYMBOLS_PRIVATE_EXTERN = NO;
				GCC_WARN_64_TO_32_BIT_CONVERSION = YES;
				GCC_WARN_ABOUT_RETURN_TYPE = YES_ERROR;
				GCC_WARN_UNDECLARED_SELECTOR = YES;
				GCC_WARN_UNINITIALIZED_AUTOS = YES_AGGRESSIVE;
				GCC_WARN_UNUSED_FUNCTION = YES;
				GCC_WARN_UNUSED_VARIABLE = YES;
				MACOSX_DEPLOYMENT_TARGET = 10.12;
				ONLY_ACTIVE_ARCH = YES;
				SDKROOT = macosx;
			};
			name = Debug;
		};
		19F668B5190AA3B000D2DE77 /* Release */ = {
			isa = XCBuildConfiguration;
			buildSettings = {
				ALWAYS_SEARCH_USER_PATHS = NO;
				CLANG_ANALYZER_LOCALIZABILITY_NONLOCALIZED = YES;
				CLANG_CXX_LANGUAGE_STANDARD = "gnu++0x";
				CLANG_CXX_LIBRARY = "libc++";
				CLANG_ENABLE_MODULES = YES;
				CLANG_ENABLE_OBJC_ARC = YES;
				CLANG_WARN_BLOCK_CAPTURE_AUTORELEASING = YES;
				CLANG_WARN_BOOL_CONVERSION = YES;
				CLANG_WARN_COMMA = YES;
				CLANG_WARN_CONSTANT_CONVERSION = YES;
				CLANG_WARN_DEPRECATED_OBJC_IMPLEMENTATIONS = YES;
				CLANG_WARN_DIRECT_OBJC_ISA_USAGE = YES_ERROR;
				CLANG_WARN_EMPTY_BODY = YES;
				CLANG_WARN_ENUM_CONVERSION = YES;
				CLANG_WARN_INFINITE_RECURSION = YES;
				CLANG_WARN_INT_CONVERSION = YES;
				CLANG_WARN_NON_LITERAL_NULL_CONVERSION = YES;
				CLANG_WARN_OBJC_IMPLICIT_RETAIN_SELF = YES;
				CLANG_WARN_OBJC_LITERAL_CONVERSION = YES;
				CLANG_WARN_OBJC_ROOT_CLASS = YES_ERROR;
				CLANG_WARN_RANGE_LOOP_ANALYSIS = YES;
				CLANG_WARN_STRICT_PROTOTYPES = YES;
				CLANG_WARN_SUSPICIOUS_MOVE = YES;
				CLANG_WARN_UNREACHABLE_CODE = YES;
				CLANG_WARN__DUPLICATE_METHOD_MATCH = YES;
				COPY_PHASE_STRIP = YES;
				DEBUG_INFORMATION_FORMAT = "dwarf-with-dsym";
				ENABLE_NS_ASSERTIONS = NO;
				ENABLE_STRICT_OBJC_MSGSEND = YES;
				GCC_C_LANGUAGE_STANDARD = gnu99;
				GCC_ENABLE_OBJC_EXCEPTIONS = YES;
				GCC_NO_COMMON_BLOCKS = YES;
				GCC_WARN_64_TO_32_BIT_CONVERSION = YES;
				GCC_WARN_ABOUT_RETURN_TYPE = YES_ERROR;
				GCC_WARN_UNDECLARED_SELECTOR = YES;
				GCC_WARN_UNINITIALIZED_AUTOS = YES_AGGRESSIVE;
				GCC_WARN_UNUSED_FUNCTION = YES;
				GCC_WARN_UNUSED_VARIABLE = YES;
				MACOSX_DEPLOYMENT_TARGET = 10.12;
				SDKROOT = macosx;
			};
			name = Release;
		};
		19F668B7190AA3B000D2DE77 /* Debug */ = {
			isa = XCBuildConfiguration;
			buildSettings = {
				ASSETCATALOG_COMPILER_APPICON_NAME = AppIcon;
				CLANG_ENABLE_MODULES = YES;
				COMBINE_HIDPI_IMAGES = YES;
				INFOPLIST_FILE = "SpectrogeddonOSX/SpectrogeddonOSX-Info.plist";
				LD_RUNPATH_SEARCH_PATHS = "$(inherited) @executable_path/../Frameworks";
				PRODUCT_BUNDLE_IDENTIFIER = "com.spectrogeddon.${PRODUCT_NAME:rfc1034identifier}";
				PRODUCT_NAME = "$(TARGET_NAME)";
				SWIFT_OBJC_BRIDGING_HEADER = "SpectrogeddonOSX/SpectrogeddonOSX-Bridging-Header.h";
				SWIFT_OPTIMIZATION_LEVEL = "-Onone";
				SWIFT_VERSION = 5.0;
				WRAPPER_EXTENSION = app;
			};
			name = Debug;
		};
		19F668B8190AA3B000D2DE77 /* Release */ = {
			isa = XCBuildConfiguration;
			buildSettings = {
				ASSETCATALOG_COMPILER_APPICON_NAME = AppIcon;
				CLANG_ENABLE_MODULES = YES;
				COMBINE_HIDPI_IMAGES = YES;
				INFOPLIST_FILE = "SpectrogeddonOSX/SpectrogeddonOSX-Info.plist";
				LD_RUNPATH_SEARCH_PATHS = "$(inherited) @executable_path/../Frameworks";
				PRODUCT_BUNDLE_IDENTIFIER = "com.spectrogeddon.${PRODUCT_NAME:rfc1034identifier}";
				PRODUCT_NAME = "$(TARGET_NAME)";
				SWIFT_OBJC_BRIDGING_HEADER = "SpectrogeddonOSX/SpectrogeddonOSX-Bridging-Header.h";
				SWIFT_VERSION = 5.0;
				WRAPPER_EXTENSION = app;
			};
			name = Release;
		};
		19F668BA190AA3B000D2DE77 /* Debug */ = {
			isa = XCBuildConfiguration;
			buildSettings = {
				ALWAYS_EMBED_SWIFT_STANDARD_LIBRARIES = YES;
				BUNDLE_LOADER = "$(BUILT_PRODUCTS_DIR)/SpectrogeddonOSX.app/Contents/MacOS/SpectrogeddonOSX";
				COMBINE_HIDPI_IMAGES = YES;
				FRAMEWORK_SEARCH_PATHS = (
					"$(DEVELOPER_FRAMEWORKS_DIR)",
					"$(inherited)",
				);
				GCC_PREPROCESSOR_DEFINITIONS = (
					"DEBUG=1",
					"$(inherited)",
				);
				INFOPLIST_FILE = "SpectrogeddonOSXTests/SpectrogeddonOSXTests-Info.plist";
				PRODUCT_BUNDLE_IDENTIFIER = "com.spectrogeddon.${PRODUCT_NAME:rfc1034identifier}";
				PRODUCT_NAME = "$(TARGET_NAME)";
				TEST_HOST = "$(BUNDLE_LOADER)";
				WRAPPER_EXTENSION = xctest;
			};
			name = Debug;
		};
		19F668BB190AA3B000D2DE77 /* Release */ = {
			isa = XCBuildConfiguration;
			buildSettings = {
				ALWAYS_EMBED_SWIFT_STANDARD_LIBRARIES = YES;
				BUNDLE_LOADER = "$(BUILT_PRODUCTS_DIR)/SpectrogeddonOSX.app/Contents/MacOS/SpectrogeddonOSX";
				COMBINE_HIDPI_IMAGES = YES;
				FRAMEWORK_SEARCH_PATHS = (
					"$(DEVELOPER_FRAMEWORKS_DIR)",
					"$(inherited)",
				);
				INFOPLIST_FILE = "SpectrogeddonOSXTests/SpectrogeddonOSXTests-Info.plist";
				PRODUCT_BUNDLE_IDENTIFIER = "com.spectrogeddon.${PRODUCT_NAME:rfc1034identifier}";
				PRODUCT_NAME = "$(TARGET_NAME)";
				TEST_HOST = "$(BUNDLE_LOADER)";
				WRAPPER_EXTENSION = xctest;
			};
			name = Release;
		};
/* End XCBuildConfiguration section */

/* Begin XCConfigurationList section */
		19F66880190AA3AF00D2DE77 /* Build configuration list for PBXProject "SpectrogeddonOSX" */ = {
			isa = XCConfigurationList;
			buildConfigurations = (
				19F668B4190AA3B000D2DE77 /* Debug */,
				19F668B5190AA3B000D2DE77 /* Release */,
			);
			defaultConfigurationIsVisible = 0;
			defaultConfigurationName = Release;
		};
		19F668B6190AA3B000D2DE77 /* Build configuration list for PBXNativeTarget "SpectrogeddonOSX" */ = {
			isa = XCConfigurationList;
			buildConfigurations = (
				19F668B7190AA3B000D2DE77 /* Debug */,
				19F668B8190AA3B000D2DE77 /* Release */,
			);
			defaultConfigurationIsVisible = 0;
			defaultConfigurationName = Release;
		};
		19F668B9190AA3B000D2DE77 /* Build configuration list for PBXNativeTarget "SpectrogeddonOSXTests" */ = {
			isa = XCConfigurationList;
			buildConfigurations = (
				19F668BA190AA3B000D2DE77 /* Debug */,
				19F668BB190AA3B000D2DE77 /* Release */,
			);
			defaultConfigurationIsVisible = 0;
			defaultConfigurationName = Release;
		};
/* End XCConfigurationList section */
	};
	rootObject = 19F6687D190AA3AF00D2DE77 /* Project object */;
}
