// !$*UTF8*$!
{
	archiveVersion = 1;
	classes = {
	};
	objectVersion = 46;
	objects = {

/* Begin PBXBuildFile section */
		1901B82C18FBFBA7002DE52F /* Foundation.framework in Frameworks */ = {isa = PBXBuildFile; fileRef = 1901B82B18FBFBA7002DE52F /* Foundation.framework */; };
		1901B82E18FBFBA7002DE52F /* CoreGraphics.framework in Frameworks */ = {isa = PBXBuildFile; fileRef = 1901B82D18FBFBA7002DE52F /* CoreGraphics.framework */; };
		1901B83018FBFBA7002DE52F /* UIKit.framework in Frameworks */ = {isa = PBXBuildFile; fileRef = 1901B82F18FBFBA7002DE52F /* UIKit.framework */; };
		1901B83618FBFBA7002DE52F /* InfoPlist.strings in Resources */ = {isa = PBXBuildFile; fileRef = 1901B83418FBFBA7002DE52F /* InfoPlist.strings */; };
		1901B83818FBFBA7002DE52F /* main.m in Sources */ = {isa = PBXBuildFile; fileRef = 1901B83718FBFBA7002DE52F /* main.m */; };
		1901B83C18FBFBA7002DE52F /* AppDelegate.m in Sources */ = {isa = PBXBuildFile; fileRef = 1901B83B18FBFBA7002DE52F /* AppDelegate.m */; };
		1901B83F18FBFBA7002DE52F /* Main_iPhone.storyboard in Resources */ = {isa = PBXBuildFile; fileRef = 1901B83D18FBFBA7002DE52F /* Main_iPhone.storyboard */; };
		1901B84218FBFBA7002DE52F /* Main_iPad.storyboard in Resources */ = {isa = PBXBuildFile; fileRef = 1901B84018FBFBA7002DE52F /* Main_iPad.storyboard */; };
		1901B84518FBFBA7002DE52F /* ViewController.m in Sources */ = {isa = PBXBuildFile; fileRef = 1901B84418FBFBA7002DE52F /* ViewController.m */; };
		1901B84718FBFBA7002DE52F /* Images.xcassets in Resources */ = {isa = PBXBuildFile; fileRef = 1901B84618FBFBA7002DE52F /* Images.xcassets */; };
		1901B84E18FBFBA8002DE52F /* XCTest.framework in Frameworks */ = {isa = PBXBuildFile; fileRef = 1901B84D18FBFBA8002DE52F /* XCTest.framework */; };
		1901B84F18FBFBA8002DE52F /* Foundation.framework in Frameworks */ = {isa = PBXBuildFile; fileRef = 1901B82B18FBFBA7002DE52F /* Foundation.framework */; };
		1901B85018FBFBA8002DE52F /* UIKit.framework in Frameworks */ = {isa = PBXBuildFile; fileRef = 1901B82F18FBFBA7002DE52F /* UIKit.framework */; };
		1901B85818FBFBA8002DE52F /* InfoPlist.strings in Resources */ = {isa = PBXBuildFile; fileRef = 1901B85618FBFBA8002DE52F /* InfoPlist.strings */; };
		1901B85A18FBFBA8002DE52F /* SpectrogeddonTests.m in Sources */ = {isa = PBXBuildFile; fileRef = 1901B85918FBFBA8002DE52F /* SpectrogeddonTests.m */; };
		1901B86418FBFCA3002DE52F /* ViewController.xib in Resources */ = {isa = PBXBuildFile; fileRef = 1901B86318FBFCA3002DE52F /* ViewController.xib */; };
		194EA9F3191B878400FC152F /* DisplaySettings.m in Sources */ = {isa = PBXBuildFile; fileRef = 194EA9F1191B878400FC152F /* DisplaySettings.m */; };
		194EA9F9191B9D4600FC152F /* ColorMap.m in Sources */ = {isa = PBXBuildFile; fileRef = 194EA9F8191B9D4600FC152F /* ColorMap.m */; };
		19541FAE18FC343300BC94BF /* Accelerate.framework in Frameworks */ = {isa = PBXBuildFile; fileRef = 19541FAD18FC343300BC94BF /* Accelerate.framework */; };
		19541FB418FC37A600BC94BF /* AVFoundation.framework in Frameworks */ = {isa = PBXBuildFile; fileRef = 19541FB318FC37A600BC94BF /* AVFoundation.framework */; };
		19541FC118FD7A2E00BC94BF /* OpenGLES.framework in Frameworks */ = {isa = PBXBuildFile; fileRef = 19541FC018FD7A2E00BC94BF /* OpenGLES.framework */; };
		19541FC318FD7AAF00BC94BF /* QuartzCore.framework in Frameworks */ = {isa = PBXBuildFile; fileRef = 19541FC218FD7AAF00BC94BF /* QuartzCore.framework */; };
		19541FCB18FD8BEB00BC94BF /* GLKit.framework in Frameworks */ = {isa = PBXBuildFile; fileRef = 19541FCA18FD8BEB00BC94BF /* GLKit.framework */; };
		19541FE31906D89900BC94BF /* ColorMaps in Resources */ = {isa = PBXBuildFile; fileRef = 19541FE21906D89900BC94BF /* ColorMaps */; };
		19CEAC53191BADDA00AEA0AA /* SettingsStore.m in Sources */ = {isa = PBXBuildFile; fileRef = 19CEAC51191BADDA00AEA0AA /* SettingsStore.m */; };
		19CEAC5A19212F7900AEA0AA /* RenderTexture.m in Sources */ = {isa = PBXBuildFile; fileRef = 19CEAC5819212F7900AEA0AA /* RenderTexture.m */; };
		19CEAC69192275CD00AEA0AA /* RadialScrollingRenderer.m in Sources */ = {isa = PBXBuildFile; fileRef = 19CEAC67192275CD00AEA0AA /* RadialScrollingRenderer.m */; };
		19CEAC6C1922767300AEA0AA /* RadialScrollingShader.vsh in Resources */ = {isa = PBXBuildFile; fileRef = 19CEAC6A1922767300AEA0AA /* RadialScrollingShader.vsh */; };
		19CEAC6D1922767300AEA0AA /* RadialScrollingShader.fsh in Resources */ = {isa = PBXBuildFile; fileRef = 19CEAC6B1922767300AEA0AA /* RadialScrollingShader.fsh */; };
		19F66908190AA78B00D2DE77 /* AudioSource.m in Sources */ = {isa = PBXBuildFile; fileRef = 19F668EE190AA78B00D2DE77 /* AudioSource.m */; };
		19F66909190AA78B00D2DE77 /* ColorMapSet.m in Sources */ = {isa = PBXBuildFile; fileRef = 19F668F0190AA78B00D2DE77 /* ColorMapSet.m */; };
		19F6690A190AA78B00D2DE77 /* ColumnRenderer.m in Sources */ = {isa = PBXBuildFile; fileRef = 19F668F2190AA78B00D2DE77 /* ColumnRenderer.m */; };
		19F6690D190AA78B00D2DE77 /* FastFourierTransform.m in Sources */ = {isa = PBXBuildFile; fileRef = 19F668F6190AA78B00D2DE77 /* FastFourierTransform.m */; };
		19F66910190AA78B00D2DE77 /* RendererUtils.m in Sources */ = {isa = PBXBuildFile; fileRef = 19F668FD190AA78B00D2DE77 /* RendererUtils.m */; };
		19F66911190AA78B00D2DE77 /* SampleBuffer.m in Sources */ = {isa = PBXBuildFile; fileRef = 19F668FF190AA78B00D2DE77 /* SampleBuffer.m */; };
		19F66912190AA78B00D2DE77 /* LinearScrollingRenderer.m in Sources */ = {isa = PBXBuildFile; fileRef = 19F66901190AA78B00D2DE77 /* LinearScrollingRenderer.m */; };
		19F66915190AA78B00D2DE77 /* SpectrumGenerator.m in Sources */ = {isa = PBXBuildFile; fileRef = 19F66905190AA78B00D2DE77 /* SpectrumGenerator.m */; };
		19F66916190AA78B00D2DE77 /* TimeSequence.m in Sources */ = {isa = PBXBuildFile; fileRef = 19F66907190AA78B00D2DE77 /* TimeSequence.m */; };
		19F66950190AB09100D2DE77 /* MobileGLDisplay.m in Sources */ = {isa = PBXBuildFile; fileRef = 19F6694F190AB09100D2DE77 /* MobileGLDisplay.m */; };
		19F66959190AB26800D2DE77 /* GLRenderer.m in Sources */ = {isa = PBXBuildFile; fileRef = 19F66957190AB26800D2DE77 /* GLRenderer.m */; };
		EEF830C2190AE2BA00E8B2F2 /* ColumnShader.fsh in Resources */ = {isa = PBXBuildFile; fileRef = EEF830BE190AE2BA00E8B2F2 /* ColumnShader.fsh */; };
		EEF830C3190AE2BA00E8B2F2 /* ColumnShader.vsh in Resources */ = {isa = PBXBuildFile; fileRef = EEF830BF190AE2BA00E8B2F2 /* ColumnShader.vsh */; };
		EEF830C4190AE2BA00E8B2F2 /* LinearScrollingShader.fsh in Resources */ = {isa = PBXBuildFile; fileRef = EEF830C0190AE2BA00E8B2F2 /* LinearScrollingShader.fsh */; };
		EEF830C5190AE2BA00E8B2F2 /* LinearScrollingShader.vsh in Resources */ = {isa = PBXBuildFile; fileRef = EEF830C1190AE2BA00E8B2F2 /* LinearScrollingShader.vsh */; };
/* End PBXBuildFile section */

/* Begin PBXContainerItemProxy section */
		1901B85118FBFBA8002DE52F /* PBXContainerItemProxy */ = {
			isa = PBXContainerItemProxy;
			containerPortal = 1901B82018FBFBA7002DE52F /* Project object */;
			proxyType = 1;
			remoteGlobalIDString = 1901B82718FBFBA7002DE52F;
			remoteInfo = Spectrogeddon;
		};
/* End PBXContainerItemProxy section */

/* Begin PBXFileReference section */
		1901B82818FBFBA7002DE52F /* Spectrogeddon.app */ = {isa = PBXFileReference; explicitFileType = wrapper.application; includeInIndex = 0; path = Spectrogeddon.app; sourceTree = BUILT_PRODUCTS_DIR; };
		1901B82B18FBFBA7002DE52F /* Foundation.framework */ = {isa = PBXFileReference; lastKnownFileType = wrapper.framework; name = Foundation.framework; path = System/Library/Frameworks/Foundation.framework; sourceTree = SDKROOT; };
		1901B82D18FBFBA7002DE52F /* CoreGraphics.framework */ = {isa = PBXFileReference; lastKnownFileType = wrapper.framework; name = CoreGraphics.framework; path = System/Library/Frameworks/CoreGraphics.framework; sourceTree = SDKROOT; };
		1901B82F18FBFBA7002DE52F /* UIKit.framework */ = {isa = PBXFileReference; lastKnownFileType = wrapper.framework; name = UIKit.framework; path = System/Library/Frameworks/UIKit.framework; sourceTree = SDKROOT; };
		1901B83318FBFBA7002DE52F /* Spectrogeddon-Info.plist */ = {isa = PBXFileReference; lastKnownFileType = text.plist.xml; path = "Spectrogeddon-Info.plist"; sourceTree = "<group>"; };
		1901B83518FBFBA7002DE52F /* en */ = {isa = PBXFileReference; lastKnownFileType = text.plist.strings; name = en; path = en.lproj/InfoPlist.strings; sourceTree = "<group>"; };
		1901B83718FBFBA7002DE52F /* main.m */ = {isa = PBXFileReference; lastKnownFileType = sourcecode.c.objc; path = main.m; sourceTree = "<group>"; };
		1901B83918FBFBA7002DE52F /* Spectrogeddon-Prefix.pch */ = {isa = PBXFileReference; lastKnownFileType = sourcecode.c.h; path = "Spectrogeddon-Prefix.pch"; sourceTree = "<group>"; };
		1901B83A18FBFBA7002DE52F /* AppDelegate.h */ = {isa = PBXFileReference; lastKnownFileType = sourcecode.c.h; path = AppDelegate.h; sourceTree = "<group>"; };
		1901B83B18FBFBA7002DE52F /* AppDelegate.m */ = {isa = PBXFileReference; lastKnownFileType = sourcecode.c.objc; path = AppDelegate.m; sourceTree = "<group>"; };
		1901B83E18FBFBA7002DE52F /* Base */ = {isa = PBXFileReference; lastKnownFileType = file.storyboard; name = Base; path = Base.lproj/Main_iPhone.storyboard; sourceTree = "<group>"; };
		1901B84118FBFBA7002DE52F /* Base */ = {isa = PBXFileReference; lastKnownFileType = file.storyboard; name = Base; path = Base.lproj/Main_iPad.storyboard; sourceTree = "<group>"; };
		1901B84318FBFBA7002DE52F /* ViewController.h */ = {isa = PBXFileReference; lastKnownFileType = sourcecode.c.h; path = ViewController.h; sourceTree = "<group>"; };
		1901B84418FBFBA7002DE52F /* ViewController.m */ = {isa = PBXFileReference; lastKnownFileType = sourcecode.c.objc; path = ViewController.m; sourceTree = "<group>"; };
		1901B84618FBFBA7002DE52F /* Images.xcassets */ = {isa = PBXFileReference; lastKnownFileType = folder.assetcatalog; path = Images.xcassets; sourceTree = "<group>"; };
		1901B84C18FBFBA8002DE52F /* SpectrogeddonTests.xctest */ = {isa = PBXFileReference; explicitFileType = wrapper.cfbundle; includeInIndex = 0; path = SpectrogeddonTests.xctest; sourceTree = BUILT_PRODUCTS_DIR; };
		1901B84D18FBFBA8002DE52F /* XCTest.framework */ = {isa = PBXFileReference; lastKnownFileType = wrapper.framework; name = XCTest.framework; path = Library/Frameworks/XCTest.framework; sourceTree = DEVELOPER_DIR; };
		1901B85518FBFBA8002DE52F /* SpectrogeddonTests-Info.plist */ = {isa = PBXFileReference; lastKnownFileType = text.plist.xml; path = "SpectrogeddonTests-Info.plist"; sourceTree = "<group>"; };
		1901B85718FBFBA8002DE52F /* en */ = {isa = PBXFileReference; lastKnownFileType = text.plist.strings; name = en; path = en.lproj/InfoPlist.strings; sourceTree = "<group>"; };
		1901B85918FBFBA8002DE52F /* SpectrogeddonTests.m */ = {isa = PBXFileReference; lastKnownFileType = sourcecode.c.objc; path = SpectrogeddonTests.m; sourceTree = "<group>"; };
		1901B86318FBFCA3002DE52F /* ViewController.xib */ = {isa = PBXFileReference; fileEncoding = 4; lastKnownFileType = file.xib; path = ViewController.xib; sourceTree = "<group>"; };
		194EA9F1191B878400FC152F /* DisplaySettings.m */ = {isa = PBXFileReference; fileEncoding = 4; lastKnownFileType = sourcecode.c.objc; path = DisplaySettings.m; sourceTree = "<group>"; };
		194EA9F2191B878400FC152F /* DisplaySettings.h */ = {isa = PBXFileReference; fileEncoding = 4; lastKnownFileType = sourcecode.c.h; path = DisplaySettings.h; sourceTree = "<group>"; };
		194EA9F7191B9D4600FC152F /* ColorMap.h */ = {isa = PBXFileReference; fileEncoding = 4; lastKnownFileType = sourcecode.c.h; path = ColorMap.h; sourceTree = "<group>"; };
		194EA9F8191B9D4600FC152F /* ColorMap.m */ = {isa = PBXFileReference; fileEncoding = 4; lastKnownFileType = sourcecode.c.objc; path = ColorMap.m; sourceTree = "<group>"; };
		19541FAD18FC343300BC94BF /* Accelerate.framework */ = {isa = PBXFileReference; lastKnownFileType = wrapper.framework; name = Accelerate.framework; path = System/Library/Frameworks/Accelerate.framework; sourceTree = SDKROOT; };
		19541FB318FC37A600BC94BF /* AVFoundation.framework */ = {isa = PBXFileReference; lastKnownFileType = wrapper.framework; name = AVFoundation.framework; path = System/Library/Frameworks/AVFoundation.framework; sourceTree = SDKROOT; };
		19541FC018FD7A2E00BC94BF /* OpenGLES.framework */ = {isa = PBXFileReference; lastKnownFileType = wrapper.framework; name = OpenGLES.framework; path = System/Library/Frameworks/OpenGLES.framework; sourceTree = SDKROOT; };
		19541FC218FD7AAF00BC94BF /* QuartzCore.framework */ = {isa = PBXFileReference; lastKnownFileType = wrapper.framework; name = QuartzCore.framework; path = System/Library/Frameworks/QuartzCore.framework; sourceTree = SDKROOT; };
		19541FCA18FD8BEB00BC94BF /* GLKit.framework */ = {isa = PBXFileReference; lastKnownFileType = wrapper.framework; name = GLKit.framework; path = System/Library/Frameworks/GLKit.framework; sourceTree = SDKROOT; };
		19541FE21906D89900BC94BF /* ColorMaps */ = {isa = PBXFileReference; lastKnownFileType = folder; name = ColorMaps; path = ../../CommonAssets/ColorMaps; sourceTree = "<group>"; };
		19BEF36819111A140013DD0A /* RendererTypes.h */ = {isa = PBXFileReference; fileEncoding = 4; lastKnownFileType = sourcecode.c.h; path = RendererTypes.h; sourceTree = "<group>"; };
		19CEAC51191BADDA00AEA0AA /* SettingsStore.m */ = {isa = PBXFileReference; fileEncoding = 4; lastKnownFileType = sourcecode.c.objc; path = SettingsStore.m; sourceTree = "<group>"; };
		19CEAC52191BADDA00AEA0AA /* SettingsStore.h */ = {isa = PBXFileReference; fileEncoding = 4; lastKnownFileType = sourcecode.c.h; path = SettingsStore.h; sourceTree = "<group>"; };
		19CEAC5819212F7900AEA0AA /* RenderTexture.m */ = {isa = PBXFileReference; fileEncoding = 4; lastKnownFileType = sourcecode.c.objc; path = RenderTexture.m; sourceTree = "<group>"; };
		19CEAC5919212F7900AEA0AA /* RenderTexture.h */ = {isa = PBXFileReference; fileEncoding = 4; lastKnownFileType = sourcecode.c.h; path = RenderTexture.h; sourceTree = "<group>"; };
		19CEAC5C192200A800AEA0AA /* ScrollingRenderer.h */ = {isa = PBXFileReference; fileEncoding = 4; lastKnownFileType = sourcecode.c.h; path = ScrollingRenderer.h; sourceTree = "<group>"; };
		19CEAC67192275CD00AEA0AA /* RadialScrollingRenderer.m */ = {isa = PBXFileReference; fileEncoding = 4; lastKnownFileType = sourcecode.c.objc; path = RadialScrollingRenderer.m; sourceTree = "<group>"; };
		19CEAC68192275CD00AEA0AA /* RadialScrollingRenderer.h */ = {isa = PBXFileReference; fileEncoding = 4; lastKnownFileType = sourcecode.c.h; path = RadialScrollingRenderer.h; sourceTree = "<group>"; };
		19CEAC6A1922767300AEA0AA /* RadialScrollingShader.vsh */ = {isa = PBXFileReference; fileEncoding = 4; lastKnownFileType = sourcecode.glsl; path = RadialScrollingShader.vsh; sourceTree = "<group>"; };
		19CEAC6B1922767300AEA0AA /* RadialScrollingShader.fsh */ = {isa = PBXFileReference; fileEncoding = 4; lastKnownFileType = sourcecode.glsl; path = RadialScrollingShader.fsh; sourceTree = "<group>"; };
		19F668ED190AA78B00D2DE77 /* AudioSource.h */ = {isa = PBXFileReference; fileEncoding = 4; lastKnownFileType = sourcecode.c.h; path = AudioSource.h; sourceTree = "<group>"; };
		19F668EE190AA78B00D2DE77 /* AudioSource.m */ = {isa = PBXFileReference; fileEncoding = 4; lastKnownFileType = sourcecode.c.objc; path = AudioSource.m; sourceTree = "<group>"; };
		19F668EF190AA78B00D2DE77 /* ColorMapSet.h */ = {isa = PBXFileReference; fileEncoding = 4; lastKnownFileType = sourcecode.c.h; path = ColorMapSet.h; sourceTree = "<group>"; };
		19F668F0190AA78B00D2DE77 /* ColorMapSet.m */ = {isa = PBXFileReference; fileEncoding = 4; lastKnownFileType = sourcecode.c.objc; path = ColorMapSet.m; sourceTree = "<group>"; };
		19F668F1190AA78B00D2DE77 /* ColumnRenderer.h */ = {isa = PBXFileReference; fileEncoding = 4; lastKnownFileType = sourcecode.c.h; path = ColumnRenderer.h; sourceTree = "<group>"; };
		19F668F2190AA78B00D2DE77 /* ColumnRenderer.m */ = {isa = PBXFileReference; fileEncoding = 4; lastKnownFileType = sourcecode.c.objc; path = ColumnRenderer.m; sourceTree = "<group>"; };
		19F668F5190AA78B00D2DE77 /* FastFourierTransform.h */ = {isa = PBXFileReference; fileEncoding = 4; lastKnownFileType = sourcecode.c.h; path = FastFourierTransform.h; sourceTree = "<group>"; };
		19F668F6190AA78B00D2DE77 /* FastFourierTransform.m */ = {isa = PBXFileReference; fileEncoding = 4; lastKnownFileType = sourcecode.c.objc; path = FastFourierTransform.m; sourceTree = "<group>"; };
		19F668FB190AA78B00D2DE77 /* RendererDefs.h */ = {isa = PBXFileReference; fileEncoding = 4; lastKnownFileType = sourcecode.c.h; path = RendererDefs.h; sourceTree = "<group>"; };
		19F668FC190AA78B00D2DE77 /* RendererUtils.h */ = {isa = PBXFileReference; fileEncoding = 4; lastKnownFileType = sourcecode.c.h; path = RendererUtils.h; sourceTree = "<group>"; };
		19F668FD190AA78B00D2DE77 /* RendererUtils.m */ = {isa = PBXFileReference; fileEncoding = 4; lastKnownFileType = sourcecode.c.objc; path = RendererUtils.m; sourceTree = "<group>"; };
		19F668FE190AA78B00D2DE77 /* SampleBuffer.h */ = {isa = PBXFileReference; fileEncoding = 4; lastKnownFileType = sourcecode.c.h; path = SampleBuffer.h; sourceTree = "<group>"; };
		19F668FF190AA78B00D2DE77 /* SampleBuffer.m */ = {isa = PBXFileReference; fileEncoding = 4; lastKnownFileType = sourcecode.c.objc; path = SampleBuffer.m; sourceTree = "<group>"; };
		19F66900190AA78B00D2DE77 /* LinearScrollingRenderer.h */ = {isa = PBXFileReference; fileEncoding = 4; lastKnownFileType = sourcecode.c.h; path = LinearScrollingRenderer.h; sourceTree = "<group>"; };
		19F66901190AA78B00D2DE77 /* LinearScrollingRenderer.m */ = {isa = PBXFileReference; fileEncoding = 4; lastKnownFileType = sourcecode.c.objc; path = LinearScrollingRenderer.m; sourceTree = "<group>"; };
		19F66904190AA78B00D2DE77 /* SpectrumGenerator.h */ = {isa = PBXFileReference; fileEncoding = 4; lastKnownFileType = sourcecode.c.h; path = SpectrumGenerator.h; sourceTree = "<group>"; };
		19F66905190AA78B00D2DE77 /* SpectrumGenerator.m */ = {isa = PBXFileReference; fileEncoding = 4; lastKnownFileType = sourcecode.c.objc; path = SpectrumGenerator.m; sourceTree = "<group>"; };
		19F66906190AA78B00D2DE77 /* TimeSequence.h */ = {isa = PBXFileReference; fileEncoding = 4; lastKnownFileType = sourcecode.c.h; path = TimeSequence.h; sourceTree = "<group>"; };
		19F66907190AA78B00D2DE77 /* TimeSequence.m */ = {isa = PBXFileReference; fileEncoding = 4; lastKnownFileType = sourcecode.c.objc; path = TimeSequence.m; sourceTree = "<group>"; };
		19F6694E190AB09100D2DE77 /* MobileGLDisplay.h */ = {isa = PBXFileReference; fileEncoding = 4; lastKnownFileType = sourcecode.c.h; path = MobileGLDisplay.h; sourceTree = "<group>"; };
		19F6694F190AB09100D2DE77 /* MobileGLDisplay.m */ = {isa = PBXFileReference; fileEncoding = 4; lastKnownFileType = sourcecode.c.objc; path = MobileGLDisplay.m; sourceTree = "<group>"; };
		19F66957190AB26800D2DE77 /* GLRenderer.m */ = {isa = PBXFileReference; fileEncoding = 4; lastKnownFileType = sourcecode.c.objc; path = GLRenderer.m; sourceTree = "<group>"; };
		19F66958190AB26800D2DE77 /* GLRenderer.h */ = {isa = PBXFileReference; fileEncoding = 4; lastKnownFileType = sourcecode.c.h; path = GLRenderer.h; sourceTree = "<group>"; };
		EEF830BE190AE2BA00E8B2F2 /* ColumnShader.fsh */ = {isa = PBXFileReference; fileEncoding = 4; lastKnownFileType = sourcecode.glsl; path = ColumnShader.fsh; sourceTree = "<group>"; };
		EEF830BF190AE2BA00E8B2F2 /* ColumnShader.vsh */ = {isa = PBXFileReference; fileEncoding = 4; lastKnownFileType = sourcecode.glsl; path = ColumnShader.vsh; sourceTree = "<group>"; };
		EEF830C0190AE2BA00E8B2F2 /* LinearScrollingShader.fsh */ = {isa = PBXFileReference; fileEncoding = 4; lastKnownFileType = sourcecode.glsl; path = LinearScrollingShader.fsh; sourceTree = "<group>"; };
		EEF830C1190AE2BA00E8B2F2 /* LinearScrollingShader.vsh */ = {isa = PBXFileReference; fileEncoding = 4; lastKnownFileType = sourcecode.glsl; path = LinearScrollingShader.vsh; sourceTree = "<group>"; };
/* End PBXFileReference section */

/* Begin PBXFrameworksBuildPhase section */
		1901B82518FBFBA7002DE52F /* Frameworks */ = {
			isa = PBXFrameworksBuildPhase;
			buildActionMask = 2147483647;
			files = (
				19541FCB18FD8BEB00BC94BF /* GLKit.framework in Frameworks */,
				19541FC318FD7AAF00BC94BF /* QuartzCore.framework in Frameworks */,
				19541FC118FD7A2E00BC94BF /* OpenGLES.framework in Frameworks */,
				19541FB418FC37A600BC94BF /* AVFoundation.framework in Frameworks */,
				19541FAE18FC343300BC94BF /* Accelerate.framework in Frameworks */,
				1901B82E18FBFBA7002DE52F /* CoreGraphics.framework in Frameworks */,
				1901B83018FBFBA7002DE52F /* UIKit.framework in Frameworks */,
				1901B82C18FBFBA7002DE52F /* Foundation.framework in Frameworks */,
			);
			runOnlyForDeploymentPostprocessing = 0;
		};
		1901B84918FBFBA8002DE52F /* Frameworks */ = {
			isa = PBXFrameworksBuildPhase;
			buildActionMask = 2147483647;
			files = (
				1901B84E18FBFBA8002DE52F /* XCTest.framework in Frameworks */,
				1901B85018FBFBA8002DE52F /* UIKit.framework in Frameworks */,
				1901B84F18FBFBA8002DE52F /* Foundation.framework in Frameworks */,
			);
			runOnlyForDeploymentPostprocessing = 0;
		};
/* End PBXFrameworksBuildPhase section */

/* Begin PBXGroup section */
		1901B81F18FBFBA7002DE52F = {
			isa = PBXGroup;
			children = (
				1901B83118FBFBA7002DE52F /* Spectrogeddon */,
				1901B85318FBFBA8002DE52F /* SpectrogeddonTests */,
				1901B82A18FBFBA7002DE52F /* Frameworks */,
				1901B82918FBFBA7002DE52F /* Products */,
			);
			sourceTree = "<group>";
		};
		1901B82918FBFBA7002DE52F /* Products */ = {
			isa = PBXGroup;
			children = (
				1901B82818FBFBA7002DE52F /* Spectrogeddon.app */,
				1901B84C18FBFBA8002DE52F /* SpectrogeddonTests.xctest */,
			);
			name = Products;
			sourceTree = "<group>";
		};
		1901B82A18FBFBA7002DE52F /* Frameworks */ = {
			isa = PBXGroup;
			children = (
				19541FCA18FD8BEB00BC94BF /* GLKit.framework */,
				19541FC218FD7AAF00BC94BF /* QuartzCore.framework */,
				19541FC018FD7A2E00BC94BF /* OpenGLES.framework */,
				19541FB318FC37A600BC94BF /* AVFoundation.framework */,
				19541FAD18FC343300BC94BF /* Accelerate.framework */,
				1901B82B18FBFBA7002DE52F /* Foundation.framework */,
				1901B82D18FBFBA7002DE52F /* CoreGraphics.framework */,
				1901B82F18FBFBA7002DE52F /* UIKit.framework */,
				1901B84D18FBFBA8002DE52F /* XCTest.framework */,
			);
			name = Frameworks;
			sourceTree = "<group>";
		};
		1901B83118FBFBA7002DE52F /* Spectrogeddon */ = {
			isa = PBXGroup;
			children = (
				1901B83A18FBFBA7002DE52F /* AppDelegate.h */,
				1901B83B18FBFBA7002DE52F /* AppDelegate.m */,
				19541FE21906D89900BC94BF /* ColorMaps */,
				19F668E6190AA61100D2DE77 /* CommonModel */,
				19541F9F18FC2BA400BC94BF /* Controllers */,
				1901B84618FBFBA7002DE52F /* Images.xcassets */,
				1901B83218FBFBA7002DE52F /* Supporting Files */,
				EEF830BD190AE2A400E8B2F2 /* View */,
			);
			path = Spectrogeddon;
			sourceTree = "<group>";
		};
		1901B83218FBFBA7002DE52F /* Supporting Files */ = {
			isa = PBXGroup;
			children = (
				1901B83318FBFBA7002DE52F /* Spectrogeddon-Info.plist */,
				1901B83418FBFBA7002DE52F /* InfoPlist.strings */,
				1901B83718FBFBA7002DE52F /* main.m */,
				1901B83918FBFBA7002DE52F /* Spectrogeddon-Prefix.pch */,
			);
			name = "Supporting Files";
			sourceTree = "<group>";
		};
		1901B85318FBFBA8002DE52F /* SpectrogeddonTests */ = {
			isa = PBXGroup;
			children = (
				1901B85918FBFBA8002DE52F /* SpectrogeddonTests.m */,
				1901B85418FBFBA8002DE52F /* Supporting Files */,
			);
			path = SpectrogeddonTests;
			sourceTree = "<group>";
		};
		1901B85418FBFBA8002DE52F /* Supporting Files */ = {
			isa = PBXGroup;
			children = (
				1901B85518FBFBA8002DE52F /* SpectrogeddonTests-Info.plist */,
				1901B85618FBFBA8002DE52F /* InfoPlist.strings */,
			);
			name = "Supporting Files";
			sourceTree = "<group>";
		};
		19541F9F18FC2BA400BC94BF /* Controllers */ = {
			isa = PBXGroup;
			children = (
				1901B84018FBFBA7002DE52F /* Main_iPad.storyboard */,
				1901B83D18FBFBA7002DE52F /* Main_iPhone.storyboard */,
				1901B84318FBFBA7002DE52F /* ViewController.h */,
				1901B84418FBFBA7002DE52F /* ViewController.m */,
				1901B86318FBFCA3002DE52F /* ViewController.xib */,
			);
			name = Controllers;
			sourceTree = "<group>";
		};
		19CEAC50191BAD9600AEA0AA /* Settings */ = {
			isa = PBXGroup;
			children = (
				19F668EF190AA78B00D2DE77 /* ColorMapSet.h */,
				19F668F0190AA78B00D2DE77 /* ColorMapSet.m */,
				194EA9F2191B878400FC152F /* DisplaySettings.h */,
				194EA9F1191B878400FC152F /* DisplaySettings.m */,
				19CEAC52191BADDA00AEA0AA /* SettingsStore.h */,
				19CEAC51191BADDA00AEA0AA /* SettingsStore.m */,
			);
			name = Settings;
			sourceTree = "<group>";
		};
		19F668E6190AA61100D2DE77 /* CommonModel */ = {
			isa = PBXGroup;
			children = (
				19CEAC50191BAD9600AEA0AA /* Settings */,
				19F668E9190AA67D00D2DE77 /* Display */,
				19F668E8190AA63900D2DE77 /* AudioAcquisition */,
				19F668E7190AA61D00D2DE77 /* AudioProcessing */,
			);
			name = CommonModel;
			path = ../../CommonCode;
			sourceTree = "<group>";
		};
		19F668E7190AA61D00D2DE77 /* AudioProcessing */ = {
			isa = PBXGroup;
			children = (
				19F668F5190AA78B00D2DE77 /* FastFourierTransform.h */,
				19F668F6190AA78B00D2DE77 /* FastFourierTransform.m */,
				19F66904190AA78B00D2DE77 /* SpectrumGenerator.h */,
				19F66905190AA78B00D2DE77 /* SpectrumGenerator.m */,
				19F66906190AA78B00D2DE77 /* TimeSequence.h */,
				19F66907190AA78B00D2DE77 /* TimeSequence.m */,
			);
			name = AudioProcessing;
			sourceTree = "<group>";
		};
		19F668E8190AA63900D2DE77 /* AudioAcquisition */ = {
			isa = PBXGroup;
			children = (
				19F668ED190AA78B00D2DE77 /* AudioSource.h */,
				19F668EE190AA78B00D2DE77 /* AudioSource.m */,
				19F668FE190AA78B00D2DE77 /* SampleBuffer.h */,
				19F668FF190AA78B00D2DE77 /* SampleBuffer.m */,
			);
			name = AudioAcquisition;
			sourceTree = "<group>";
		};
		19F668E9190AA67D00D2DE77 /* Display */ = {
			isa = PBXGroup;
			children = (
				194EA9F7191B9D4600FC152F /* ColorMap.h */,
				194EA9F8191B9D4600FC152F /* ColorMap.m */,
				19F668F1190AA78B00D2DE77 /* ColumnRenderer.h */,
				19F668F2190AA78B00D2DE77 /* ColumnRenderer.m */,
				19F66958190AB26800D2DE77 /* GLRenderer.h */,
				19F66957190AB26800D2DE77 /* GLRenderer.m */,
				19F66900190AA78B00D2DE77 /* LinearScrollingRenderer.h */,
				19F66901190AA78B00D2DE77 /* LinearScrollingRenderer.m */,
				19CEAC68192275CD00AEA0AA /* RadialScrollingRenderer.h */,
				19CEAC67192275CD00AEA0AA /* RadialScrollingRenderer.m */,
				19F668FB190AA78B00D2DE77 /* RendererDefs.h */,
				19BEF36819111A140013DD0A /* RendererTypes.h */,
				19F668FC190AA78B00D2DE77 /* RendererUtils.h */,
				19F668FD190AA78B00D2DE77 /* RendererUtils.m */,
				19CEAC5919212F7900AEA0AA /* RenderTexture.h */,
				19CEAC5819212F7900AEA0AA /* RenderTexture.m */,
				19CEAC5C192200A800AEA0AA /* ScrollingRenderer.h */,
			);
			name = Display;
			sourceTree = "<group>";
		};
		EEF830BD190AE2A400E8B2F2 /* View */ = {
			isa = PBXGroup;
			children = (
				EEF830BE190AE2BA00E8B2F2 /* ColumnShader.fsh */,
				EEF830BF190AE2BA00E8B2F2 /* ColumnShader.vsh */,
				EEF830C0190AE2BA00E8B2F2 /* LinearScrollingShader.fsh */,
				EEF830C1190AE2BA00E8B2F2 /* LinearScrollingShader.vsh */,
				19F6694E190AB09100D2DE77 /* MobileGLDisplay.h */,
				19F6694F190AB09100D2DE77 /* MobileGLDisplay.m */,
				19CEAC6B1922767300AEA0AA /* RadialScrollingShader.fsh */,
				19CEAC6A1922767300AEA0AA /* RadialScrollingShader.vsh */,
			);
			name = View;
			sourceTree = "<group>";
		};
/* End PBXGroup section */

/* Begin PBXNativeTarget section */
		1901B82718FBFBA7002DE52F /* Spectrogeddon */ = {
			isa = PBXNativeTarget;
			buildConfigurationList = 1901B85D18FBFBA8002DE52F /* Build configuration list for PBXNativeTarget "Spectrogeddon" */;
			buildPhases = (
				1901B82418FBFBA7002DE52F /* Sources */,
				1901B82518FBFBA7002DE52F /* Frameworks */,
				1901B82618FBFBA7002DE52F /* Resources */,
			);
			buildRules = (
			);
			dependencies = (
			);
			name = Spectrogeddon;
			productName = Spectrogeddon;
			productReference = 1901B82818FBFBA7002DE52F /* Spectrogeddon.app */;
			productType = "com.apple.product-type.application";
		};
		1901B84B18FBFBA8002DE52F /* SpectrogeddonTests */ = {
			isa = PBXNativeTarget;
			buildConfigurationList = 1901B86018FBFBA8002DE52F /* Build configuration list for PBXNativeTarget "SpectrogeddonTests" */;
			buildPhases = (
				1901B84818FBFBA8002DE52F /* Sources */,
				1901B84918FBFBA8002DE52F /* Frameworks */,
				1901B84A18FBFBA8002DE52F /* Resources */,
			);
			buildRules = (
			);
			dependencies = (
				1901B85218FBFBA8002DE52F /* PBXTargetDependency */,
			);
			name = SpectrogeddonTests;
			productName = SpectrogeddonTests;
			productReference = 1901B84C18FBFBA8002DE52F /* SpectrogeddonTests.xctest */;
			productType = "com.apple.product-type.bundle.unit-test";
		};
/* End PBXNativeTarget section */

/* Begin PBXProject section */
		1901B82018FBFBA7002DE52F /* Project object */ = {
			isa = PBXProject;
			attributes = {
				LastUpgradeCheck = 0510;
				ORGANIZATIONNAME = Random;
				TargetAttributes = {
					1901B84B18FBFBA8002DE52F = {
						TestTargetID = 1901B82718FBFBA7002DE52F;
					};
				};
			};
			buildConfigurationList = 1901B82318FBFBA7002DE52F /* Build configuration list for PBXProject "Spectrogeddon" */;
			compatibilityVersion = "Xcode 3.2";
			developmentRegion = English;
			hasScannedForEncodings = 0;
			knownRegions = (
				en,
				Base,
			);
			mainGroup = 1901B81F18FBFBA7002DE52F;
			productRefGroup = 1901B82918FBFBA7002DE52F /* Products */;
			projectDirPath = "";
			projectRoot = "";
			targets = (
				1901B82718FBFBA7002DE52F /* Spectrogeddon */,
				1901B84B18FBFBA8002DE52F /* SpectrogeddonTests */,
			);
		};
/* End PBXProject section */

/* Begin PBXResourcesBuildPhase section */
		1901B82618FBFBA7002DE52F /* Resources */ = {
			isa = PBXResourcesBuildPhase;
			buildActionMask = 2147483647;
			files = (
				1901B84218FBFBA7002DE52F /* Main_iPad.storyboard in Resources */,
				19541FE31906D89900BC94BF /* ColorMaps in Resources */,
				EEF830C4190AE2BA00E8B2F2 /* LinearScrollingShader.fsh in Resources */,
				1901B86418FBFCA3002DE52F /* ViewController.xib in Resources */,
				EEF830C2190AE2BA00E8B2F2 /* ColumnShader.fsh in Resources */,
				19CEAC6D1922767300AEA0AA /* RadialScrollingShader.fsh in Resources */,
				EEF830C3190AE2BA00E8B2F2 /* ColumnShader.vsh in Resources */,
				EEF830C5190AE2BA00E8B2F2 /* LinearScrollingShader.vsh in Resources */,
				1901B84718FBFBA7002DE52F /* Images.xcassets in Resources */,
				1901B83F18FBFBA7002DE52F /* Main_iPhone.storyboard in Resources */,
				19CEAC6C1922767300AEA0AA /* RadialScrollingShader.vsh in Resources */,
				1901B83618FBFBA7002DE52F /* InfoPlist.strings in Resources */,
			);
			runOnlyForDeploymentPostprocessing = 0;
		};
		1901B84A18FBFBA8002DE52F /* Resources */ = {
			isa = PBXResourcesBuildPhase;
			buildActionMask = 2147483647;
			files = (
				1901B85818FBFBA8002DE52F /* InfoPlist.strings in Resources */,
			);
			runOnlyForDeploymentPostprocessing = 0;
		};
/* End PBXResourcesBuildPhase section */

/* Begin PBXSourcesBuildPhase section */
		1901B82418FBFBA7002DE52F /* Sources */ = {
			isa = PBXSourcesBuildPhase;
			buildActionMask = 2147483647;
			files = (
				1901B84518FBFBA7002DE52F /* ViewController.m in Sources */,
				19F66959190AB26800D2DE77 /* GLRenderer.m in Sources */,
				19CEAC53191BADDA00AEA0AA /* SettingsStore.m in Sources */,
				194EA9F9191B9D4600FC152F /* ColorMap.m in Sources */,
				19F66909190AA78B00D2DE77 /* ColorMapSet.m in Sources */,
				19CEAC5A19212F7900AEA0AA /* RenderTexture.m in Sources */,
				19F66950190AB09100D2DE77 /* MobileGLDisplay.m in Sources */,
				19F66908190AA78B00D2DE77 /* AudioSource.m in Sources */,
				19F66915190AA78B00D2DE77 /* SpectrumGenerator.m in Sources */,
				19F66916190AA78B00D2DE77 /* TimeSequence.m in Sources */,
				1901B83C18FBFBA7002DE52F /* AppDelegate.m in Sources */,
				19F6690D190AA78B00D2DE77 /* FastFourierTransform.m in Sources */,
				19F66911190AA78B00D2DE77 /* SampleBuffer.m in Sources */,
				19F6690A190AA78B00D2DE77 /* ColumnRenderer.m in Sources */,
				19F66910190AA78B00D2DE77 /* RendererUtils.m in Sources */,
				1901B83818FBFBA7002DE52F /* main.m in Sources */,
				194EA9F3191B878400FC152F /* DisplaySettings.m in Sources */,
				19CEAC69192275CD00AEA0AA /* RadialScrollingRenderer.m in Sources */,
				19F66912190AA78B00D2DE77 /* LinearScrollingRenderer.m in Sources */,
			);
			runOnlyForDeploymentPostprocessing = 0;
		};
		1901B84818FBFBA8002DE52F /* Sources */ = {
			isa = PBXSourcesBuildPhase;
			buildActionMask = 2147483647;
			files = (
				1901B85A18FBFBA8002DE52F /* SpectrogeddonTests.m in Sources */,
			);
			runOnlyForDeploymentPostprocessing = 0;
		};
/* End PBXSourcesBuildPhase section */

/* Begin PBXTargetDependency section */
		1901B85218FBFBA8002DE52F /* PBXTargetDependency */ = {
			isa = PBXTargetDependency;
			target = 1901B82718FBFBA7002DE52F /* Spectrogeddon */;
			targetProxy = 1901B85118FBFBA8002DE52F /* PBXContainerItemProxy */;
		};
/* End PBXTargetDependency section */

/* Begin PBXVariantGroup section */
		1901B83418FBFBA7002DE52F /* InfoPlist.strings */ = {
			isa = PBXVariantGroup;
			children = (
				1901B83518FBFBA7002DE52F /* en */,
			);
			name = InfoPlist.strings;
			sourceTree = "<group>";
		};
		1901B83D18FBFBA7002DE52F /* Main_iPhone.storyboard */ = {
			isa = PBXVariantGroup;
			children = (
				1901B83E18FBFBA7002DE52F /* Base */,
			);
			name = Main_iPhone.storyboard;
			sourceTree = "<group>";
		};
		1901B84018FBFBA7002DE52F /* Main_iPad.storyboard */ = {
			isa = PBXVariantGroup;
			children = (
				1901B84118FBFBA7002DE52F /* Base */,
			);
			name = Main_iPad.storyboard;
			sourceTree = "<group>";
		};
		1901B85618FBFBA8002DE52F /* InfoPlist.strings */ = {
			isa = PBXVariantGroup;
			children = (
				1901B85718FBFBA8002DE52F /* en */,
			);
			name = InfoPlist.strings;
			sourceTree = "<group>";
		};
/* End PBXVariantGroup section */

/* Begin XCBuildConfiguration section */
		1901B85B18FBFBA8002DE52F /* Debug */ = {
			isa = XCBuildConfiguration;
			buildSettings = {
				ALWAYS_SEARCH_USER_PATHS = NO;
				CLANG_CXX_LANGUAGE_STANDARD = "gnu++0x";
				CLANG_CXX_LIBRARY = "libc++";
				CLANG_ENABLE_MODULES = YES;
				CLANG_ENABLE_OBJC_ARC = YES;
				CLANG_WARN_BOOL_CONVERSION = YES;
				CLANG_WARN_CONSTANT_CONVERSION = YES;
				CLANG_WARN_DIRECT_OBJC_ISA_USAGE = YES_ERROR;
				CLANG_WARN_EMPTY_BODY = YES;
				CLANG_WARN_ENUM_CONVERSION = YES;
				CLANG_WARN_INT_CONVERSION = YES;
				CLANG_WARN_OBJC_ROOT_CLASS = YES_ERROR;
				CLANG_WARN__DUPLICATE_METHOD_MATCH = YES;
				"CODE_SIGN_IDENTITY[sdk=iphoneos*]" = "iPhone Developer";
				COPY_PHASE_STRIP = NO;
				GCC_C_LANGUAGE_STANDARD = gnu99;
				GCC_DYNAMIC_NO_PIC = NO;
				GCC_OPTIMIZATION_LEVEL = 0;
				GCC_PREPROCESSOR_DEFINITIONS = (
					"DEBUG=1",
					"$(inherited)",
				);
				GCC_SYMBOLS_PRIVATE_EXTERN = NO;
				GCC_WARN_64_TO_32_BIT_CONVERSION = YES;
				GCC_WARN_ABOUT_RETURN_TYPE = YES_ERROR;
				GCC_WARN_UNDECLARED_SELECTOR = YES;
				GCC_WARN_UNINITIALIZED_AUTOS = YES_AGGRESSIVE;
				GCC_WARN_UNUSED_FUNCTION = YES;
				GCC_WARN_UNUSED_VARIABLE = YES;
				IPHONEOS_DEPLOYMENT_TARGET = 7.1;
				ONLY_ACTIVE_ARCH = YES;
				SDKROOT = iphoneos;
				TARGETED_DEVICE_FAMILY = "1,2";
			};
			name = Debug;
		};
		1901B85C18FBFBA8002DE52F /* Release */ = {
			isa = XCBuildConfiguration;
			buildSettings = {
				ALWAYS_SEARCH_USER_PATHS = NO;
				CLANG_CXX_LANGUAGE_STANDARD = "gnu++0x";
				CLANG_CXX_LIBRARY = "libc++";
				CLANG_ENABLE_MODULES = YES;
				CLANG_ENABLE_OBJC_ARC = YES;
				CLANG_WARN_BOOL_CONVERSION = YES;
				CLANG_WARN_CONSTANT_CONVERSION = YES;
				CLANG_WARN_DIRECT_OBJC_ISA_USAGE = YES_ERROR;
				CLANG_WARN_EMPTY_BODY = YES;
				CLANG_WARN_ENUM_CONVERSION = YES;
				CLANG_WARN_INT_CONVERSION = YES;
				CLANG_WARN_OBJC_ROOT_CLASS = YES_ERROR;
				CLANG_WARN__DUPLICATE_METHOD_MATCH = YES;
				"CODE_SIGN_IDENTITY[sdk=iphoneos*]" = "iPhone Developer";
				COPY_PHASE_STRIP = YES;
				ENABLE_NS_ASSERTIONS = NO;
				GCC_C_LANGUAGE_STANDARD = gnu99;
				GCC_WARN_64_TO_32_BIT_CONVERSION = YES;
				GCC_WARN_ABOUT_RETURN_TYPE = YES_ERROR;
				GCC_WARN_UNDECLARED_SELECTOR = YES;
				GCC_WARN_UNINITIALIZED_AUTOS = YES_AGGRESSIVE;
				GCC_WARN_UNUSED_FUNCTION = YES;
				GCC_WARN_UNUSED_VARIABLE = YES;
				IPHONEOS_DEPLOYMENT_TARGET = 7.1;
				SDKROOT = iphoneos;
				TARGETED_DEVICE_FAMILY = "1,2";
				VALIDATE_PRODUCT = YES;
			};
			name = Release;
		};
		1901B85E18FBFBA8002DE52F /* Debug */ = {
			isa = XCBuildConfiguration;
			buildSettings = {
				ASSETCATALOG_COMPILER_APPICON_NAME = AppIcon;
				ASSETCATALOG_COMPILER_LAUNCHIMAGE_NAME = LaunchImage;
				CODE_SIGN_IDENTITY = "iPhone Developer";
				"CODE_SIGN_IDENTITY[sdk=iphoneos*]" = "iPhone Developer";
				GCC_PRECOMPILE_PREFIX_HEADER = YES;
				GCC_PREFIX_HEADER = "Spectrogeddon/Spectrogeddon-Prefix.pch";
				INFOPLIST_FILE = "Spectrogeddon/Spectrogeddon-Info.plist";
				IPHONEOS_DEPLOYMENT_TARGET = 7.0;
				PRODUCT_NAME = "$(TARGET_NAME)";
				PROVISIONING_PROFILE = "";
				WRAPPER_EXTENSION = app;
			};
			name = Debug;
		};
		1901B85F18FBFBA8002DE52F /* Release */ = {
			isa = XCBuildConfiguration;
			buildSettings = {
				ASSETCATALOG_COMPILER_APPICON_NAME = AppIcon;
				ASSETCATALOG_COMPILER_LAUNCHIMAGE_NAME = LaunchImage;
				CODE_SIGN_IDENTITY = "iPhone Developer";
				"CODE_SIGN_IDENTITY[sdk=iphoneos*]" = "iPhone Developer";
				GCC_PRECOMPILE_PREFIX_HEADER = YES;
				GCC_PREFIX_HEADER = "Spectrogeddon/Spectrogeddon-Prefix.pch";
				GCC_PREPROCESSOR_DEFINITIONS = NDEBUG;
				INFOPLIST_FILE = "Spectrogeddon/Spectrogeddon-Info.plist";
				IPHONEOS_DEPLOYMENT_TARGET = 7.0;
				PRODUCT_NAME = "$(TARGET_NAME)";
				PROVISIONING_PROFILE = "";
				WRAPPER_EXTENSION = app;
			};
			name = Release;
		};
		1901B86118FBFBA8002DE52F /* Debug */ = {
			isa = XCBuildConfiguration;
			buildSettings = {
				BUNDLE_LOADER = "$(BUILT_PRODUCTS_DIR)/Spectrogeddon.app/Spectrogeddon";
				FRAMEWORK_SEARCH_PATHS = (
					"$(SDKROOT)/Developer/Library/Frameworks",
					"$(inherited)",
					"$(DEVELOPER_FRAMEWORKS_DIR)",
				);
				GCC_PRECOMPILE_PREFIX_HEADER = YES;
				GCC_PREFIX_HEADER = "Spectrogeddon/Spectrogeddon-Prefix.pch";
				GCC_PREPROCESSOR_DEFINITIONS = (
					"DEBUG=1",
					"$(inherited)",
				);
				INFOPLIST_FILE = "SpectrogeddonTests/SpectrogeddonTests-Info.plist";
				PRODUCT_NAME = "$(TARGET_NAME)";
				TEST_HOST = "$(BUNDLE_LOADER)";
				WRAPPER_EXTENSION = xctest;
			};
			name = Debug;
		};
		1901B86218FBFBA8002DE52F /* Release */ = {
			isa = XCBuildConfiguration;
			buildSettings = {
				BUNDLE_LOADER = "$(BUILT_PRODUCTS_DIR)/Spectrogeddon.app/Spectrogeddon";
				FRAMEWORK_SEARCH_PATHS = (
					"$(SDKROOT)/Developer/Library/Frameworks",
					"$(inherited)",
					"$(DEVELOPER_FRAMEWORKS_DIR)",
				);
				GCC_PRECOMPILE_PREFIX_HEADER = YES;
				GCC_PREFIX_HEADER = "Spectrogeddon/Spectrogeddon-Prefix.pch";
				INFOPLIST_FILE = "SpectrogeddonTests/SpectrogeddonTests-Info.plist";
				PRODUCT_NAME = "$(TARGET_NAME)";
				TEST_HOST = "$(BUNDLE_LOADER)";
				WRAPPER_EXTENSION = xctest;
			};
			name = Release;
		};
/* End XCBuildConfiguration section */

/* Begin XCConfigurationList section */
		1901B82318FBFBA7002DE52F /* Build configuration list for PBXProject "Spectrogeddon" */ = {
			isa = XCConfigurationList;
			buildConfigurations = (
				1901B85B18FBFBA8002DE52F /* Debug */,
				1901B85C18FBFBA8002DE52F /* Release */,
			);
			defaultConfigurationIsVisible = 0;
			defaultConfigurationName = Release;
		};
		1901B85D18FBFBA8002DE52F /* Build configuration list for PBXNativeTarget "Spectrogeddon" */ = {
			isa = XCConfigurationList;
			buildConfigurations = (
				1901B85E18FBFBA8002DE52F /* Debug */,
				1901B85F18FBFBA8002DE52F /* Release */,
			);
			defaultConfigurationIsVisible = 0;
			defaultConfigurationName = Release;
		};
		1901B86018FBFBA8002DE52F /* Build configuration list for PBXNativeTarget "SpectrogeddonTests" */ = {
			isa = XCConfigurationList;
			buildConfigurations = (
				1901B86118FBFBA8002DE52F /* Debug */,
				1901B86218FBFBA8002DE52F /* Release */,
			);
			defaultConfigurationIsVisible = 0;
			defaultConfigurationName = Release;
		};
/* End XCConfigurationList section */
	};
	rootObject = 1901B82018FBFBA7002DE52F /* Project object */;
}
