// !$*UTF8*$!
{
	archiveVersion = 1;
	classes = {
	};
	objectVersion = 46;
	objects = {

/* Begin PBXBuildFile section */
		1901B82C18FBFBA7002DE52F /* Foundation.framework in Frameworks */ = {isa = PBXBuildFile; fileRef = 1901B82B18FBFBA7002DE52F /* Foundation.framework */; };
		1901B82E18FBFBA7002DE52F /* CoreGraphics.framework in Frameworks */ = {isa = PBXBuildFile; fileRef = 1901B82D18FBFBA7002DE52F /* CoreGraphics.framework */; };
		1901B83018FBFBA7002DE52F /* UIKit.framework in Frameworks */ = {isa = PBXBuildFile; fileRef = 1901B82F18FBFBA7002DE52F /* UIKit.framework */; };
		1901B83618FBFBA7002DE52F /* InfoPlist.strings in Resources */ = {isa = PBXBuildFile; fileRef = 1901B83418FBFBA7002DE52F /* InfoPlist.strings */; };
		1901B84718FBFBA7002DE52F /* Images.xcassets in Resources */ = {isa = PBXBuildFile; fileRef = 1901B84618FBFBA7002DE52F /* Images.xcassets */; };
		1901B84E18FBFBA8002DE52F /* XCTest.framework in Frameworks */ = {isa = PBXBuildFile; fileRef = 1901B84D18FBFBA8002DE52F /* XCTest.framework */; };
		1901B84F18FBFBA8002DE52F /* Foundation.framework in Frameworks */ = {isa = PBXBuildFile; fileRef = 1901B82B18FBFBA7002DE52F /* Foundation.framework */; };
		1901B85018FBFBA8002DE52F /* UIKit.framework in Frameworks */ = {isa = PBXBuildFile; fileRef = 1901B82F18FBFBA7002DE52F /* UIKit.framework */; };
		1901B85818FBFBA8002DE52F /* InfoPlist.strings in Resources */ = {isa = PBXBuildFile; fileRef = 1901B85618FBFBA8002DE52F /* InfoPlist.strings */; };
		194EA9F3191B878400FC152F /* DisplaySettings.m in Sources */ = {isa = PBXBuildFile; fileRef = 194EA9F1191B878400FC152F /* DisplaySettings.m */; };
		194EA9F9191B9D4600FC152F /* ColorMap.m in Sources */ = {isa = PBXBuildFile; fileRef = 194EA9F8191B9D4600FC152F /* ColorMap.m */; };
		19541FAE18FC343300BC94BF /* Accelerate.framework in Frameworks */ = {isa = PBXBuildFile; fileRef = 19541FAD18FC343300BC94BF /* Accelerate.framework */; };
		19541FB418FC37A600BC94BF /* AVFoundation.framework in Frameworks */ = {isa = PBXBuildFile; fileRef = 19541FB318FC37A600BC94BF /* AVFoundation.framework */; };
		19541FC118FD7A2E00BC94BF /* OpenGLES.framework in Frameworks */ = {isa = PBXBuildFile; fileRef = 19541FC018FD7A2E00BC94BF /* OpenGLES.framework */; };
		19541FC318FD7AAF00BC94BF /* QuartzCore.framework in Frameworks */ = {isa = PBXBuildFile; fileRef = 19541FC218FD7AAF00BC94BF /* QuartzCore.framework */; };
		19541FCB18FD8BEB00BC94BF /* GLKit.framework in Frameworks */ = {isa = PBXBuildFile; fileRef = 19541FCA18FD8BEB00BC94BF /* GLKit.framework */; };
		19541FE31906D89900BC94BF /* ColorMaps in Resources */ = {isa = PBXBuildFile; fileRef = 19541FE21906D89900BC94BF /* ColorMaps */; };
		19CEAC53191BADDA00AEA0AA /* SettingsStore.m in Sources */ = {isa = PBXBuildFile; fileRef = 19CEAC51191BADDA00AEA0AA /* SettingsStore.m */; };
		19CEAC5A19212F7900AEA0AA /* RenderTexture.m in Sources */ = {isa = PBXBuildFile; fileRef = 19CEAC5819212F7900AEA0AA /* RenderTexture.m */; };
		19CEAC69192275CD00AEA0AA /* RadialScrollingRenderer.m in Sources */ = {isa = PBXBuildFile; fileRef = 19CEAC67192275CD00AEA0AA /* RadialScrollingRenderer.m */; };
		19F66909190AA78B00D2DE77 /* ColorMapSet.m in Sources */ = {isa = PBXBuildFile; fileRef = 19F668F0190AA78B00D2DE77 /* ColorMapSet.m */; };
		19F66910190AA78B00D2DE77 /* RendererUtils.m in Sources */ = {isa = PBXBuildFile; fileRef = 19F668FD190AA78B00D2DE77 /* RendererUtils.m */; };
		19F66912190AA78B00D2DE77 /* LinearScrollingRenderer.m in Sources */ = {isa = PBXBuildFile; fileRef = 19F66901190AA78B00D2DE77 /* LinearScrollingRenderer.m */; };
		19F66916190AA78B00D2DE77 /* TimeSequence.m in Sources */ = {isa = PBXBuildFile; fileRef = 19F66907190AA78B00D2DE77 /* TimeSequence.m */; };
		19F73F891923C578001E746D /* TexturedMeshShader.fsh in Resources */ = {isa = PBXBuildFile; fileRef = 19F73F871923C578001E746D /* TexturedMeshShader.fsh */; };
		19F73F8A1923C578001E746D /* TexturedMeshShader.vsh in Resources */ = {isa = PBXBuildFile; fileRef = 19F73F881923C578001E746D /* TexturedMeshShader.vsh */; };
		EE03A1261A82BE15005BE0DB /* Main.storyboard in Resources */ = {isa = PBXBuildFile; fileRef = EE03A1241A82BE15005BE0DB /* Main.storyboard */; };
		EE4D48E62287507B00B99036 /* AppDelegate.swift in Sources */ = {isa = PBXBuildFile; fileRef = EE4D48E52287507B00B99036 /* AppDelegate.swift */; };
		EE4D48E82287527900B99036 /* SpectrumViewController.swift in Sources */ = {isa = PBXBuildFile; fileRef = EE4D48E72287527900B99036 /* SpectrumViewController.swift */; };
		EE59724A1D08D369005EE551 /* Launch.storyboard in Resources */ = {isa = PBXBuildFile; fileRef = EE5972481D08D369005EE551 /* Launch.storyboard */; };
		EE5972511D12EA44005EE551 /* LoggingUtilities.m in Sources */ = {isa = PBXBuildFile; fileRef = EE5972501D12EA44005EE551 /* LoggingUtilities.m */; };
		EE624A6F1A721DD600F4A232 /* NSArray+Functional.m in Sources */ = {isa = PBXBuildFile; fileRef = EE624A6E1A721DD600F4A232 /* NSArray+Functional.m */; };
		EE8904642288A4AB00E1E0D5 /* SettingsViewController.swift in Sources */ = {isa = PBXBuildFile; fileRef = EE8904632288A4AB00E1E0D5 /* SettingsViewController.swift */; };
		EE8904652288AD9D00E1E0D5 /* SettingsModelClient.swift in Sources */ = {isa = PBXBuildFile; fileRef = EEE02F6B1A896C1100F7901D /* SettingsModelClient.swift */; };
		EE8904672288AE2300E1E0D5 /* SettingsWrapper.swift in Sources */ = {isa = PBXBuildFile; fileRef = EE8904662288AE2300E1E0D5 /* SettingsWrapper.swift */; };
		EE8904692289F3D500E1E0D5 /* MobileGLDisplay.swift in Sources */ = {isa = PBXBuildFile; fileRef = EE8904682289F3D500E1E0D5 /* MobileGLDisplay.swift */; };
		EE89046C228A05B000E1E0D5 /* SpectrogeddonTests.swift in Sources */ = {isa = PBXBuildFile; fileRef = EE89046B228A05B000E1E0D5 /* SpectrogeddonTests.swift */; };
		EE890477228BF66900E1E0D5 /* SpectrumGenerator.swift in Sources */ = {isa = PBXBuildFile; fileRef = EE890476228BF66900E1E0D5 /* SpectrumGenerator.swift */; };
		EE890479228BF6F000E1E0D5 /* FastFourierTransform.swift in Sources */ = {isa = PBXBuildFile; fileRef = EE890478228BF6F000E1E0D5 /* FastFourierTransform.swift */; };
		EE89047E228DE56E00E1E0D5 /* AudioSource.swift in Sources */ = {isa = PBXBuildFile; fileRef = EE89047D228DE56E00E1E0D5 /* AudioSource.swift */; };
		EE890482228F489400E1E0D5 /* SampleBuffer.swift in Sources */ = {isa = PBXBuildFile; fileRef = EE890481228F489400E1E0D5 /* SampleBuffer.swift */; };
		EE89048A2298741700E1E0D5 /* GLRenderer.swift in Sources */ = {isa = PBXBuildFile; fileRef = EE8904892298741700E1E0D5 /* GLRenderer.swift */; };
		EE89049022988E4800E1E0D5 /* ColumnRenderer.swift in Sources */ = {isa = PBXBuildFile; fileRef = EE89048F22988E4800E1E0D5 /* ColumnRenderer.swift */; };
		EEF7FE9A19251F85003241DF /* ShadedMesh.m in Sources */ = {isa = PBXBuildFile; fileRef = EEF7FE9819251F85003241DF /* ShadedMesh.m */; };
/* End PBXBuildFile section */

/* Begin PBXContainerItemProxy section */
		1901B85118FBFBA8002DE52F /* PBXContainerItemProxy */ = {
			isa = PBXContainerItemProxy;
			containerPortal = 1901B82018FBFBA7002DE52F /* Project object */;
			proxyType = 1;
			remoteGlobalIDString = 1901B82718FBFBA7002DE52F;
			remoteInfo = Spectrogeddon;
		};
/* End PBXContainerItemProxy section */

/* Begin PBXFileReference section */
		1901B82818FBFBA7002DE52F /* Spectrogeddon.app */ = {isa = PBXFileReference; explicitFileType = wrapper.application; includeInIndex = 0; path = Spectrogeddon.app; sourceTree = BUILT_PRODUCTS_DIR; };
		1901B82B18FBFBA7002DE52F /* Foundation.framework */ = {isa = PBXFileReference; lastKnownFileType = wrapper.framework; name = Foundation.framework; path = System/Library/Frameworks/Foundation.framework; sourceTree = SDKROOT; };
		1901B82D18FBFBA7002DE52F /* CoreGraphics.framework */ = {isa = PBXFileReference; lastKnownFileType = wrapper.framework; name = CoreGraphics.framework; path = System/Library/Frameworks/CoreGraphics.framework; sourceTree = SDKROOT; };
		1901B82F18FBFBA7002DE52F /* UIKit.framework */ = {isa = PBXFileReference; lastKnownFileType = wrapper.framework; name = UIKit.framework; path = System/Library/Frameworks/UIKit.framework; sourceTree = SDKROOT; };
		1901B83318FBFBA7002DE52F /* Spectrogeddon-Info.plist */ = {isa = PBXFileReference; lastKnownFileType = text.plist.xml; path = "Spectrogeddon-Info.plist"; sourceTree = "<group>"; };
		1901B83518FBFBA7002DE52F /* en */ = {isa = PBXFileReference; lastKnownFileType = text.plist.strings; name = en; path = en.lproj/InfoPlist.strings; sourceTree = "<group>"; };
		1901B84618FBFBA7002DE52F /* Images.xcassets */ = {isa = PBXFileReference; lastKnownFileType = folder.assetcatalog; path = Images.xcassets; sourceTree = "<group>"; };
		1901B84C18FBFBA8002DE52F /* SpectrogeddonTests.xctest */ = {isa = PBXFileReference; explicitFileType = wrapper.cfbundle; includeInIndex = 0; path = SpectrogeddonTests.xctest; sourceTree = BUILT_PRODUCTS_DIR; };
		1901B84D18FBFBA8002DE52F /* XCTest.framework */ = {isa = PBXFileReference; lastKnownFileType = wrapper.framework; name = XCTest.framework; path = Library/Frameworks/XCTest.framework; sourceTree = DEVELOPER_DIR; };
		1901B85518FBFBA8002DE52F /* SpectrogeddonTests-Info.plist */ = {isa = PBXFileReference; lastKnownFileType = text.plist.xml; path = "SpectrogeddonTests-Info.plist"; sourceTree = "<group>"; };
		1901B85718FBFBA8002DE52F /* en */ = {isa = PBXFileReference; lastKnownFileType = text.plist.strings; name = en; path = en.lproj/InfoPlist.strings; sourceTree = "<group>"; };
		194EA9F1191B878400FC152F /* DisplaySettings.m */ = {isa = PBXFileReference; fileEncoding = 4; lastKnownFileType = sourcecode.c.objc; path = DisplaySettings.m; sourceTree = "<group>"; };
		194EA9F2191B878400FC152F /* DisplaySettings.h */ = {isa = PBXFileReference; fileEncoding = 4; lastKnownFileType = sourcecode.c.h; path = DisplaySettings.h; sourceTree = "<group>"; };
		194EA9F7191B9D4600FC152F /* ColorMap.h */ = {isa = PBXFileReference; fileEncoding = 4; lastKnownFileType = sourcecode.c.h; path = ColorMap.h; sourceTree = "<group>"; };
		194EA9F8191B9D4600FC152F /* ColorMap.m */ = {isa = PBXFileReference; fileEncoding = 4; lastKnownFileType = sourcecode.c.objc; path = ColorMap.m; sourceTree = "<group>"; };
		19541FAD18FC343300BC94BF /* Accelerate.framework */ = {isa = PBXFileReference; lastKnownFileType = wrapper.framework; name = Accelerate.framework; path = System/Library/Frameworks/Accelerate.framework; sourceTree = SDKROOT; };
		19541FB318FC37A600BC94BF /* AVFoundation.framework */ = {isa = PBXFileReference; lastKnownFileType = wrapper.framework; name = AVFoundation.framework; path = System/Library/Frameworks/AVFoundation.framework; sourceTree = SDKROOT; };
		19541FC018FD7A2E00BC94BF /* OpenGLES.framework */ = {isa = PBXFileReference; lastKnownFileType = wrapper.framework; name = OpenGLES.framework; path = System/Library/Frameworks/OpenGLES.framework; sourceTree = SDKROOT; };
		19541FC218FD7AAF00BC94BF /* QuartzCore.framework */ = {isa = PBXFileReference; lastKnownFileType = wrapper.framework; name = QuartzCore.framework; path = System/Library/Frameworks/QuartzCore.framework; sourceTree = SDKROOT; };
		19541FCA18FD8BEB00BC94BF /* GLKit.framework */ = {isa = PBXFileReference; lastKnownFileType = wrapper.framework; name = GLKit.framework; path = System/Library/Frameworks/GLKit.framework; sourceTree = SDKROOT; };
		19541FE21906D89900BC94BF /* ColorMaps */ = {isa = PBXFileReference; lastKnownFileType = folder; name = ColorMaps; path = ../../CommonAssets/ColorMaps; sourceTree = "<group>"; };
		19BEF36819111A140013DD0A /* RendererTypes.h */ = {isa = PBXFileReference; fileEncoding = 4; lastKnownFileType = sourcecode.c.h; path = RendererTypes.h; sourceTree = "<group>"; };
		19CEAC51191BADDA00AEA0AA /* SettingsStore.m */ = {isa = PBXFileReference; fileEncoding = 4; lastKnownFileType = sourcecode.c.objc; path = SettingsStore.m; sourceTree = "<group>"; };
		19CEAC52191BADDA00AEA0AA /* SettingsStore.h */ = {isa = PBXFileReference; fileEncoding = 4; lastKnownFileType = sourcecode.c.h; path = SettingsStore.h; sourceTree = "<group>"; };
		19CEAC5819212F7900AEA0AA /* RenderTexture.m */ = {isa = PBXFileReference; fileEncoding = 4; lastKnownFileType = sourcecode.c.objc; path = RenderTexture.m; sourceTree = "<group>"; };
		19CEAC5919212F7900AEA0AA /* RenderTexture.h */ = {isa = PBXFileReference; fileEncoding = 4; lastKnownFileType = sourcecode.c.h; path = RenderTexture.h; sourceTree = "<group>"; };
		19CEAC5C192200A800AEA0AA /* ScrollingRenderer.h */ = {isa = PBXFileReference; fileEncoding = 4; lastKnownFileType = sourcecode.c.h; path = ScrollingRenderer.h; sourceTree = "<group>"; };
		19CEAC67192275CD00AEA0AA /* RadialScrollingRenderer.m */ = {isa = PBXFileReference; fileEncoding = 4; lastKnownFileType = sourcecode.c.objc; path = RadialScrollingRenderer.m; sourceTree = "<group>"; };
		19CEAC68192275CD00AEA0AA /* RadialScrollingRenderer.h */ = {isa = PBXFileReference; fileEncoding = 4; lastKnownFileType = sourcecode.c.h; path = RadialScrollingRenderer.h; sourceTree = "<group>"; };
		19F668EF190AA78B00D2DE77 /* ColorMapSet.h */ = {isa = PBXFileReference; fileEncoding = 4; lastKnownFileType = sourcecode.c.h; path = ColorMapSet.h; sourceTree = "<group>"; };
		19F668F0190AA78B00D2DE77 /* ColorMapSet.m */ = {isa = PBXFileReference; fileEncoding = 4; lastKnownFileType = sourcecode.c.objc; path = ColorMapSet.m; sourceTree = "<group>"; };
		19F668FB190AA78B00D2DE77 /* RendererDefs.h */ = {isa = PBXFileReference; fileEncoding = 4; lastKnownFileType = sourcecode.c.h; path = RendererDefs.h; sourceTree = "<group>"; };
		19F668FC190AA78B00D2DE77 /* RendererUtils.h */ = {isa = PBXFileReference; fileEncoding = 4; lastKnownFileType = sourcecode.c.h; path = RendererUtils.h; sourceTree = "<group>"; };
		19F668FD190AA78B00D2DE77 /* RendererUtils.m */ = {isa = PBXFileReference; fileEncoding = 4; lastKnownFileType = sourcecode.c.objc; path = RendererUtils.m; sourceTree = "<group>"; };
		19F66900190AA78B00D2DE77 /* LinearScrollingRenderer.h */ = {isa = PBXFileReference; fileEncoding = 4; lastKnownFileType = sourcecode.c.h; path = LinearScrollingRenderer.h; sourceTree = "<group>"; };
		19F66901190AA78B00D2DE77 /* LinearScrollingRenderer.m */ = {isa = PBXFileReference; fileEncoding = 4; lastKnownFileType = sourcecode.c.objc; path = LinearScrollingRenderer.m; sourceTree = "<group>"; };
		19F66906190AA78B00D2DE77 /* TimeSequence.h */ = {isa = PBXFileReference; fileEncoding = 4; lastKnownFileType = sourcecode.c.h; path = TimeSequence.h; sourceTree = "<group>"; };
		19F66907190AA78B00D2DE77 /* TimeSequence.m */ = {isa = PBXFileReference; fileEncoding = 4; lastKnownFileType = sourcecode.c.objc; path = TimeSequence.m; sourceTree = "<group>"; };
		19F73F871923C578001E746D /* TexturedMeshShader.fsh */ = {isa = PBXFileReference; fileEncoding = 4; lastKnownFileType = sourcecode.glsl; path = TexturedMeshShader.fsh; sourceTree = "<group>"; };
		19F73F881923C578001E746D /* TexturedMeshShader.vsh */ = {isa = PBXFileReference; fileEncoding = 4; lastKnownFileType = sourcecode.glsl; path = TexturedMeshShader.vsh; sourceTree = "<group>"; };
		EE03A1251A82BE15005BE0DB /* Base */ = {isa = PBXFileReference; lastKnownFileType = file.storyboard; name = Base; path = Base.lproj/Main.storyboard; sourceTree = "<group>"; };
		EE4D48E22287506800B99036 /* Spectrogeddon-Bridging-Header.h */ = {isa = PBXFileReference; lastKnownFileType = sourcecode.c.h; path = "Spectrogeddon-Bridging-Header.h"; sourceTree = "<group>"; };
		EE4D48E52287507B00B99036 /* AppDelegate.swift */ = {isa = PBXFileReference; lastKnownFileType = sourcecode.swift; path = AppDelegate.swift; sourceTree = "<group>"; };
		EE4D48E72287527900B99036 /* SpectrumViewController.swift */ = {isa = PBXFileReference; lastKnownFileType = sourcecode.swift; path = SpectrumViewController.swift; sourceTree = "<group>"; };
		EE5972491D08D369005EE551 /* Base */ = {isa = PBXFileReference; lastKnownFileType = file.storyboard; name = Base; path = Base.lproj/Launch.storyboard; sourceTree = "<group>"; };
		EE59724F1D12EA44005EE551 /* LoggingUtilities.h */ = {isa = PBXFileReference; fileEncoding = 4; lastKnownFileType = sourcecode.c.h; path = LoggingUtilities.h; sourceTree = "<group>"; };
		EE5972501D12EA44005EE551 /* LoggingUtilities.m */ = {isa = PBXFileReference; fileEncoding = 4; lastKnownFileType = sourcecode.c.objc; path = LoggingUtilities.m; sourceTree = "<group>"; };
		EE624A6D1A721DD600F4A232 /* NSArray+Functional.h */ = {isa = PBXFileReference; fileEncoding = 4; lastKnownFileType = sourcecode.c.h; path = "NSArray+Functional.h"; sourceTree = "<group>"; };
		EE624A6E1A721DD600F4A232 /* NSArray+Functional.m */ = {isa = PBXFileReference; fileEncoding = 4; lastKnownFileType = sourcecode.c.objc; path = "NSArray+Functional.m"; sourceTree = "<group>"; };
		EE8904632288A4AB00E1E0D5 /* SettingsViewController.swift */ = {isa = PBXFileReference; lastKnownFileType = sourcecode.swift; path = SettingsViewController.swift; sourceTree = "<group>"; };
		EE8904662288AE2300E1E0D5 /* SettingsWrapper.swift */ = {isa = PBXFileReference; lastKnownFileType = sourcecode.swift; path = SettingsWrapper.swift; sourceTree = "<group>"; };
		EE8904682289F3D500E1E0D5 /* MobileGLDisplay.swift */ = {isa = PBXFileReference; lastKnownFileType = sourcecode.swift; path = MobileGLDisplay.swift; sourceTree = "<group>"; };
		EE89046A228A05B000E1E0D5 /* SpectrogeddonTests-Bridging-Header.h */ = {isa = PBXFileReference; lastKnownFileType = sourcecode.c.h; path = "SpectrogeddonTests-Bridging-Header.h"; sourceTree = "<group>"; };
		EE89046B228A05B000E1E0D5 /* SpectrogeddonTests.swift */ = {isa = PBXFileReference; lastKnownFileType = sourcecode.swift; path = SpectrogeddonTests.swift; sourceTree = "<group>"; };
		EE890476228BF66900E1E0D5 /* SpectrumGenerator.swift */ = {isa = PBXFileReference; fileEncoding = 4; lastKnownFileType = sourcecode.swift; path = SpectrumGenerator.swift; sourceTree = "<group>"; };
		EE890478228BF6F000E1E0D5 /* FastFourierTransform.swift */ = {isa = PBXFileReference; lastKnownFileType = sourcecode.swift; path = FastFourierTransform.swift; sourceTree = "<group>"; };
		EE89047D228DE56E00E1E0D5 /* AudioSource.swift */ = {isa = PBXFileReference; lastKnownFileType = sourcecode.swift; path = AudioSource.swift; sourceTree = "<group>"; };
		EE890481228F489400E1E0D5 /* SampleBuffer.swift */ = {isa = PBXFileReference; lastKnownFileType = sourcecode.swift; path = SampleBuffer.swift; sourceTree = "<group>"; };
		EE8904892298741700E1E0D5 /* GLRenderer.swift */ = {isa = PBXFileReference; fileEncoding = 4; lastKnownFileType = sourcecode.swift; path = GLRenderer.swift; sourceTree = "<group>"; };
		EE89048F22988E4800E1E0D5 /* ColumnRenderer.swift */ = {isa = PBXFileReference; fileEncoding = 4; lastKnownFileType = sourcecode.swift; path = ColumnRenderer.swift; sourceTree = "<group>"; };
		EEE02F6B1A896C1100F7901D /* SettingsModelClient.swift */ = {isa = PBXFileReference; fileEncoding = 4; lastKnownFileType = sourcecode.swift; path = SettingsModelClient.swift; sourceTree = "<group>"; };
		EEF7FE9819251F85003241DF /* ShadedMesh.m */ = {isa = PBXFileReference; fileEncoding = 4; lastKnownFileType = sourcecode.c.objc; path = ShadedMesh.m; sourceTree = "<group>"; };
		EEF7FE9919251F85003241DF /* ShadedMesh.h */ = {isa = PBXFileReference; fileEncoding = 4; lastKnownFileType = sourcecode.c.h; path = ShadedMesh.h; sourceTree = "<group>"; };
/* End PBXFileReference section */

/* Begin PBXFrameworksBuildPhase section */
		1901B82518FBFBA7002DE52F /* Frameworks */ = {
			isa = PBXFrameworksBuildPhase;
			buildActionMask = 2147483647;
			files = (
				19541FCB18FD8BEB00BC94BF /* GLKit.framework in Frameworks */,
				19541FC318FD7AAF00BC94BF /* QuartzCore.framework in Frameworks */,
				19541FC118FD7A2E00BC94BF /* OpenGLES.framework in Frameworks */,
				19541FB418FC37A600BC94BF /* AVFoundation.framework in Frameworks */,
				19541FAE18FC343300BC94BF /* Accelerate.framework in Frameworks */,
				1901B82E18FBFBA7002DE52F /* CoreGraphics.framework in Frameworks */,
				1901B83018FBFBA7002DE52F /* UIKit.framework in Frameworks */,
				1901B82C18FBFBA7002DE52F /* Foundation.framework in Frameworks */,
			);
			runOnlyForDeploymentPostprocessing = 0;
		};
		1901B84918FBFBA8002DE52F /* Frameworks */ = {
			isa = PBXFrameworksBuildPhase;
			buildActionMask = 2147483647;
			files = (
				1901B84E18FBFBA8002DE52F /* XCTest.framework in Frameworks */,
				1901B85018FBFBA8002DE52F /* UIKit.framework in Frameworks */,
				1901B84F18FBFBA8002DE52F /* Foundation.framework in Frameworks */,
			);
			runOnlyForDeploymentPostprocessing = 0;
		};
/* End PBXFrameworksBuildPhase section */

/* Begin PBXGroup section */
		1901B81F18FBFBA7002DE52F = {
			isa = PBXGroup;
			children = (
				1901B83118FBFBA7002DE52F /* Spectrogeddon */,
				1901B85318FBFBA8002DE52F /* SpectrogeddonTests */,
				1901B82A18FBFBA7002DE52F /* Frameworks */,
				1901B82918FBFBA7002DE52F /* Products */,
			);
			sourceTree = "<group>";
		};
		1901B82918FBFBA7002DE52F /* Products */ = {
			isa = PBXGroup;
			children = (
				1901B82818FBFBA7002DE52F /* Spectrogeddon.app */,
				1901B84C18FBFBA8002DE52F /* SpectrogeddonTests.xctest */,
			);
			name = Products;
			sourceTree = "<group>";
		};
		1901B82A18FBFBA7002DE52F /* Frameworks */ = {
			isa = PBXGroup;
			children = (
				19541FCA18FD8BEB00BC94BF /* GLKit.framework */,
				19541FC218FD7AAF00BC94BF /* QuartzCore.framework */,
				19541FC018FD7A2E00BC94BF /* OpenGLES.framework */,
				19541FB318FC37A600BC94BF /* AVFoundation.framework */,
				19541FAD18FC343300BC94BF /* Accelerate.framework */,
				1901B82B18FBFBA7002DE52F /* Foundation.framework */,
				1901B82D18FBFBA7002DE52F /* CoreGraphics.framework */,
				1901B82F18FBFBA7002DE52F /* UIKit.framework */,
				1901B84D18FBFBA8002DE52F /* XCTest.framework */,
			);
			name = Frameworks;
			sourceTree = "<group>";
		};
		1901B83118FBFBA7002DE52F /* Spectrogeddon */ = {
			isa = PBXGroup;
			children = (
				EE4D48E52287507B00B99036 /* AppDelegate.swift */,
				19541FE21906D89900BC94BF /* ColorMaps */,
				19F668E6190AA61100D2DE77 /* CommonModel */,
				19541F9F18FC2BA400BC94BF /* Controllers */,
				1901B84618FBFBA7002DE52F /* Images.xcassets */,
				1901B83218FBFBA7002DE52F /* Supporting Files */,
				EEF830BD190AE2A400E8B2F2 /* View */,
			);
			path = Spectrogeddon;
			sourceTree = "<group>";
		};
		1901B83218FBFBA7002DE52F /* Supporting Files */ = {
			isa = PBXGroup;
			children = (
				1901B83318FBFBA7002DE52F /* Spectrogeddon-Info.plist */,
				1901B83418FBFBA7002DE52F /* InfoPlist.strings */,
				EE4D48E22287506800B99036 /* Spectrogeddon-Bridging-Header.h */,
			);
			name = "Supporting Files";
			sourceTree = "<group>";
		};
		1901B85318FBFBA8002DE52F /* SpectrogeddonTests */ = {
			isa = PBXGroup;
			children = (
				EE89046B228A05B000E1E0D5 /* SpectrogeddonTests.swift */,
				1901B85418FBFBA8002DE52F /* Supporting Files */,
				EE89046A228A05B000E1E0D5 /* SpectrogeddonTests-Bridging-Header.h */,
			);
			path = SpectrogeddonTests;
			sourceTree = "<group>";
		};
		1901B85418FBFBA8002DE52F /* Supporting Files */ = {
			isa = PBXGroup;
			children = (
				1901B85518FBFBA8002DE52F /* SpectrogeddonTests-Info.plist */,
				1901B85618FBFBA8002DE52F /* InfoPlist.strings */,
			);
			name = "Supporting Files";
			sourceTree = "<group>";
		};
		19541F9F18FC2BA400BC94BF /* Controllers */ = {
			isa = PBXGroup;
			children = (
				EE5972481D08D369005EE551 /* Launch.storyboard */,
				EE03A1241A82BE15005BE0DB /* Main.storyboard */,
				EE8904632288A4AB00E1E0D5 /* SettingsViewController.swift */,
				EE8904662288AE2300E1E0D5 /* SettingsWrapper.swift */,
				EEE02F6B1A896C1100F7901D /* SettingsModelClient.swift */,
				EE4D48E72287527900B99036 /* SpectrumViewController.swift */,
			);
			name = Controllers;
			sourceTree = "<group>";
		};
		19CEAC50191BAD9600AEA0AA /* Settings */ = {
			isa = PBXGroup;
			children = (
				19F668EF190AA78B00D2DE77 /* ColorMapSet.h */,
				19F668F0190AA78B00D2DE77 /* ColorMapSet.m */,
				194EA9F2191B878400FC152F /* DisplaySettings.h */,
				194EA9F1191B878400FC152F /* DisplaySettings.m */,
				19CEAC52191BADDA00AEA0AA /* SettingsStore.h */,
				19CEAC51191BADDA00AEA0AA /* SettingsStore.m */,
			);
			name = Settings;
			sourceTree = "<group>";
		};
		19CEAC7C19227D9300AEA0AA /* Shaders */ = {
			isa = PBXGroup;
			children = (
				19F73F871923C578001E746D /* TexturedMeshShader.fsh */,
				19F73F881923C578001E746D /* TexturedMeshShader.vsh */,
			);
			name = Shaders;
			sourceTree = "<group>";
		};
		19F668E6190AA61100D2DE77 /* CommonModel */ = {
			isa = PBXGroup;
			children = (
				19F668E8190AA63900D2DE77 /* AudioAcquisition */,
				19F668E7190AA61D00D2DE77 /* AudioProcessing */,
				19F668E9190AA67D00D2DE77 /* Display */,
				19CEAC50191BAD9600AEA0AA /* Settings */,
				19CEAC7C19227D9300AEA0AA /* Shaders */,
				EE624A701A721DE200F4A232 /* Utilities */,
			);
			name = CommonModel;
			path = ../../CommonCode;
			sourceTree = "<group>";
		};
		19F668E7190AA61D00D2DE77 /* AudioProcessing */ = {
			isa = PBXGroup;
			children = (
				EE890478228BF6F000E1E0D5 /* FastFourierTransform.swift */,
				EE890476228BF66900E1E0D5 /* SpectrumGenerator.swift */,
				19F66906190AA78B00D2DE77 /* TimeSequence.h */,
				19F66907190AA78B00D2DE77 /* TimeSequence.m */,
			);
			name = AudioProcessing;
			sourceTree = "<group>";
		};
		19F668E8190AA63900D2DE77 /* AudioAcquisition */ = {
			isa = PBXGroup;
			children = (
				EE89047D228DE56E00E1E0D5 /* AudioSource.swift */,
				EE890481228F489400E1E0D5 /* SampleBuffer.swift */,
			);
			name = AudioAcquisition;
			sourceTree = "<group>";
		};
		19F668E9190AA67D00D2DE77 /* Display */ = {
			isa = PBXGroup;
			children = (
				EE89048F22988E4800E1E0D5 /* ColumnRenderer.swift */,
				194EA9F7191B9D4600FC152F /* ColorMap.h */,
				194EA9F8191B9D4600FC152F /* ColorMap.m */,
				EE8904892298741700E1E0D5 /* GLRenderer.swift */,
				19F66900190AA78B00D2DE77 /* LinearScrollingRenderer.h */,
				19F66901190AA78B00D2DE77 /* LinearScrollingRenderer.m */,
				19CEAC68192275CD00AEA0AA /* RadialScrollingRenderer.h */,
				19CEAC67192275CD00AEA0AA /* RadialScrollingRenderer.m */,
				19F668FB190AA78B00D2DE77 /* RendererDefs.h */,
				19BEF36819111A140013DD0A /* RendererTypes.h */,
				19F668FC190AA78B00D2DE77 /* RendererUtils.h */,
				19F668FD190AA78B00D2DE77 /* RendererUtils.m */,
				19CEAC5919212F7900AEA0AA /* RenderTexture.h */,
				19CEAC5819212F7900AEA0AA /* RenderTexture.m */,
				19CEAC5C192200A800AEA0AA /* ScrollingRenderer.h */,
				EEF7FE9919251F85003241DF /* ShadedMesh.h */,
				EEF7FE9819251F85003241DF /* ShadedMesh.m */,
			);
			name = Display;
			sourceTree = "<group>";
		};
		EE624A701A721DE200F4A232 /* Utilities */ = {
			isa = PBXGroup;
			children = (
				EE624A6D1A721DD600F4A232 /* NSArray+Functional.h */,
				EE624A6E1A721DD600F4A232 /* NSArray+Functional.m */,
				EE59724F1D12EA44005EE551 /* LoggingUtilities.h */,
				EE5972501D12EA44005EE551 /* LoggingUtilities.m */,
			);
			name = Utilities;
			sourceTree = "<group>";
		};
		EEF830BD190AE2A400E8B2F2 /* View */ = {
			isa = PBXGroup;
			children = (
				EE8904682289F3D500E1E0D5 /* MobileGLDisplay.swift */,
			);
			name = View;
			sourceTree = "<group>";
		};
/* End PBXGroup section */

/* Begin PBXNativeTarget section */
		1901B82718FBFBA7002DE52F /* Spectrogeddon */ = {
			isa = PBXNativeTarget;
			buildConfigurationList = 1901B85D18FBFBA8002DE52F /* Build configuration list for PBXNativeTarget "Spectrogeddon" */;
			buildPhases = (
				1901B82418FBFBA7002DE52F /* Sources */,
				1901B82518FBFBA7002DE52F /* Frameworks */,
				1901B82618FBFBA7002DE52F /* Resources */,
			);
			buildRules = (
			);
			dependencies = (
			);
			name = Spectrogeddon;
			productName = Spectrogeddon;
			productReference = 1901B82818FBFBA7002DE52F /* Spectrogeddon.app */;
			productType = "com.apple.product-type.application";
		};
		1901B84B18FBFBA8002DE52F /* SpectrogeddonTests */ = {
			isa = PBXNativeTarget;
			buildConfigurationList = 1901B86018FBFBA8002DE52F /* Build configuration list for PBXNativeTarget "SpectrogeddonTests" */;
			buildPhases = (
				1901B84818FBFBA8002DE52F /* Sources */,
				1901B84918FBFBA8002DE52F /* Frameworks */,
				1901B84A18FBFBA8002DE52F /* Resources */,
			);
			buildRules = (
			);
			dependencies = (
				1901B85218FBFBA8002DE52F /* PBXTargetDependency */,
			);
			name = SpectrogeddonTests;
			productName = SpectrogeddonTests;
			productReference = 1901B84C18FBFBA8002DE52F /* SpectrogeddonTests.xctest */;
			productType = "com.apple.product-type.bundle.unit-test";
		};
/* End PBXNativeTarget section */

/* Begin PBXProject section */
		1901B82018FBFBA7002DE52F /* Project object */ = {
			isa = PBXProject;
			attributes = {
				LastUpgradeCheck = 1020;
				ORGANIZATIONNAME = Random;
				TargetAttributes = {
					1901B82718FBFBA7002DE52F = {
						DevelopmentTeam = VBS9CNK6L3;
						LastSwiftMigration = 1010;
					};
					1901B84B18FBFBA8002DE52F = {
						LastSwiftMigration = 1020;
						TestTargetID = 1901B82718FBFBA7002DE52F;
					};
				};
			};
			buildConfigurationList = 1901B82318FBFBA7002DE52F /* Build configuration list for PBXProject "Spectrogeddon" */;
			compatibilityVersion = "Xcode 3.2";
			developmentRegion = en;
			hasScannedForEncodings = 0;
			knownRegions = (
				en,
				Base,
			);
			mainGroup = 1901B81F18FBFBA7002DE52F;
			productRefGroup = 1901B82918FBFBA7002DE52F /* Products */;
			projectDirPath = "";
			projectRoot = "";
			targets = (
				1901B82718FBFBA7002DE52F /* Spectrogeddon */,
				1901B84B18FBFBA8002DE52F /* SpectrogeddonTests */,
			);
		};
/* End PBXProject section */

/* Begin PBXResourcesBuildPhase section */
		1901B82618FBFBA7002DE52F /* Resources */ = {
			isa = PBXResourcesBuildPhase;
			buildActionMask = 2147483647;
			files = (
				19F73F8A1923C578001E746D /* TexturedMeshShader.vsh in Resources */,
				19F73F891923C578001E746D /* TexturedMeshShader.fsh in Resources */,
				19541FE31906D89900BC94BF /* ColorMaps in Resources */,
				1901B84718FBFBA7002DE52F /* Images.xcassets in Resources */,
				EE59724A1D08D369005EE551 /* Launch.storyboard in Resources */,
				EE03A1261A82BE15005BE0DB /* Main.storyboard in Resources */,
				1901B83618FBFBA7002DE52F /* InfoPlist.strings in Resources */,
			);
			runOnlyForDeploymentPostprocessing = 0;
		};
		1901B84A18FBFBA8002DE52F /* Resources */ = {
			isa = PBXResourcesBuildPhase;
			buildActionMask = 2147483647;
			files = (
				1901B85818FBFBA8002DE52F /* InfoPlist.strings in Resources */,
			);
			runOnlyForDeploymentPostprocessing = 0;
		};
/* End PBXResourcesBuildPhase section */

/* Begin PBXSourcesBuildPhase section */
		1901B82418FBFBA7002DE52F /* Sources */ = {
			isa = PBXSourcesBuildPhase;
			buildActionMask = 2147483647;
			files = (
				EE8904692289F3D500E1E0D5 /* MobileGLDisplay.swift in Sources */,
				EE890482228F489400E1E0D5 /* SampleBuffer.swift in Sources */,
				EE5972511D12EA44005EE551 /* LoggingUtilities.m in Sources */,
				19CEAC53191BADDA00AEA0AA /* SettingsStore.m in Sources */,
				EE89049022988E4800E1E0D5 /* ColumnRenderer.swift in Sources */,
				194EA9F9191B9D4600FC152F /* ColorMap.m in Sources */,
				EE89048A2298741700E1E0D5 /* GLRenderer.swift in Sources */,
				19F66909190AA78B00D2DE77 /* ColorMapSet.m in Sources */,
				19CEAC5A19212F7900AEA0AA /* RenderTexture.m in Sources */,
				EEF7FE9A19251F85003241DF /* ShadedMesh.m in Sources */,
				19F66916190AA78B00D2DE77 /* TimeSequence.m in Sources */,
				EE4D48E62287507B00B99036 /* AppDelegate.swift in Sources */,
				EE8904652288AD9D00E1E0D5 /* SettingsModelClient.swift in Sources */,
				EE624A6F1A721DD600F4A232 /* NSArray+Functional.m in Sources */,
				EE4D48E82287527900B99036 /* SpectrumViewController.swift in Sources */,
				19F66910190AA78B00D2DE77 /* RendererUtils.m in Sources */,
				194EA9F3191B878400FC152F /* DisplaySettings.m in Sources */,
				EE8904672288AE2300E1E0D5 /* SettingsWrapper.swift in Sources */,
				19CEAC69192275CD00AEA0AA /* RadialScrollingRenderer.m in Sources */,
				19F66912190AA78B00D2DE77 /* LinearScrollingRenderer.m in Sources */,
				EE890479228BF6F000E1E0D5 /* FastFourierTransform.swift in Sources */,
				EE890477228BF66900E1E0D5 /* SpectrumGenerator.swift in Sources */,
				EE8904642288A4AB00E1E0D5 /* SettingsViewController.swift in Sources */,
				EE89047E228DE56E00E1E0D5 /* AudioSource.swift in Sources */,
			);
			runOnlyForDeploymentPostprocessing = 0;
		};
		1901B84818FBFBA8002DE52F /* Sources */ = {
			isa = PBXSourcesBuildPhase;
			buildActionMask = 2147483647;
			files = (
				EE89046C228A05B000E1E0D5 /* SpectrogeddonTests.swift in Sources */,
			);
			runOnlyForDeploymentPostprocessing = 0;
		};
/* End PBXSourcesBuildPhase section */

/* Begin PBXTargetDependency section */
		1901B85218FBFBA8002DE52F /* PBXTargetDependency */ = {
			isa = PBXTargetDependency;
			target = 1901B82718FBFBA7002DE52F /* Spectrogeddon */;
			targetProxy = 1901B85118FBFBA8002DE52F /* PBXContainerItemProxy */;
		};
/* End PBXTargetDependency section */

/* Begin PBXVariantGroup section */
		1901B83418FBFBA7002DE52F /* InfoPlist.strings */ = {
			isa = PBXVariantGroup;
			children = (
				1901B83518FBFBA7002DE52F /* en */,
			);
			name = InfoPlist.strings;
			sourceTree = "<group>";
		};
		1901B85618FBFBA8002DE52F /* InfoPlist.strings */ = {
			isa = PBXVariantGroup;
			children = (
				1901B85718FBFBA8002DE52F /* en */,
			);
			name = InfoPlist.strings;
			sourceTree = "<group>";
		};
		EE03A1241A82BE15005BE0DB /* Main.storyboard */ = {
			isa = PBXVariantGroup;
			children = (
				EE03A1251A82BE15005BE0DB /* Base */,
			);
			name = Main.storyboard;
			sourceTree = "<group>";
		};
		EE5972481D08D369005EE551 /* Launch.storyboard */ = {
			isa = PBXVariantGroup;
			children = (
				EE5972491D08D369005EE551 /* Base */,
			);
			name = Launch.storyboard;
			sourceTree = "<group>";
		};
/* End PBXVariantGroup section */

/* Begin XCBuildConfiguration section */
		1901B85B18FBFBA8002DE52F /* Debug */ = {
			isa = XCBuildConfiguration;
			buildSettings = {
				ALWAYS_SEARCH_USER_PATHS = NO;
				CLANG_CXX_LANGUAGE_STANDARD = "gnu++0x";
				CLANG_CXX_LIBRARY = "libc++";
				CLANG_ENABLE_MODULES = YES;
				CLANG_ENABLE_OBJC_ARC = YES;
				CLANG_WARN_BLOCK_CAPTURE_AUTORELEASING = YES;
				CLANG_WARN_BOOL_CONVERSION = YES;
				CLANG_WARN_COMMA = YES;
				CLANG_WARN_CONSTANT_CONVERSION = YES;
				CLANG_WARN_DEPRECATED_OBJC_IMPLEMENTATIONS = YES;
				CLANG_WARN_DIRECT_OBJC_ISA_USAGE = YES_ERROR;
				CLANG_WARN_EMPTY_BODY = YES;
				CLANG_WARN_ENUM_CONVERSION = YES;
				CLANG_WARN_INFINITE_RECURSION = YES;
				CLANG_WARN_INT_CONVERSION = YES;
				CLANG_WARN_NON_LITERAL_NULL_CONVERSION = YES;
				CLANG_WARN_OBJC_IMPLICIT_RETAIN_SELF = YES;
				CLANG_WARN_OBJC_LITERAL_CONVERSION = YES;
				CLANG_WARN_OBJC_ROOT_CLASS = YES_ERROR;
				CLANG_WARN_RANGE_LOOP_ANALYSIS = YES;
				CLANG_WARN_STRICT_PROTOTYPES = YES;
				CLANG_WARN_SUSPICIOUS_MOVE = YES;
				CLANG_WARN_UNREACHABLE_CODE = YES;
				CLANG_WARN__DUPLICATE_METHOD_MATCH = YES;
				"CODE_SIGN_IDENTITY[sdk=iphoneos*]" = "iPhone Developer";
				COPY_PHASE_STRIP = NO;
				ENABLE_STRICT_OBJC_MSGSEND = YES;
				ENABLE_TESTABILITY = YES;
				GCC_C_LANGUAGE_STANDARD = gnu99;
				GCC_DYNAMIC_NO_PIC = NO;
				GCC_NO_COMMON_BLOCKS = YES;
				GCC_OPTIMIZATION_LEVEL = 0;
				GCC_PREPROCESSOR_DEFINITIONS = (
					"DEBUG=1",
					"$(inherited)",
				);
				GCC_SYMBOLS_PRIVATE_EXTERN = NO;
				GCC_WARN_64_TO_32_BIT_CONVERSION = YES;
				GCC_WARN_ABOUT_RETURN_TYPE = YES_ERROR;
				GCC_WARN_UNDECLARED_SELECTOR = YES;
				GCC_WARN_UNINITIALIZED_AUTOS = YES_AGGRESSIVE;
				GCC_WARN_UNUSED_FUNCTION = YES;
				GCC_WARN_UNUSED_VARIABLE = YES;
				IPHONEOS_DEPLOYMENT_TARGET = 11.0;
				ONLY_ACTIVE_ARCH = YES;
				SDKROOT = iphoneos;
				TARGETED_DEVICE_FAMILY = "1,2";
			};
			name = Debug;
		};
		1901B85C18FBFBA8002DE52F /* Release */ = {
			isa = XCBuildConfiguration;
			buildSettings = {
				ALWAYS_SEARCH_USER_PATHS = NO;
				CLANG_CXX_LANGUAGE_STANDARD = "gnu++0x";
				CLANG_CXX_LIBRARY = "libc++";
				CLANG_ENABLE_MODULES = YES;
				CLANG_ENABLE_OBJC_ARC = YES;
				CLANG_WARN_BLOCK_CAPTURE_AUTORELEASING = YES;
				CLANG_WARN_BOOL_CONVERSION = YES;
				CLANG_WARN_COMMA = YES;
				CLANG_WARN_CONSTANT_CONVERSION = YES;
				CLANG_WARN_DEPRECATED_OBJC_IMPLEMENTATIONS = YES;
				CLANG_WARN_DIRECT_OBJC_ISA_USAGE = YES_ERROR;
				CLANG_WARN_EMPTY_BODY = YES;
				CLANG_WARN_ENUM_CONVERSION = YES;
				CLANG_WARN_INFINITE_RECURSION = YES;
				CLANG_WARN_INT_CONVERSION = YES;
				CLANG_WARN_NON_LITERAL_NULL_CONVERSION = YES;
				CLANG_WARN_OBJC_IMPLICIT_RETAIN_SELF = YES;
				CLANG_WARN_OBJC_LITERAL_CONVERSION = YES;
				CLANG_WARN_OBJC_ROOT_CLASS = YES_ERROR;
				CLANG_WARN_RANGE_LOOP_ANALYSIS = YES;
				CLANG_WARN_STRICT_PROTOTYPES = YES;
				CLANG_WARN_SUSPICIOUS_MOVE = YES;
				CLANG_WARN_UNREACHABLE_CODE = YES;
				CLANG_WARN__DUPLICATE_METHOD_MATCH = YES;
				"CODE_SIGN_IDENTITY[sdk=iphoneos*]" = "iPhone Developer";
				COPY_PHASE_STRIP = YES;
				ENABLE_NS_ASSERTIONS = NO;
				ENABLE_STRICT_OBJC_MSGSEND = YES;
				GCC_C_LANGUAGE_STANDARD = gnu99;
				GCC_NO_COMMON_BLOCKS = YES;
				GCC_WARN_64_TO_32_BIT_CONVERSION = YES;
				GCC_WARN_ABOUT_RETURN_TYPE = YES_ERROR;
				GCC_WARN_UNDECLARED_SELECTOR = YES;
				GCC_WARN_UNINITIALIZED_AUTOS = YES_AGGRESSIVE;
				GCC_WARN_UNUSED_FUNCTION = YES;
				GCC_WARN_UNUSED_VARIABLE = YES;
				IPHONEOS_DEPLOYMENT_TARGET = 11.0;
				SDKROOT = iphoneos;
				SWIFT_COMPILATION_MODE = wholemodule;
				TARGETED_DEVICE_FAMILY = "1,2";
				VALIDATE_PRODUCT = YES;
			};
			name = Release;
		};
		1901B85E18FBFBA8002DE52F /* Debug */ = {
			isa = XCBuildConfiguration;
			buildSettings = {
				ASSETCATALOG_COMPILER_APPICON_NAME = AppIcon;
				CLANG_ENABLE_MODULES = YES;
				CODE_SIGN_IDENTITY = "iPhone Developer";
				"CODE_SIGN_IDENTITY[sdk=iphoneos*]" = "iPhone Developer";
				DEVELOPMENT_TEAM = VBS9CNK6L3;
				INFOPLIST_FILE = "Spectrogeddon/Spectrogeddon-Info.plist";
				IPHONEOS_DEPLOYMENT_TARGET = 11.0;
				LD_RUNPATH_SEARCH_PATHS = "$(inherited) @executable_path/Frameworks";
				PRODUCT_BUNDLE_IDENTIFIER = "com.random.${PRODUCT_NAME:rfc1034identifier}";
				PRODUCT_NAME = "$(TARGET_NAME)";
				PROVISIONING_PROFILE = "";
				SWIFT_OBJC_BRIDGING_HEADER = "Spectrogeddon/Spectrogeddon-Bridging-Header.h";
				SWIFT_OPTIMIZATION_LEVEL = "-Onone";
				SWIFT_VERSION = 5.0;
				WRAPPER_EXTENSION = app;
			};
			name = Debug;
		};
		1901B85F18FBFBA8002DE52F /* Release */ = {
			isa = XCBuildConfiguration;
			buildSettings = {
				ASSETCATALOG_COMPILER_APPICON_NAME = AppIcon;
				CLANG_ENABLE_MODULES = YES;
				CODE_SIGN_IDENTITY = "iPhone Developer";
				"CODE_SIGN_IDENTITY[sdk=iphoneos*]" = "iPhone Developer";
				DEVELOPMENT_TEAM = VBS9CNK6L3;
				GCC_PREPROCESSOR_DEFINITIONS = NDEBUG;
				INFOPLIST_FILE = "Spectrogeddon/Spectrogeddon-Info.plist";
				IPHONEOS_DEPLOYMENT_TARGET = 11.0;
				LD_RUNPATH_SEARCH_PATHS = "$(inherited) @executable_path/Frameworks";
				PRODUCT_BUNDLE_IDENTIFIER = "com.random.${PRODUCT_NAME:rfc1034identifier}";
				PRODUCT_NAME = "$(TARGET_NAME)";
				PROVISIONING_PROFILE = "";
				SWIFT_OBJC_BRIDGING_HEADER = "Spectrogeddon/Spectrogeddon-Bridging-Header.h";
				SWIFT_VERSION = 5.0;
				WRAPPER_EXTENSION = app;
			};
			name = Release;
		};
		1901B86118FBFBA8002DE52F /* Debug */ = {
			isa = XCBuildConfiguration;
			buildSettings = {
				ALWAYS_EMBED_SWIFT_STANDARD_LIBRARIES = YES;
				BUNDLE_LOADER = "$(BUILT_PRODUCTS_DIR)/Spectrogeddon.app/Spectrogeddon";
				CLANG_ENABLE_MODULES = YES;
				FRAMEWORK_SEARCH_PATHS = (
					"$(inherited)",
					"$(DEVELOPER_FRAMEWORKS_DIR)",
				);
				INFOPLIST_FILE = "SpectrogeddonTests/SpectrogeddonTests-Info.plist";
				LD_RUNPATH_SEARCH_PATHS = "$(inherited) @executable_path/Frameworks @loader_path/Frameworks";
				PRODUCT_BUNDLE_IDENTIFIER = "com.random.${PRODUCT_NAME:rfc1034identifier}";
				PRODUCT_NAME = "$(TARGET_NAME)";
				SWIFT_OBJC_BRIDGING_HEADER = "SpectrogeddonTests/SpectrogeddonTests-Bridging-Header.h";
				SWIFT_OPTIMIZATION_LEVEL = "-Onone";
				SWIFT_VERSION = 5.0;
				TEST_HOST = "$(BUNDLE_LOADER)";
				WRAPPER_EXTENSION = xctest;
			};
			name = Debug;
		};
		1901B86218FBFBA8002DE52F /* Release */ = {
			isa = XCBuildConfiguration;
			buildSettings = {
				ALWAYS_EMBED_SWIFT_STANDARD_LIBRARIES = YES;
				BUNDLE_LOADER = "$(BUILT_PRODUCTS_DIR)/Spectrogeddon.app/Spectrogeddon";
				CLANG_ENABLE_MODULES = YES;
				FRAMEWORK_SEARCH_PATHS = (
					"$(inherited)",
					"$(DEVELOPER_FRAMEWORKS_DIR)",
				);
				INFOPLIST_FILE = "SpectrogeddonTests/SpectrogeddonTests-Info.plist";
				LD_RUNPATH_SEARCH_PATHS = "$(inherited) @executable_path/Frameworks @loader_path/Frameworks";
				PRODUCT_BUNDLE_IDENTIFIER = "com.random.${PRODUCT_NAME:rfc1034identifier}";
				PRODUCT_NAME = "$(TARGET_NAME)";
				SWIFT_OBJC_BRIDGING_HEADER = "SpectrogeddonTests/SpectrogeddonTests-Bridging-Header.h";
				SWIFT_VERSION = 5.0;
				TEST_HOST = "$(BUNDLE_LOADER)";
				WRAPPER_EXTENSION = xctest;
			};
			name = Release;
		};
/* End XCBuildConfiguration section */

/* Begin XCConfigurationList section */
		1901B82318FBFBA7002DE52F /* Build configuration list for PBXProject "Spectrogeddon" */ = {
			isa = XCConfigurationList;
			buildConfigurations = (
				1901B85B18FBFBA8002DE52F /* Debug */,
				1901B85C18FBFBA8002DE52F /* Release */,
			);
			defaultConfigurationIsVisible = 0;
			defaultConfigurationName = Release;
		};
		1901B85D18FBFBA8002DE52F /* Build configuration list for PBXNativeTarget "Spectrogeddon" */ = {
			isa = XCConfigurationList;
			buildConfigurations = (
				1901B85E18FBFBA8002DE52F /* Debug */,
				1901B85F18FBFBA8002DE52F /* Release */,
			);
			defaultConfigurationIsVisible = 0;
			defaultConfigurationName = Release;
		};
		1901B86018FBFBA8002DE52F /* Build configuration list for PBXNativeTarget "SpectrogeddonTests" */ = {
			isa = XCConfigurationList;
			buildConfigurations = (
				1901B86118FBFBA8002DE52F /* Debug */,
				1901B86218FBFBA8002DE52F /* Release */,
			);
			defaultConfigurationIsVisible = 0;
			defaultConfigurationName = Release;
		};
/* End XCConfigurationList section */
	};
	rootObject = 1901B82018FBFBA7002DE52F /* Project object */;
}
